// !$*UTF8*$!
{
	archiveVersion = 1;
	classes = {
	};
	objectVersion = 46;
	objects = {

/* Begin PBXBuildFile section */
		57D214D940766FA896E4A666 /* config.cc in Sources */ = {isa = PBXBuildFile; fileRef = 85C60DD6CEA31CFB10DADBA1 /* config.cc */; };
/* End PBXBuildFile section */

/* Begin PBXFileReference section */
		23EAFC62C1B18C06C1E8229D /* common.gypi */ = {isa = PBXFileReference; explicitFileType = sourcecode; name = common.gypi; path = ../build/common.gypi; sourceTree = "<group>"; };
		2CF4D53E82F0A66731145D52 /* set_clang_warning_flags.gypi */ = {isa = PBXFileReference; explicitFileType = sourcecode; name = set_clang_warning_flags.gypi; path = ../build/set_clang_warning_flags.gypi; sourceTree = "<group>"; };
		4D26F2AACB27ED88AFC0D25F /* release_impl_official.gypi */ = {isa = PBXFileReference; explicitFileType = sourcecode; name = release_impl_official.gypi; path = ../build/internal/release_impl_official.gypi; sourceTree = "<group>"; };
		61B41B2B55C90A20386CEE53 /* common.gypi */ = {isa = PBXFileReference; explicitFileType = sourcecode; name = common.gypi; path = build/common.gypi; sourceTree = "<group>"; };
		700B3677089DB266B96075C6 /* config.h */ = {isa = PBXFileReference; lastKnownFileType = sourcecode.c.h; path = config.h; sourceTree = "<group>"; };
		7A0F98572CB6256671DB80BB /* supplement.gypi */ = {isa = PBXFileReference; explicitFileType = sourcecode; path = supplement.gypi; sourceTree = "<group>"; };
		85C60DD6CEA31CFB10DADBA1 /* config.cc */ = {isa = PBXFileReference; lastKnownFileType = sourcecode.cpp.cpp; path = config.cc; sourceTree = "<group>"; };
		AD945A1D51F453F67A8A3E43 /* filename_rules.gypi */ = {isa = PBXFileReference; explicitFileType = sourcecode; name = filename_rules.gypi; path = ../build/filename_rules.gypi; sourceTree = "<group>"; };
		C36243856E8A15EDD592C5ED /* release_impl.gypi */ = {isa = PBXFileReference; explicitFileType = sourcecode; name = release_impl.gypi; path = ../build/internal/release_impl.gypi; sourceTree = "<group>"; };
		C726A4E8DB743B9AA5D8D773 /* common.gyp */ = {isa = PBXFileReference; explicitFileType = sourcecode; path = common.gyp; sourceTree = "<group>"; };
		DC18AB2051F25ABF9DC28489 /* release.gypi */ = {isa = PBXFileReference; explicitFileType = sourcecode; name = release.gypi; path = ../build/release.gypi; sourceTree = "<group>"; };
		E22D6BAFDDE32461C51CA155 /* libwebrtc_common.a */ = {isa = PBXFileReference; explicitFileType = archive.ar; includeInIndex = 0; path = libwebrtc_common.a; sourceTree = BUILT_PRODUCTS_DIR; };
		E652DA3E0094B38ABE18AEB2 /* release_defaults.gypi */ = {isa = PBXFileReference; explicitFileType = sourcecode; name = release_defaults.gypi; path = ../build/internal/release_defaults.gypi; sourceTree = "<group>"; };
/* End PBXFileReference section */

/* Begin PBXFrameworksBuildPhase section */
		7D690F970335A19FF6997520 /* Frameworks */ = {
			isa = PBXFrameworksBuildPhase;
			buildActionMask = 2147483647;
			files = (
			);
			runOnlyForDeploymentPostprocessing = 0;
		};
/* End PBXFrameworksBuildPhase section */

/* Begin PBXGroup section */
		66955A49E090E3B4C5110C46 /* Source */ = {
			isa = PBXGroup;
			children = (
				85C60DD6CEA31CFB10DADBA1 /* config.cc */,
				700B3677089DB266B96075C6 /* config.h */,
			);
			name = Source;
			sourceTree = "<group>";
		};
		86AD09D6B96A39F3FEB14D1E /* Build */ = {
			isa = PBXGroup;
			children = (
				C726A4E8DB743B9AA5D8D773 /* common.gyp */,
				23EAFC62C1B18C06C1E8229D /* common.gypi */,
				61B41B2B55C90A20386CEE53 /* common.gypi */,
				AD945A1D51F453F67A8A3E43 /* filename_rules.gypi */,
				DC18AB2051F25ABF9DC28489 /* release.gypi */,
				E652DA3E0094B38ABE18AEB2 /* release_defaults.gypi */,
				C36243856E8A15EDD592C5ED /* release_impl.gypi */,
				4D26F2AACB27ED88AFC0D25F /* release_impl_official.gypi */,
				2CF4D53E82F0A66731145D52 /* set_clang_warning_flags.gypi */,
				7A0F98572CB6256671DB80BB /* supplement.gypi */,
			);
			name = Build;
			sourceTree = "<group>";
		};
		B3648620E2915ECA12E00971 /* Products */ = {
			isa = PBXGroup;
			children = (
				E22D6BAFDDE32461C51CA155 /* libwebrtc_common.a */,
			);
			name = Products;
			sourceTree = "<group>";
		};
		F08C4CB404CF815DDB576F32 = {
			isa = PBXGroup;
			children = (
				66955A49E090E3B4C5110C46 /* Source */,
				B3648620E2915ECA12E00971 /* Products */,
				86AD09D6B96A39F3FEB14D1E /* Build */,
			);
			sourceTree = "<group>";
		};
/* End PBXGroup section */

/* Begin PBXNativeTarget section */
		EA6D366D9A92CC248E216A17 /* webrtc_common */ = {
			isa = PBXNativeTarget;
			buildConfigurationList = 1DF6F496EAC573CF85875739 /* Build configuration list for PBXNativeTarget "webrtc_common" */;
			buildPhases = (
				7620082F213F01E271D4859F /* Sources */,
				7D690F970335A19FF6997520 /* Frameworks */,
			);
			buildRules = (
			);
			dependencies = (
			);
			name = webrtc_common;
			productName = webrtc_common;
			productReference = E22D6BAFDDE32461C51CA155 /* libwebrtc_common.a */;
			productType = "com.apple.product-type.library.static";
		};
/* End PBXNativeTarget section */

/* Begin PBXProject section */
		DEDD89A18FDCB20EA203F07C /* Project object */ = {
			isa = PBXProject;
			attributes = {
				BuildIndependentTargetsInParallel = YES;
			};
			buildConfigurationList = DE5587EA92DEB6696AFEBAB3 /* Build configuration list for PBXProject "common_osx" */;
			compatibilityVersion = "Xcode 3.2";
			developmentRegion = English;
			hasScannedForEncodings = 1;
			knownRegions = (
				en,
			);
			mainGroup = F08C4CB404CF815DDB576F32;
			projectDirPath = "";
			projectRoot = "";
			targets = (
				EA6D366D9A92CC248E216A17 /* webrtc_common */,
			);
		};
/* End PBXProject section */

/* Begin PBXSourcesBuildPhase section */
		7620082F213F01E271D4859F /* Sources */ = {
			isa = PBXSourcesBuildPhase;
			buildActionMask = 2147483647;
			files = (
				57D214D940766FA896E4A666 /* config.cc in Sources */,
			);
			runOnlyForDeploymentPostprocessing = 0;
		};
/* End PBXSourcesBuildPhase section */

/* Begin XCBuildConfiguration section */
		2382E26E4D41A635FE098A80 /* Debug */ = {
			isa = XCBuildConfiguration;
			buildSettings = {
				ALWAYS_SEARCH_USER_PATHS = NO;
				CLANG_CXX_LANGUAGE_STANDARD = "c++11";
				CLANG_LINK_OBJC_RUNTIME = NO;
				CLANG_WARN_OBJC_MISSING_PROPERTY_SYNTHESIS = YES;
				COPY_PHASE_STRIP = NO;
				EXECUTABLE_PREFIX = lib;
				GCC_CW_ASM_SYNTAX = NO;
				GCC_C_LANGUAGE_STANDARD = c99;
				GCC_DYNAMIC_NO_PIC = NO;
				GCC_ENABLE_CPP_EXCEPTIONS = NO;
				GCC_ENABLE_CPP_RTTI = NO;
				GCC_ENABLE_PASCAL_STRINGS = NO;
				GCC_INLINES_ARE_PRIVATE_EXTERN = YES;
				GCC_OBJC_CALL_CXX_CDTORS = YES;
				GCC_OPTIMIZATION_LEVEL = 0;
				GCC_PRECOMPILE_PREFIX_HEADER = YES;
				GCC_PREPROCESSOR_DEFINITIONS = (
					V8_DEPRECATION_WARNINGS,
					"__ASSERT_MACROS_DEFINE_VERSIONS_WITHOUT_UNDERSCORE=0",
					CHROMIUM_BUILD,
					"USE_LIBJPEG_TURBO=1",
					ENABLE_ONE_CLICK_SIGNIN,
					ENABLE_PRE_SYNC_BACKUP,
					"ENABLE_REMOTING=1",
					"ENABLE_WEBRTC=1",
					ENABLE_PEPPER_CDMS,
					ENABLE_CONFIGURATION_POLICY,
					ENABLE_NOTIFICATIONS,
					"ENABLE_HIDPI=1",
					DISCARDABLE_MEMORY_ALWAYS_SUPPORTED_NATIVELY,
					SYSTEM_NATIVELY_SIGNALS_MEMORY_PRESSURE,
					DONT_EMBED_BUILD_METADATA,
					"ENABLE_TASK_MANAGER=1",
					"ENABLE_EXTENSIONS=1",
					"ENABLE_PLUGIN_INSTALLATION=1",
					"ENABLE_PLUGINS=1",
					"ENABLE_SESSION_SERVICE=1",
					"ENABLE_THEMES=1",
					"ENABLE_AUTOFILL_DIALOG=1",
					"ENABLE_BACKGROUND=1",
					"ENABLE_GOOGLE_NOW=1",
					"CLD_VERSION=2",
					"ENABLE_PRINTING=1",
					"ENABLE_BASIC_PRINTING=1",
					"ENABLE_PRINT_PREVIEW=1",
					"ENABLE_SPELLCHECK=1",
					"ENABLE_CAPTIVE_PORTAL_DETECTION=1",
					"ENABLE_APP_LIST=1",
					"ENABLE_SETTINGS_APP=1",
					"ENABLE_SUPERVISED_USERS=1",
					"ENABLE_SERVICE_DISCOVERY=1",
					"ENABLE_WIFI_BOOTSTRAPPING=1",
					V8_USE_EXTERNAL_STARTUP_DATA,
					WEBRTC_RESTRICT_LOGGING,
					EXPAT_RELATIVE_PATH,
					WEBRTC_MODULE_UTILITY_VIDEO,
					WEBRTC_POSIX,
					WEBRTC_MAC,
					"USE_LIBPCI=1",
					"USE_OPENSSL=1",
					__STDC_CONSTANT_MACROS,
					__STDC_FORMAT_MACROS,
					"DYNAMIC_ANNOTATIONS_ENABLED=1",
					"WTF_USE_DYNAMIC_ANNOTATIONS=1",
					_DEBUG,
				);
				GCC_SYMBOLS_PRIVATE_EXTERN = YES;
				GCC_THREADSAFE_STATICS = NO;
				GCC_TREAT_WARNINGS_AS_ERRORS = YES;
				GCC_VERSION = com.apple.compilers.llvm.clang.1_0;
				GCC_WARN_ABOUT_MISSING_NEWLINE = YES;
				HEADER_SEARCH_PATHS = (
					"$(SHARED_INTERMEDIATE_DIR)",
					..,
				);
				MACOSX_DEPLOYMENT_TARGET = 10.6;
				OTHER_CFLAGS = (
					"-fno-strict-aliasing",
					"-fstack-protector-all",
					"-Wno-bool-conversion",
					"-Wno-tautological-compare",
				);
				PRODUCT_NAME = webrtc_common;
				SHARED_PRECOMPS_DIR = "$(CONFIGURATION_BUILD_DIR)/SharedPrecompiledHeaders";
				USE_HEADERMAP = NO;
				WARNING_CFLAGS = (
					"-Wall",
					"-Wendif-labels",
					"-Wextra",
					"-Wno-unused-parameter",
					"-Wno-missing-field-initializers",
					"-Wno-selector-type-mismatch",
					"-Wheader-hygiene",
					"-Wno-char-subscripts",
					"-Wno-unneeded-internal-declaration",
					"-Wno-covered-switch-default",
					"-Wstring-conversion",
					"-Wno-c++11-narrowing",
					"-Wno-deprecated-register",
				);
			};
			name = Debug;
		};
		2DDB085972A0BBC2CB817E9B /* Debug */ = {
			isa = XCBuildConfiguration;
			buildSettings = {
				ARCHS = x86_64;
				INTERMEDIATE_DIR = "$(PROJECT_DERIVED_FILE_DIR)/$(CONFIGURATION)";
				SDKROOT = macosx10.9;
				SHARED_INTERMEDIATE_DIR = "$(SYMROOT)/DerivedSources/$(CONFIGURATION)";
				SYMROOT = ../xcodebuild;
			};
			name = Debug;
		};
		8A2C86698892CB48D06E133F /* Release */ = {
			isa = XCBuildConfiguration;
			buildSettings = {
				ARCHS = x86_64;
				INTERMEDIATE_DIR = "$(PROJECT_DERIVED_FILE_DIR)/$(CONFIGURATION)";
				SDKROOT = macosx10.9;
				SHARED_INTERMEDIATE_DIR = "$(SYMROOT)/DerivedSources/$(CONFIGURATION)";
				SYMROOT = ../xcodebuild;
			};
			name = Release;
		};
		D528F697627C0C5762A16916 /* Release */ = {
			isa = XCBuildConfiguration;
			buildSettings = {
				ALWAYS_SEARCH_USER_PATHS = NO;
				CLANG_CXX_LANGUAGE_STANDARD = "c++11";
				CLANG_LINK_OBJC_RUNTIME = NO;
				CLANG_WARN_OBJC_MISSING_PROPERTY_SYNTHESIS = YES;
				COPY_PHASE_STRIP = NO;
				DEAD_CODE_STRIPPING = YES;
				EXECUTABLE_PREFIX = lib;
				GCC_CW_ASM_SYNTAX = NO;
				GCC_C_LANGUAGE_STANDARD = c99;
				GCC_DYNAMIC_NO_PIC = NO;
				GCC_ENABLE_CPP_EXCEPTIONS = NO;
				GCC_ENABLE_CPP_RTTI = NO;
				GCC_ENABLE_PASCAL_STRINGS = NO;
				GCC_INLINES_ARE_PRIVATE_EXTERN = YES;
				GCC_OBJC_CALL_CXX_CDTORS = YES;
				GCC_OPTIMIZATION_LEVEL = 2;
				GCC_PRECOMPILE_PREFIX_HEADER = YES;
				GCC_PREPROCESSOR_DEFINITIONS = (
					V8_DEPRECATION_WARNINGS,
					"__ASSERT_MACROS_DEFINE_VERSIONS_WITHOUT_UNDERSCORE=0",
					CHROMIUM_BUILD,
					"USE_LIBJPEG_TURBO=1",
					ENABLE_ONE_CLICK_SIGNIN,
					ENABLE_PRE_SYNC_BACKUP,
					"ENABLE_REMOTING=1",
					"ENABLE_WEBRTC=1",
					ENABLE_PEPPER_CDMS,
					ENABLE_CONFIGURATION_POLICY,
					ENABLE_NOTIFICATIONS,
					"ENABLE_HIDPI=1",
					DISCARDABLE_MEMORY_ALWAYS_SUPPORTED_NATIVELY,
					SYSTEM_NATIVELY_SIGNALS_MEMORY_PRESSURE,
					DONT_EMBED_BUILD_METADATA,
					"ENABLE_TASK_MANAGER=1",
					"ENABLE_EXTENSIONS=1",
					"ENABLE_PLUGIN_INSTALLATION=1",
					"ENABLE_PLUGINS=1",
					"ENABLE_SESSION_SERVICE=1",
					"ENABLE_THEMES=1",
					"ENABLE_AUTOFILL_DIALOG=1",
					"ENABLE_BACKGROUND=1",
					"ENABLE_GOOGLE_NOW=1",
					"CLD_VERSION=2",
					"ENABLE_PRINTING=1",
					"ENABLE_BASIC_PRINTING=1",
					"ENABLE_PRINT_PREVIEW=1",
					"ENABLE_SPELLCHECK=1",
					"ENABLE_CAPTIVE_PORTAL_DETECTION=1",
					"ENABLE_APP_LIST=1",
					"ENABLE_SETTINGS_APP=1",
					"ENABLE_SUPERVISED_USERS=1",
					"ENABLE_SERVICE_DISCOVERY=1",
					"ENABLE_WIFI_BOOTSTRAPPING=1",
					V8_USE_EXTERNAL_STARTUP_DATA,
					WEBRTC_RESTRICT_LOGGING,
					EXPAT_RELATIVE_PATH,
					WEBRTC_MODULE_UTILITY_VIDEO,
					WEBRTC_POSIX,
					WEBRTC_MAC,
					"USE_LIBPCI=1",
					"USE_OPENSSL=1",
					__STDC_CONSTANT_MACROS,
					__STDC_FORMAT_MACROS,
					NDEBUG,
					NVALGRIND,
					"DYNAMIC_ANNOTATIONS_ENABLED=0",
					"_FORTIFY_SOURCE=2",
				);
				GCC_SYMBOLS_PRIVATE_EXTERN = YES;
				GCC_THREADSAFE_STATICS = NO;
				GCC_TREAT_WARNINGS_AS_ERRORS = YES;
				GCC_VERSION = com.apple.compilers.llvm.clang.1_0;
				GCC_WARN_ABOUT_MISSING_NEWLINE = YES;
				HEADER_SEARCH_PATHS = (
					"$(SHARED_INTERMEDIATE_DIR)",
					..,
				);
				MACOSX_DEPLOYMENT_TARGET = 10.6;
				OTHER_CFLAGS = "-fno-strict-aliasing";
				PRODUCT_NAME = webrtc_common;
				SHARED_PRECOMPS_DIR = "$(CONFIGURATION_BUILD_DIR)/SharedPrecompiledHeaders";
				USE_HEADERMAP = NO;
				WARNING_CFLAGS = (
					"-Wall",
					"-Wendif-labels",
					"-Wextra",
					"-Wno-unused-parameter",
					"-Wno-missing-field-initializers",
					"-Wno-selector-type-mismatch",
					"-Wheader-hygiene",
					"-Wno-char-subscripts",
					"-Wno-unneeded-internal-declaration",
					"-Wno-covered-switch-default",
					"-Wstring-conversion",
					"-Wno-c++11-narrowing",
					"-Wno-deprecated-register",
				);
			};
			name = Release;
		};
/* End XCBuildConfiguration section */

/* Begin XCConfigurationList section */
		1DF6F496EAC573CF85875739 /* Build configuration list for PBXNativeTarget "webrtc_common" */ = {
			isa = XCConfigurationList;
			buildConfigurations = (
				2382E26E4D41A635FE098A80 /* Debug */,
				D528F697627C0C5762A16916 /* Release */,
			);
			defaultConfigurationIsVisible = 1;
			defaultConfigurationName = Debug;
		};
		DE5587EA92DEB6696AFEBAB3 /* Build configuration list for PBXProject "common_osx" */ = {
			isa = XCConfigurationList;
			buildConfigurations = (
				2DDB085972A0BBC2CB817E9B /* Debug */,
				8A2C86698892CB48D06E133F /* Release */,
			);
			defaultConfigurationIsVisible = 1;
			defaultConfigurationName = Debug;
		};
/* End XCConfigurationList section */
	};
	rootObject = DEDD89A18FDCB20EA203F07C /* Project object */;
}
