// !$*UTF8*$!
{
	archiveVersion = 1;
	classes = {
	};
	objectVersion = 46;
	objects = {

/* Begin PBXBuildFile section */
		0378B1D8EEDFB14BEBBB19D4 /* overuse_detector.cc in Sources */ = {isa = PBXBuildFile; fileRef = F83EBDF166C02010B8929E0A /* overuse_detector.cc */; };
		10EBB0158B15E86218EB50CF /* mimd_rate_control.cc in Sources */ = {isa = PBXBuildFile; fileRef = 354B41F6DA701CE5EF16478B /* mimd_rate_control.cc */; };
		533F88595240E0E66BE16CBB /* aimd_rate_control.cc in Sources */ = {isa = PBXBuildFile; fileRef = B436BEA4CB89A18CB88777CE /* aimd_rate_control.cc */; };
		9D61919F66DBD3B9610D5596 /* inter_arrival.cc in Sources */ = {isa = PBXBuildFile; fileRef = D5882850C13F6AD17DF627F1 /* inter_arrival.cc */; };
		BE724C05D06B821FBA84131D /* remote_bitrate_estimator_single_stream.cc in Sources */ = {isa = PBXBuildFile; fileRef = 8D6514843D2BD102AD9C0515 /* remote_bitrate_estimator_single_stream.cc */; };
		D67319A7B0175BE751E6D0BC /* remote_rate_control.cc in Sources */ = {isa = PBXBuildFile; fileRef = 277D83E3E8EC3CC890794EED /* remote_rate_control.cc */; };
		DF8E0E66223B75E921D8165D /* bwe_test_logging.cc in Sources */ = {isa = PBXBuildFile; fileRef = D6E6BB8CFC44D5F8AED347D8 /* bwe_test_logging.cc */; };
		EE7E0BB0E07E00AD8F3DD94B /* remote_bitrate_estimator_abs_send_time.cc in Sources */ = {isa = PBXBuildFile; fileRef = 5B7749217C53CCA15047883C /* remote_bitrate_estimator_abs_send_time.cc */; };
		F2F6DCAE4C118DE467092529 /* overuse_estimator.cc in Sources */ = {isa = PBXBuildFile; fileRef = 117759BDAF2D620A0283502A /* overuse_estimator.cc */; };
/* End PBXBuildFile section */

/* Begin PBXFileReference section */
		007389F677D23C4BFE42E40A /* remote_rate_control.h */ = {isa = PBXFileReference; lastKnownFileType = sourcecode.c.h; path = remote_rate_control.h; sourceTree = "<group>"; };
		06B7B46284CA49A484CF342A /* common.gypi */ = {isa = PBXFileReference; explicitFileType = sourcecode; name = common.gypi; path = ../../build/common.gypi; sourceTree = "<group>"; };
		070D4CAFB5A4E22E865C9964 /* release.gypi */ = {isa = PBXFileReference; explicitFileType = sourcecode; name = release.gypi; path = ../../../build/release.gypi; sourceTree = "<group>"; };
		0F4C4A553A3DB891D73D8184 /* bwe_test_logging.h */ = {isa = PBXFileReference; lastKnownFileType = sourcecode.c.h; path = bwe_test_logging.h; sourceTree = "<group>"; };
		117759BDAF2D620A0283502A /* overuse_estimator.cc */ = {isa = PBXFileReference; lastKnownFileType = sourcecode.cpp.cpp; path = overuse_estimator.cc; sourceTree = "<group>"; };
		1E4AAE36E3E17D8451B6E1E6 /* overuse_estimator.h */ = {isa = PBXFileReference; lastKnownFileType = sourcecode.c.h; path = overuse_estimator.h; sourceTree = "<group>"; };
		277D83E3E8EC3CC890794EED /* remote_rate_control.cc */ = {isa = PBXFileReference; lastKnownFileType = sourcecode.cpp.cpp; path = remote_rate_control.cc; sourceTree = "<group>"; };
		2CB3084E77BD5708F22BD59F /* mimd_rate_control.h */ = {isa = PBXFileReference; lastKnownFileType = sourcecode.c.h; path = mimd_rate_control.h; sourceTree = "<group>"; };
		2DBC903AC2FF10B98B596C54 /* release_impl.gypi */ = {isa = PBXFileReference; explicitFileType = sourcecode; name = release_impl.gypi; path = ../../../build/internal/release_impl.gypi; sourceTree = "<group>"; };
		354B41F6DA701CE5EF16478B /* mimd_rate_control.cc */ = {isa = PBXFileReference; lastKnownFileType = sourcecode.cpp.cpp; path = mimd_rate_control.cc; sourceTree = "<group>"; };
		590DE45068C85D2A3A354F8F /* common.gypi */ = {isa = PBXFileReference; explicitFileType = sourcecode; name = common.gypi; path = ../../../build/common.gypi; sourceTree = "<group>"; };
		5B7749217C53CCA15047883C /* remote_bitrate_estimator_abs_send_time.cc */ = {isa = PBXFileReference; lastKnownFileType = sourcecode.cpp.cpp; path = remote_bitrate_estimator_abs_send_time.cc; sourceTree = "<group>"; };
		5ECE8B25E74F774FD9B486E1 /* set_clang_warning_flags.gypi */ = {isa = PBXFileReference; explicitFileType = sourcecode; name = set_clang_warning_flags.gypi; path = ../../../build/set_clang_warning_flags.gypi; sourceTree = "<group>"; };
		61DD25121769ED88899CEBA5 /* librbe_components.a */ = {isa = PBXFileReference; explicitFileType = archive.ar; includeInIndex = 0; path = librbe_components.a; sourceTree = BUILT_PRODUCTS_DIR; };
		7CAC02AFC5749FB63F0EABBD /* aimd_rate_control.h */ = {isa = PBXFileReference; lastKnownFileType = sourcecode.c.h; path = aimd_rate_control.h; sourceTree = "<group>"; };
		8D6514843D2BD102AD9C0515 /* remote_bitrate_estimator_single_stream.cc */ = {isa = PBXFileReference; lastKnownFileType = sourcecode.cpp.cpp; path = remote_bitrate_estimator_single_stream.cc; sourceTree = "<group>"; };
		96B4067F93C2961BEF2DD454 /* release_impl_official.gypi */ = {isa = PBXFileReference; explicitFileType = sourcecode; name = release_impl_official.gypi; path = ../../../build/internal/release_impl_official.gypi; sourceTree = "<group>"; };
		A3771D0E78D6EE39C99E4B72 /* release_defaults.gypi */ = {isa = PBXFileReference; explicitFileType = sourcecode; name = release_defaults.gypi; path = ../../../build/internal/release_defaults.gypi; sourceTree = "<group>"; };
		AAA79554DEC4643028D54602 /* supplement.gypi */ = {isa = PBXFileReference; explicitFileType = sourcecode; name = supplement.gypi; path = ../../supplement.gypi; sourceTree = "<group>"; };
		B436BEA4CB89A18CB88777CE /* aimd_rate_control.cc */ = {isa = PBXFileReference; lastKnownFileType = sourcecode.cpp.cpp; path = aimd_rate_control.cc; sourceTree = "<group>"; };
		B64D0345667FD5F2FCB8E915 /* overuse_detector.h */ = {isa = PBXFileReference; lastKnownFileType = sourcecode.c.h; path = overuse_detector.h; sourceTree = "<group>"; };
		D2E5A2F613D2874571A99400 /* inter_arrival.h */ = {isa = PBXFileReference; lastKnownFileType = sourcecode.c.h; path = inter_arrival.h; sourceTree = "<group>"; };
		D5882850C13F6AD17DF627F1 /* inter_arrival.cc */ = {isa = PBXFileReference; lastKnownFileType = sourcecode.cpp.cpp; path = inter_arrival.cc; sourceTree = "<group>"; };
		D6E6BB8CFC44D5F8AED347D8 /* bwe_test_logging.cc */ = {isa = PBXFileReference; lastKnownFileType = sourcecode.cpp.cpp; path = bwe_test_logging.cc; sourceTree = "<group>"; };
		DABA9C5903B3AFCDB6470088 /* filename_rules.gypi */ = {isa = PBXFileReference; explicitFileType = sourcecode; name = filename_rules.gypi; path = ../../../build/filename_rules.gypi; sourceTree = "<group>"; };
		EE47E46780AB10EA7BD8A5FE /* remote_bitrate_estimator_components.gyp */ = {isa = PBXFileReference; explicitFileType = sourcecode; path = remote_bitrate_estimator_components.gyp; sourceTree = "<group>"; };
		F83EBDF166C02010B8929E0A /* overuse_detector.cc */ = {isa = PBXFileReference; lastKnownFileType = sourcecode.cpp.cpp; path = overuse_detector.cc; sourceTree = "<group>"; };
/* End PBXFileReference section */

/* Begin PBXFrameworksBuildPhase section */
		85C488FB31A7C5FD961306F8 /* Frameworks */ = {
			isa = PBXFrameworksBuildPhase;
			buildActionMask = 2147483647;
			files = (
			);
			runOnlyForDeploymentPostprocessing = 0;
		};
/* End PBXFrameworksBuildPhase section */

/* Begin PBXGroup section */
		28CC0C2CD03EA8ED96239B03 /* Build */ = {
			isa = PBXGroup;
			children = (
				590DE45068C85D2A3A354F8F /* common.gypi */,
				06B7B46284CA49A484CF342A /* common.gypi */,
				DABA9C5903B3AFCDB6470088 /* filename_rules.gypi */,
				070D4CAFB5A4E22E865C9964 /* release.gypi */,
				A3771D0E78D6EE39C99E4B72 /* release_defaults.gypi */,
				2DBC903AC2FF10B98B596C54 /* release_impl.gypi */,
				96B4067F93C2961BEF2DD454 /* release_impl_official.gypi */,
				EE47E46780AB10EA7BD8A5FE /* remote_bitrate_estimator_components.gyp */,
				5ECE8B25E74F774FD9B486E1 /* set_clang_warning_flags.gypi */,
				AAA79554DEC4643028D54602 /* supplement.gypi */,
			);
			name = Build;
			sourceTree = "<group>";
		};
		6B22BAFA506203BB0925CE30 /* Products */ = {
			isa = PBXGroup;
			children = (
				61DD25121769ED88899CEBA5 /* librbe_components.a */,
			);
			name = Products;
			sourceTree = "<group>";
		};
		7621DB8F5648F7E41729DE31 /* Source */ = {
			isa = PBXGroup;
			children = (
				9BA600FC04A907152FE7755B /* ../../../webrtc/modules/remote_bitrate_estimator/test */,
				B436BEA4CB89A18CB88777CE /* aimd_rate_control.cc */,
				7CAC02AFC5749FB63F0EABBD /* aimd_rate_control.h */,
				D5882850C13F6AD17DF627F1 /* inter_arrival.cc */,
				D2E5A2F613D2874571A99400 /* inter_arrival.h */,
				354B41F6DA701CE5EF16478B /* mimd_rate_control.cc */,
				2CB3084E77BD5708F22BD59F /* mimd_rate_control.h */,
				F83EBDF166C02010B8929E0A /* overuse_detector.cc */,
				B64D0345667FD5F2FCB8E915 /* overuse_detector.h */,
				117759BDAF2D620A0283502A /* overuse_estimator.cc */,
				1E4AAE36E3E17D8451B6E1E6 /* overuse_estimator.h */,
				5B7749217C53CCA15047883C /* remote_bitrate_estimator_abs_send_time.cc */,
				8D6514843D2BD102AD9C0515 /* remote_bitrate_estimator_single_stream.cc */,
				277D83E3E8EC3CC890794EED /* remote_rate_control.cc */,
				007389F677D23C4BFE42E40A /* remote_rate_control.h */,
			);
			name = Source;
			sourceTree = "<group>";
		};
		9BA600FC04A907152FE7755B /* ../../../webrtc/modules/remote_bitrate_estimator/test */ = {
			isa = PBXGroup;
			children = (
				D6E6BB8CFC44D5F8AED347D8 /* bwe_test_logging.cc */,
				0F4C4A553A3DB891D73D8184 /* bwe_test_logging.h */,
			);
			path = ../../../webrtc/modules/remote_bitrate_estimator/test;
			sourceTree = "<group>";
		};
		A48DC4CE92B7BABA5B9F902D = {
			isa = PBXGroup;
			children = (
				7621DB8F5648F7E41729DE31 /* Source */,
				6B22BAFA506203BB0925CE30 /* Products */,
				28CC0C2CD03EA8ED96239B03 /* Build */,
			);
			sourceTree = "<group>";
		};
/* End PBXGroup section */

/* Begin PBXNativeTarget section */
		2BA81E870F086FBC199E2414 /* rbe_components */ = {
			isa = PBXNativeTarget;
			buildConfigurationList = 4983F5DDC6CA91B9C280C097 /* Build configuration list for PBXNativeTarget "rbe_components" */;
			buildPhases = (
				935714BDFD7D2E5FAC1717D2 /* Sources */,
				85C488FB31A7C5FD961306F8 /* Frameworks */,
			);
			buildRules = (
			);
			dependencies = (
			);
			name = rbe_components;
			productName = rbe_components;
			productReference = 61DD25121769ED88899CEBA5 /* librbe_components.a */;
			productType = "com.apple.product-type.library.static";
		};
/* End PBXNativeTarget section */

/* Begin PBXProject section */
		CA1E9CA9EEF69A4E73F7E4E1 /* Project object */ = {
			isa = PBXProject;
			attributes = {
				BuildIndependentTargetsInParallel = YES;
			};
			buildConfigurationList = 785188A61FCAE25327BF045F /* Build configuration list for PBXProject "remote_bitrate_estimator_components_ios" */;
			compatibilityVersion = "Xcode 3.2";
			developmentRegion = English;
			hasScannedForEncodings = 1;
			knownRegions = (
				en,
			);
			mainGroup = A48DC4CE92B7BABA5B9F902D;
			projectDirPath = "";
			projectRoot = "";
			targets = (
				2BA81E870F086FBC199E2414 /* rbe_components */,
			);
		};
/* End PBXProject section */

/* Begin PBXSourcesBuildPhase section */
		935714BDFD7D2E5FAC1717D2 /* Sources */ = {
			isa = PBXSourcesBuildPhase;
			buildActionMask = 2147483647;
			files = (
				DF8E0E66223B75E921D8165D /* bwe_test_logging.cc in Sources */,
				533F88595240E0E66BE16CBB /* aimd_rate_control.cc in Sources */,
				9D61919F66DBD3B9610D5596 /* inter_arrival.cc in Sources */,
				10EBB0158B15E86218EB50CF /* mimd_rate_control.cc in Sources */,
				0378B1D8EEDFB14BEBBB19D4 /* overuse_detector.cc in Sources */,
				F2F6DCAE4C118DE467092529 /* overuse_estimator.cc in Sources */,
				EE7E0BB0E07E00AD8F3DD94B /* remote_bitrate_estimator_abs_send_time.cc in Sources */,
				BE724C05D06B821FBA84131D /* remote_bitrate_estimator_single_stream.cc in Sources */,
				D67319A7B0175BE751E6D0BC /* remote_rate_control.cc in Sources */,
			);
			runOnlyForDeploymentPostprocessing = 0;
		};
/* End PBXSourcesBuildPhase section */

/* Begin XCBuildConfiguration section */
		24B597DB2970EAE86D7FFB3B /* Debug */ = {
			isa = XCBuildConfiguration;
			buildSettings = {
				INTERMEDIATE_DIR = "$(PROJECT_DERIVED_FILE_DIR)/$(CONFIGURATION)";
				SDKROOT = iphoneos;
				SHARED_INTERMEDIATE_DIR = "$(SYMROOT)/DerivedSources/$(CONFIGURATION)";
				SYMROOT = ../../../xcodebuild;
				TARGETED_DEVICE_FAMILY = "1,2";
			};
			name = Debug;
		};
		3F80A8842ED068DABEEA5E6C /* Release */ = {
			isa = XCBuildConfiguration;
			buildSettings = {
				INTERMEDIATE_DIR = "$(PROJECT_DERIVED_FILE_DIR)/$(CONFIGURATION)";
				SDKROOT = iphoneos;
				SHARED_INTERMEDIATE_DIR = "$(SYMROOT)/DerivedSources/$(CONFIGURATION)";
				SYMROOT = ../../../xcodebuild;
				TARGETED_DEVICE_FAMILY = "1,2";
			};
			name = Release;
		};
		83878E0216998044FDC1C29F /* Profile */ = {
			isa = XCBuildConfiguration;
			buildSettings = {
				ALWAYS_SEARCH_USER_PATHS = NO;
				ARCHS = "$(ARCHS_STANDARD_INCLUDING_64_BIT)";
				CLANG_CXX_LANGUAGE_STANDARD = "c++11";
				CLANG_CXX_LIBRARY = "libstdc++";
				CLANG_LINK_OBJC_RUNTIME = NO;
				CLANG_WARN_OBJC_MISSING_PROPERTY_SYNTHESIS = YES;
				COPY_PHASE_STRIP = NO;
				DEAD_CODE_STRIPPING = YES;
				EXECUTABLE_PREFIX = lib;
				GCC_CW_ASM_SYNTAX = NO;
				GCC_C_LANGUAGE_STANDARD = c99;
				GCC_ENABLE_CPP_EXCEPTIONS = NO;
				GCC_ENABLE_CPP_RTTI = NO;
				GCC_ENABLE_PASCAL_STRINGS = NO;
				GCC_INLINES_ARE_PRIVATE_EXTERN = YES;
				GCC_OBJC_CALL_CXX_CDTORS = YES;
				GCC_OPTIMIZATION_LEVEL = s;
				GCC_PRECOMPILE_PREFIX_HEADER = YES;
				GCC_PREPROCESSOR_DEFINITIONS = (
					V8_DEPRECATION_WARNINGS,
					DISABLE_NACL,
					CHROMIUM_BUILD,
					"USE_LIBJPEG_TURBO=1",
					ENABLE_CONFIGURATION_POLICY,
					DISCARDABLE_MEMORY_ALWAYS_SUPPORTED_NATIVELY,
					SYSTEM_NATIVELY_SIGNALS_MEMORY_PRESSURE,
					DONT_EMBED_BUILD_METADATA,
					"CLD_VERSION=2",
					"DISABLE_FTP_SUPPORT=1",
					WEBRTC_RESTRICT_LOGGING,
					EXPAT_RELATIVE_PATH,
					WEBRTC_MODULE_UTILITY_VIDEO,
					WEBRTC_ARCH_ARM,
					WEBRTC_ARCH_ARM64_NEON,
					WEBRTC_POSIX,
					WEBRTC_MAC,
					WEBRTC_IOS,
					"USE_LIBPCI=1",
					__STDC_CONSTANT_MACROS,
					__STDC_FORMAT_MACROS,
					NDEBUG,
					NVALGRIND,
					"DYNAMIC_ANNOTATIONS_ENABLED=0",
					"NS_BLOCK_ASSERTIONS=1",
					"_FORTIFY_SOURCE=2",
				);
				GCC_SYMBOLS_PRIVATE_EXTERN = YES;
				GCC_THREADSAFE_STATICS = NO;
				GCC_TREAT_WARNINGS_AS_ERRORS = YES;
				GCC_VERSION = com.apple.compilers.llvm.clang.1_0;
				GCC_WARN_ABOUT_MISSING_NEWLINE = YES;
				HEADER_SEARCH_PATHS = (
					"$(SHARED_INTERMEDIATE_DIR)",
					../../..,
					../../../webrtc/modules/remote_bitrate_estimator,
				);
				IPHONEOS_DEPLOYMENT_TARGET = 7.0;
				OTHER_CFLAGS = "-Wno-shorten-64-to-32";
				PRODUCT_NAME = rbe_components;
				USE_HEADERMAP = NO;
				VALID_ARCHS = "arm64 x86_64";
				WARNING_CFLAGS = (
					"-Wall",
					"-Wendif-labels",
					"-Wextra",
					"-Wno-unused-parameter",
					"-Wno-missing-field-initializers",
					"-Wno-selector-type-mismatch",
					"-Wno-unknown-warning-option",
					"-Wheader-hygiene",
					"-Wno-char-subscripts",
					"-Wno-unneeded-internal-declaration",
					"-Wno-covered-switch-default",
					"-Wstring-conversion",
					"-Wno-c++11-narrowing",
					"-Wno-deprecated-register",
					"-Wno-inconsistent-missing-override",
				);
			};
			name = Profile;
		};
		98BC3BE84E328FE68BA1DA7A /* Debug */ = {
			isa = XCBuildConfiguration;
			buildSettings = {
				ALWAYS_SEARCH_USER_PATHS = NO;
				ARCHS = "$(ARCHS_STANDARD_INCLUDING_64_BIT)";
				CLANG_CXX_LANGUAGE_STANDARD = "c++11";
				CLANG_CXX_LIBRARY = "libstdc++";
				CLANG_LINK_OBJC_RUNTIME = NO;
				CLANG_WARN_OBJC_MISSING_PROPERTY_SYNTHESIS = YES;
				COPY_PHASE_STRIP = NO;
				EXECUTABLE_PREFIX = lib;
				GCC_CW_ASM_SYNTAX = NO;
				GCC_C_LANGUAGE_STANDARD = c99;
				GCC_ENABLE_CPP_EXCEPTIONS = NO;
				GCC_ENABLE_CPP_RTTI = NO;
				GCC_ENABLE_PASCAL_STRINGS = NO;
				GCC_INLINES_ARE_PRIVATE_EXTERN = YES;
				GCC_OBJC_CALL_CXX_CDTORS = YES;
				GCC_OPTIMIZATION_LEVEL = 0;
				GCC_PRECOMPILE_PREFIX_HEADER = YES;
				GCC_PREPROCESSOR_DEFINITIONS = (
					V8_DEPRECATION_WARNINGS,
					DISABLE_NACL,
					CHROMIUM_BUILD,
					"USE_LIBJPEG_TURBO=1",
					ENABLE_CONFIGURATION_POLICY,
					DISCARDABLE_MEMORY_ALWAYS_SUPPORTED_NATIVELY,
					SYSTEM_NATIVELY_SIGNALS_MEMORY_PRESSURE,
					DONT_EMBED_BUILD_METADATA,
					"CLD_VERSION=2",
					"DISABLE_FTP_SUPPORT=1",
					WEBRTC_RESTRICT_LOGGING,
					EXPAT_RELATIVE_PATH,
					WEBRTC_MODULE_UTILITY_VIDEO,
					WEBRTC_ARCH_ARM,
					WEBRTC_ARCH_ARM64_NEON,
					WEBRTC_POSIX,
					WEBRTC_MAC,
					WEBRTC_IOS,
					"USE_LIBPCI=1",
					__STDC_CONSTANT_MACROS,
					__STDC_FORMAT_MACROS,
					"DYNAMIC_ANNOTATIONS_ENABLED=1",
					"WTF_USE_DYNAMIC_ANNOTATIONS=1",
					_DEBUG,
				);
				GCC_SYMBOLS_PRIVATE_EXTERN = YES;
				GCC_THREADSAFE_STATICS = NO;
				GCC_TREAT_WARNINGS_AS_ERRORS = YES;
				GCC_VERSION = com.apple.compilers.llvm.clang.1_0;
				GCC_WARN_ABOUT_MISSING_NEWLINE = YES;
				HEADER_SEARCH_PATHS = (
					"$(SHARED_INTERMEDIATE_DIR)",
					../../..,
					../../../webrtc/modules/remote_bitrate_estimator,
				);
				IPHONEOS_DEPLOYMENT_TARGET = 7.0;
				OTHER_CFLAGS = (
					"-Wno-shorten-64-to-32",
					"-fstack-protector-all",
					"-Wno-undefined-bool-conversion",
					"-Wno-tautological-undefined-compare",
				);
				PRODUCT_NAME = rbe_components;
				USE_HEADERMAP = NO;
				VALID_ARCHS = "arm64 x86_64";
				WARNING_CFLAGS = (
					"-Wall",
					"-Wendif-labels",
					"-Wextra",
					"-Wno-unused-parameter",
					"-Wno-missing-field-initializers",
					"-Wno-selector-type-mismatch",
					"-Wno-unknown-warning-option",
					"-Wheader-hygiene",
					"-Wno-char-subscripts",
					"-Wno-unneeded-internal-declaration",
					"-Wno-covered-switch-default",
					"-Wstring-conversion",
					"-Wno-c++11-narrowing",
					"-Wno-deprecated-register",
					"-Wno-inconsistent-missing-override",
				);
			};
			name = Debug;
		};
		A4700E85B36295CD2E9A9AB6 /* Release */ = {
			isa = XCBuildConfiguration;
			buildSettings = {
				ALWAYS_SEARCH_USER_PATHS = NO;
				ARCHS = "$(ARCHS_STANDARD_INCLUDING_64_BIT)";
				CLANG_CXX_LANGUAGE_STANDARD = "c++11";
				CLANG_CXX_LIBRARY = "libstdc++";
				CLANG_LINK_OBJC_RUNTIME = NO;
				CLANG_WARN_OBJC_MISSING_PROPERTY_SYNTHESIS = YES;
				COPY_PHASE_STRIP = NO;
				DEAD_CODE_STRIPPING = YES;
				EXECUTABLE_PREFIX = lib;
				GCC_CW_ASM_SYNTAX = NO;
				GCC_C_LANGUAGE_STANDARD = c99;
				GCC_ENABLE_CPP_EXCEPTIONS = NO;
				GCC_ENABLE_CPP_RTTI = NO;
				GCC_ENABLE_PASCAL_STRINGS = NO;
				GCC_INLINES_ARE_PRIVATE_EXTERN = YES;
				GCC_OBJC_CALL_CXX_CDTORS = YES;
				GCC_OPTIMIZATION_LEVEL = s;
				GCC_PRECOMPILE_PREFIX_HEADER = YES;
				GCC_PREPROCESSOR_DEFINITIONS = (
					V8_DEPRECATION_WARNINGS,
					DISABLE_NACL,
					CHROMIUM_BUILD,
					"USE_LIBJPEG_TURBO=1",
					ENABLE_CONFIGURATION_POLICY,
					DISCARDABLE_MEMORY_ALWAYS_SUPPORTED_NATIVELY,
					SYSTEM_NATIVELY_SIGNALS_MEMORY_PRESSURE,
					DONT_EMBED_BUILD_METADATA,
					"CLD_VERSION=2",
					"DISABLE_FTP_SUPPORT=1",
					WEBRTC_RESTRICT_LOGGING,
					EXPAT_RELATIVE_PATH,
					WEBRTC_MODULE_UTILITY_VIDEO,
					WEBRTC_ARCH_ARM,
					WEBRTC_ARCH_ARM64_NEON,
					WEBRTC_POSIX,
					WEBRTC_MAC,
					WEBRTC_IOS,
					"USE_LIBPCI=1",
					__STDC_CONSTANT_MACROS,
					__STDC_FORMAT_MACROS,
					NDEBUG,
					NVALGRIND,
					"DYNAMIC_ANNOTATIONS_ENABLED=0",
					"NS_BLOCK_ASSERTIONS=1",
					"_FORTIFY_SOURCE=2",
				);
				GCC_SYMBOLS_PRIVATE_EXTERN = YES;
				GCC_THREADSAFE_STATICS = NO;
				GCC_TREAT_WARNINGS_AS_ERRORS = YES;
				GCC_VERSION = com.apple.compilers.llvm.clang.1_0;
				GCC_WARN_ABOUT_MISSING_NEWLINE = YES;
				HEADER_SEARCH_PATHS = (
					"$(SHARED_INTERMEDIATE_DIR)",
					../../..,
					../../../webrtc/modules/remote_bitrate_estimator,
				);
				IPHONEOS_DEPLOYMENT_TARGET = 7.0;
				OTHER_CFLAGS = "-Wno-shorten-64-to-32";
				PRODUCT_NAME = rbe_components;
				USE_HEADERMAP = NO;
				VALID_ARCHS = "arm64 x86_64";
				WARNING_CFLAGS = (
					"-Wall",
					"-Wendif-labels",
					"-Wextra",
					"-Wno-unused-parameter",
					"-Wno-missing-field-initializers",
					"-Wno-selector-type-mismatch",
					"-Wno-unknown-warning-option",
					"-Wheader-hygiene",
					"-Wno-char-subscripts",
					"-Wno-unneeded-internal-declaration",
					"-Wno-covered-switch-default",
					"-Wstring-conversion",
					"-Wno-c++11-narrowing",
					"-Wno-deprecated-register",
					"-Wno-inconsistent-missing-override",
				);
			};
			name = Release;
		};
		C4419A556D2E019EED6D71C9 /* Profile */ = {
			isa = XCBuildConfiguration;
			buildSettings = {
				INTERMEDIATE_DIR = "$(PROJECT_DERIVED_FILE_DIR)/$(CONFIGURATION)";
				SDKROOT = iphoneos;
				SHARED_INTERMEDIATE_DIR = "$(SYMROOT)/DerivedSources/$(CONFIGURATION)";
				SYMROOT = ../../../xcodebuild;
				TARGETED_DEVICE_FAMILY = "1,2";
			};
			name = Profile;
		};
/* End XCBuildConfiguration section */

/* Begin XCConfigurationList section */
		4983F5DDC6CA91B9C280C097 /* Build configuration list for PBXNativeTarget "rbe_components" */ = {
			isa = XCConfigurationList;
			buildConfigurations = (
				98BC3BE84E328FE68BA1DA7A /* Debug */,
				83878E0216998044FDC1C29F /* Profile */,
				A4700E85B36295CD2E9A9AB6 /* Release */,
			);
			defaultConfigurationIsVisible = 1;
			defaultConfigurationName = Debug;
		};
		785188A61FCAE25327BF045F /* Build configuration list for PBXProject "remote_bitrate_estimator_components_ios" */ = {
			isa = XCConfigurationList;
			buildConfigurations = (
				24B597DB2970EAE86D7FFB3B /* Debug */,
				C4419A556D2E019EED6D71C9 /* Profile */,
				3F80A8842ED068DABEEA5E6C /* Release */,
			);
			defaultConfigurationIsVisible = 1;
			defaultConfigurationName = Debug;
		};
/* End XCConfigurationList section */
	};
	rootObject = CA1E9CA9EEF69A4E73F7E4E1 /* Project object */;
}
