// !$*UTF8*$!
{
	archiveVersion = 1;
	classes = {
	};
	objectVersion = 46;
	objects = {

/* Begin PBXBuildFile section */
		B155C125F0746D27CC0A9780 /* quality_scaler.cc in Sources */ = {isa = PBXBuildFile; fileRef = 56D22122AB9C59E661C4E991 /* quality_scaler.cc */; };
		E51FE43F3D6F2141D3D82BCE /* frame_dropper.cc in Sources */ = {isa = PBXBuildFile; fileRef = F1E265C7D891F48D3E33304D /* frame_dropper.cc */; };
/* End PBXBuildFile section */

/* Begin PBXFileReference section */
		0741BDFC92129D62574DEB69 /* frame_dropper.h */ = {isa = PBXFileReference; lastKnownFileType = sourcecode.c.h; path = frame_dropper.h; sourceTree = "<group>"; };
		0E8D781F3192DA238532DB30 /* common.gypi */ = {isa = PBXFileReference; explicitFileType = sourcecode; name = common.gypi; path = ../../../build/common.gypi; sourceTree = "<group>"; };
		187AC5D2E1791D7913C8F00D /* libvideo_coding_utility.a */ = {isa = PBXFileReference; explicitFileType = archive.ar; includeInIndex = 0; path = libvideo_coding_utility.a; sourceTree = BUILT_PRODUCTS_DIR; };
		28EC6EBF0F16C3F9AB3596FF /* release_defaults.gypi */ = {isa = PBXFileReference; explicitFileType = sourcecode; name = release_defaults.gypi; path = ../../../../build/internal/release_defaults.gypi; sourceTree = "<group>"; };
		56D22122AB9C59E661C4E991 /* quality_scaler.cc */ = {isa = PBXFileReference; lastKnownFileType = sourcecode.cpp.cpp; path = quality_scaler.cc; sourceTree = "<group>"; };
		7123743720D8A249D9A85CAA /* supplement.gypi */ = {isa = PBXFileReference; explicitFileType = sourcecode; name = supplement.gypi; path = ../../../supplement.gypi; sourceTree = "<group>"; };
		7B3FABA06CC8853E5AAFC597 /* release_impl.gypi */ = {isa = PBXFileReference; explicitFileType = sourcecode; name = release_impl.gypi; path = ../../../../build/internal/release_impl.gypi; sourceTree = "<group>"; };
		84A9CB237B9D0139FE223904 /* quality_scaler.h */ = {isa = PBXFileReference; lastKnownFileType = sourcecode.c.h; path = quality_scaler.h; sourceTree = "<group>"; };
		8821849D80A268CC5DCB7DEB /* release_impl_official.gypi */ = {isa = PBXFileReference; explicitFileType = sourcecode; name = release_impl_official.gypi; path = ../../../../build/internal/release_impl_official.gypi; sourceTree = "<group>"; };
		890D6BFA4D2F16896DCE0310 /* video_coding_utility.gyp */ = {isa = PBXFileReference; explicitFileType = sourcecode; path = video_coding_utility.gyp; sourceTree = "<group>"; };
		9922527EE153CFFE50008BDC /* set_clang_warning_flags.gypi */ = {isa = PBXFileReference; explicitFileType = sourcecode; name = set_clang_warning_flags.gypi; path = ../../../../build/set_clang_warning_flags.gypi; sourceTree = "<group>"; };
		ACACCA575EC4E80A766707CE /* filename_rules.gypi */ = {isa = PBXFileReference; explicitFileType = sourcecode; name = filename_rules.gypi; path = ../../../../build/filename_rules.gypi; sourceTree = "<group>"; };
		B15668BB22DB775984984708 /* common.gypi */ = {isa = PBXFileReference; explicitFileType = sourcecode; name = common.gypi; path = ../../../../build/common.gypi; sourceTree = "<group>"; };
		EF975FE4193C98AC860BAF88 /* release.gypi */ = {isa = PBXFileReference; explicitFileType = sourcecode; name = release.gypi; path = ../../../../build/release.gypi; sourceTree = "<group>"; };
		F1E265C7D891F48D3E33304D /* frame_dropper.cc */ = {isa = PBXFileReference; lastKnownFileType = sourcecode.cpp.cpp; path = frame_dropper.cc; sourceTree = "<group>"; };
/* End PBXFileReference section */

/* Begin PBXFrameworksBuildPhase section */
		CD21734765E2F7954BB1A4B0 /* Frameworks */ = {
			isa = PBXFrameworksBuildPhase;
			buildActionMask = 2147483647;
			files = (
			);
			runOnlyForDeploymentPostprocessing = 0;
		};
/* End PBXFrameworksBuildPhase section */

/* Begin PBXGroup section */
		2C58C6B8E21E26712EA21F57 /* Products */ = {
			isa = PBXGroup;
			children = (
				187AC5D2E1791D7913C8F00D /* libvideo_coding_utility.a */,
			);
			name = Products;
			sourceTree = "<group>";
		};
		3CE9BCD1AFB93371F6DF9A22 = {
			isa = PBXGroup;
			children = (
				70B8E89353381D75EF3799EB /* Source */,
				2C58C6B8E21E26712EA21F57 /* Products */,
				A810DC2EEB3535855ADD709C /* Build */,
			);
			sourceTree = "<group>";
		};
		589441574902D3C8DFA0D409 /* include */ = {
			isa = PBXGroup;
			children = (
				0741BDFC92129D62574DEB69 /* frame_dropper.h */,
			);
			path = include;
			sourceTree = "<group>";
		};
		70B8E89353381D75EF3799EB /* Source */ = {
			isa = PBXGroup;
			children = (
				589441574902D3C8DFA0D409 /* include */,
				F1E265C7D891F48D3E33304D /* frame_dropper.cc */,
				56D22122AB9C59E661C4E991 /* quality_scaler.cc */,
				84A9CB237B9D0139FE223904 /* quality_scaler.h */,
			);
			name = Source;
			sourceTree = "<group>";
		};
		A810DC2EEB3535855ADD709C /* Build */ = {
			isa = PBXGroup;
			children = (
				B15668BB22DB775984984708 /* common.gypi */,
				0E8D781F3192DA238532DB30 /* common.gypi */,
				ACACCA575EC4E80A766707CE /* filename_rules.gypi */,
				EF975FE4193C98AC860BAF88 /* release.gypi */,
				28EC6EBF0F16C3F9AB3596FF /* release_defaults.gypi */,
				7B3FABA06CC8853E5AAFC597 /* release_impl.gypi */,
				8821849D80A268CC5DCB7DEB /* release_impl_official.gypi */,
				9922527EE153CFFE50008BDC /* set_clang_warning_flags.gypi */,
				7123743720D8A249D9A85CAA /* supplement.gypi */,
				890D6BFA4D2F16896DCE0310 /* video_coding_utility.gyp */,
			);
			name = Build;
			sourceTree = "<group>";
		};
/* End PBXGroup section */

/* Begin PBXNativeTarget section */
		D91A4F6F28D55902144D60E1 /* video_coding_utility */ = {
			isa = PBXNativeTarget;
			buildConfigurationList = 3ED3CF94D05106BCF0A1BB5A /* Build configuration list for PBXNativeTarget "video_coding_utility" */;
			buildPhases = (
				7031FAC3F54304277753F917 /* Sources */,
				CD21734765E2F7954BB1A4B0 /* Frameworks */,
			);
			buildRules = (
			);
			dependencies = (
			);
			name = video_coding_utility;
			productName = video_coding_utility;
			productReference = 187AC5D2E1791D7913C8F00D /* libvideo_coding_utility.a */;
			productType = "com.apple.product-type.library.static";
		};
/* End PBXNativeTarget section */

/* Begin PBXProject section */
		7293F4698F6120A9ED2BC812 /* Project object */ = {
			isa = PBXProject;
			attributes = {
				BuildIndependentTargetsInParallel = YES;
			};
			buildConfigurationList = 16E5F530D748663FBEE3D7EE /* Build configuration list for PBXProject "video_coding_utility_ios" */;
			compatibilityVersion = "Xcode 3.2";
			developmentRegion = English;
			hasScannedForEncodings = 1;
			knownRegions = (
				en,
			);
			mainGroup = 3CE9BCD1AFB93371F6DF9A22;
			projectDirPath = "";
			projectRoot = "";
			targets = (
				D91A4F6F28D55902144D60E1 /* video_coding_utility */,
			);
		};
/* End PBXProject section */

/* Begin PBXSourcesBuildPhase section */
		7031FAC3F54304277753F917 /* Sources */ = {
			isa = PBXSourcesBuildPhase;
			buildActionMask = 2147483647;
			files = (
				E51FE43F3D6F2141D3D82BCE /* frame_dropper.cc in Sources */,
				B155C125F0746D27CC0A9780 /* quality_scaler.cc in Sources */,
			);
			runOnlyForDeploymentPostprocessing = 0;
		};
/* End PBXSourcesBuildPhase section */

/* Begin XCBuildConfiguration section */
		33B27C18E68E9FA6BEACE077 /* Release */ = {
			isa = XCBuildConfiguration;
			buildSettings = {
				ALWAYS_SEARCH_USER_PATHS = NO;
				ARCHS = "$(ARCHS_STANDARD_INCLUDING_64_BIT)";
				CLANG_CXX_LANGUAGE_STANDARD = "c++0x";
				CLANG_CXX_LIBRARY = "libc++";
				CLANG_LINK_OBJC_RUNTIME = NO;
				CLANG_WARN_OBJC_MISSING_PROPERTY_SYNTHESIS = YES;
				COPY_PHASE_STRIP = NO;
				DEAD_CODE_STRIPPING = YES;
				EXECUTABLE_PREFIX = lib;
				GCC_CW_ASM_SYNTAX = NO;
				GCC_C_LANGUAGE_STANDARD = c99;
				GCC_ENABLE_CPP_EXCEPTIONS = NO;
				GCC_ENABLE_CPP_RTTI = NO;
				GCC_ENABLE_PASCAL_STRINGS = NO;
				GCC_INLINES_ARE_PRIVATE_EXTERN = YES;
				GCC_OBJC_CALL_CXX_CDTORS = YES;
				GCC_OPTIMIZATION_LEVEL = s;
				GCC_PRECOMPILE_PREFIX_HEADER = YES;
				GCC_PREPROCESSOR_DEFINITIONS = (
					V8_DEPRECATION_WARNINGS,
					DISABLE_NACL,
					CHROMIUM_BUILD,
					"USE_LIBJPEG_TURBO=1",
					ENABLE_CONFIGURATION_POLICY,
					DISCARDABLE_MEMORY_ALWAYS_SUPPORTED_NATIVELY,
					SYSTEM_NATIVELY_SIGNALS_MEMORY_PRESSURE,
					DONT_EMBED_BUILD_METADATA,
					"CLD_VERSION=2",
					"DISABLE_FTP_SUPPORT=1",
					WEBRTC_RESTRICT_LOGGING,
					EXPAT_RELATIVE_PATH,
					WEBRTC_MODULE_UTILITY_VIDEO,
					WEBRTC_ARCH_ARM,
					WEBRTC_ARCH_ARM64_NEON,
					WEBRTC_POSIX,
					WEBRTC_MAC,
					WEBRTC_IOS,
					"USE_LIBPCI=1",
					__STDC_CONSTANT_MACROS,
					__STDC_FORMAT_MACROS,
					NDEBUG,
					NVALGRIND,
					"DYNAMIC_ANNOTATIONS_ENABLED=0",
					"NS_BLOCK_ASSERTIONS=1",
					"_FORTIFY_SOURCE=2",
				);
				GCC_SYMBOLS_PRIVATE_EXTERN = YES;
				GCC_THREADSAFE_STATICS = NO;
				GCC_TREAT_WARNINGS_AS_ERRORS = YES;
				GCC_VERSION = com.apple.compilers.llvm.clang.1_0;
				GCC_WARN_ABOUT_MISSING_NEWLINE = YES;
				HEADER_SEARCH_PATHS = (
					"$(SHARED_INTERMEDIATE_DIR)",
					../../../..,
					../../../system_wrappers/interface,
				);
				IPHONEOS_DEPLOYMENT_TARGET = 7.0;
				OTHER_CFLAGS = "-Wno-shorten-64-to-32";
				PRODUCT_NAME = video_coding_utility;
				USE_HEADERMAP = NO;
				WARNING_CFLAGS = (
					"-Wall",
					"-Wendif-labels",
					"-Wextra",
					"-Wno-unused-parameter",
					"-Wno-missing-field-initializers",
					"-Wno-selector-type-mismatch",
					"-Wno-unknown-warning-option",
					"-Wheader-hygiene",
					"-Wno-char-subscripts",
					"-Wno-unneeded-internal-declaration",
					"-Wno-covered-switch-default",
					"-Wstring-conversion",
					"-Wno-c++11-narrowing",
					"-Wno-deprecated-register",
				);
			};
			name = Release;
		};
		3A12637F3377EF332587AB78 /* Profile */ = {
			isa = XCBuildConfiguration;
			buildSettings = {
				INTERMEDIATE_DIR = "$(PROJECT_DERIVED_FILE_DIR)/$(CONFIGURATION)";
				SDKROOT = iphoneos;
				SHARED_INTERMEDIATE_DIR = "$(SYMROOT)/DerivedSources/$(CONFIGURATION)";
				SKIP_INSTALL = YES;
				SYMROOT = ../../../../xcodebuild;
				TARGETED_DEVICE_FAMILY = "1,2";
			};
			name = Profile;
		};
		4DA38C90510291E8DE48D3D3 /* Debug */ = {
			isa = XCBuildConfiguration;
			buildSettings = {
				ALWAYS_SEARCH_USER_PATHS = NO;
				ARCHS = "$(ARCHS_STANDARD_INCLUDING_64_BIT)";
				CLANG_CXX_LANGUAGE_STANDARD = "c++0x";
				CLANG_CXX_LIBRARY = "libc++";
				CLANG_LINK_OBJC_RUNTIME = NO;
				CLANG_WARN_OBJC_MISSING_PROPERTY_SYNTHESIS = YES;
				COPY_PHASE_STRIP = NO;
				EXECUTABLE_PREFIX = lib;
				GCC_CW_ASM_SYNTAX = NO;
				GCC_C_LANGUAGE_STANDARD = c99;
				GCC_ENABLE_CPP_EXCEPTIONS = NO;
				GCC_ENABLE_CPP_RTTI = NO;
				GCC_ENABLE_PASCAL_STRINGS = NO;
				GCC_INLINES_ARE_PRIVATE_EXTERN = YES;
				GCC_OBJC_CALL_CXX_CDTORS = YES;
				GCC_OPTIMIZATION_LEVEL = 0;
				GCC_PRECOMPILE_PREFIX_HEADER = YES;
				GCC_PREPROCESSOR_DEFINITIONS = (
					V8_DEPRECATION_WARNINGS,
					DISABLE_NACL,
					CHROMIUM_BUILD,
					"USE_LIBJPEG_TURBO=1",
					ENABLE_CONFIGURATION_POLICY,
					DISCARDABLE_MEMORY_ALWAYS_SUPPORTED_NATIVELY,
					SYSTEM_NATIVELY_SIGNALS_MEMORY_PRESSURE,
					DONT_EMBED_BUILD_METADATA,
					"CLD_VERSION=2",
					"DISABLE_FTP_SUPPORT=1",
					WEBRTC_RESTRICT_LOGGING,
					EXPAT_RELATIVE_PATH,
					WEBRTC_MODULE_UTILITY_VIDEO,
					WEBRTC_ARCH_ARM,
					WEBRTC_ARCH_ARM64_NEON,
					WEBRTC_POSIX,
					WEBRTC_MAC,
					WEBRTC_IOS,
					"USE_LIBPCI=1",
					__STDC_CONSTANT_MACROS,
					__STDC_FORMAT_MACROS,
					"DYNAMIC_ANNOTATIONS_ENABLED=1",
					"WTF_USE_DYNAMIC_ANNOTATIONS=1",
					_DEBUG,
				);
				GCC_SYMBOLS_PRIVATE_EXTERN = YES;
				GCC_THREADSAFE_STATICS = NO;
				GCC_TREAT_WARNINGS_AS_ERRORS = YES;
				GCC_VERSION = com.apple.compilers.llvm.clang.1_0;
				GCC_WARN_ABOUT_MISSING_NEWLINE = YES;
				HEADER_SEARCH_PATHS = (
					"$(SHARED_INTERMEDIATE_DIR)",
					../../../..,
					../../../system_wrappers/interface,
				);
				IPHONEOS_DEPLOYMENT_TARGET = 7.0;
				OTHER_CFLAGS = (
					"-Wno-shorten-64-to-32",
					"-fstack-protector-all",
					"-Wno-bool-conversion",
					"-Wno-tautological-compare",
				);
				PRODUCT_NAME = video_coding_utility;
				USE_HEADERMAP = NO;
				WARNING_CFLAGS = (
					"-Wall",
					"-Wendif-labels",
					"-Wextra",
					"-Wno-unused-parameter",
					"-Wno-missing-field-initializers",
					"-Wno-selector-type-mismatch",
					"-Wno-unknown-warning-option",
					"-Wheader-hygiene",
					"-Wno-char-subscripts",
					"-Wno-unneeded-internal-declaration",
					"-Wno-covered-switch-default",
					"-Wstring-conversion",
					"-Wno-c++11-narrowing",
					"-Wno-deprecated-register",
				);
			};
			name = Debug;
		};
		8716591FE216FDF787D10CAE /* Release */ = {
			isa = XCBuildConfiguration;
			buildSettings = {
				INTERMEDIATE_DIR = "$(PROJECT_DERIVED_FILE_DIR)/$(CONFIGURATION)";
				SDKROOT = iphoneos;
				SHARED_INTERMEDIATE_DIR = "$(SYMROOT)/DerivedSources/$(CONFIGURATION)";
				SKIP_INSTALL = YES;
				SYMROOT = ../../../../xcodebuild;
				TARGETED_DEVICE_FAMILY = "1,2";
			};
			name = Release;
		};
		E1E794FBD70180DDA3C0E8F5 /* Profile */ = {
			isa = XCBuildConfiguration;
			buildSettings = {
				ALWAYS_SEARCH_USER_PATHS = NO;
				ARCHS = "$(ARCHS_STANDARD_INCLUDING_64_BIT)";
				CLANG_CXX_LANGUAGE_STANDARD = "c++0x";
				CLANG_CXX_LIBRARY = "libc++";
				CLANG_LINK_OBJC_RUNTIME = NO;
				CLANG_WARN_OBJC_MISSING_PROPERTY_SYNTHESIS = YES;
				COPY_PHASE_STRIP = NO;
				DEAD_CODE_STRIPPING = YES;
				EXECUTABLE_PREFIX = lib;
				GCC_CW_ASM_SYNTAX = NO;
				GCC_C_LANGUAGE_STANDARD = c99;
				GCC_ENABLE_CPP_EXCEPTIONS = NO;
				GCC_ENABLE_CPP_RTTI = NO;
				GCC_ENABLE_PASCAL_STRINGS = NO;
				GCC_INLINES_ARE_PRIVATE_EXTERN = YES;
				GCC_OBJC_CALL_CXX_CDTORS = YES;
				GCC_OPTIMIZATION_LEVEL = s;
				GCC_PRECOMPILE_PREFIX_HEADER = YES;
				GCC_PREPROCESSOR_DEFINITIONS = (
					V8_DEPRECATION_WARNINGS,
					DISABLE_NACL,
					CHROMIUM_BUILD,
					"USE_LIBJPEG_TURBO=1",
					ENABLE_CONFIGURATION_POLICY,
					DISCARDABLE_MEMORY_ALWAYS_SUPPORTED_NATIVELY,
					SYSTEM_NATIVELY_SIGNALS_MEMORY_PRESSURE,
					DONT_EMBED_BUILD_METADATA,
					"CLD_VERSION=2",
					"DISABLE_FTP_SUPPORT=1",
					WEBRTC_RESTRICT_LOGGING,
					EXPAT_RELATIVE_PATH,
					WEBRTC_MODULE_UTILITY_VIDEO,
					WEBRTC_ARCH_ARM,
					WEBRTC_ARCH_ARM64_NEON,
					WEBRTC_POSIX,
					WEBRTC_MAC,
					WEBRTC_IOS,
					"USE_LIBPCI=1",
					__STDC_CONSTANT_MACROS,
					__STDC_FORMAT_MACROS,
					NDEBUG,
					NVALGRIND,
					"DYNAMIC_ANNOTATIONS_ENABLED=0",
					"NS_BLOCK_ASSERTIONS=1",
					"_FORTIFY_SOURCE=2",
				);
				GCC_SYMBOLS_PRIVATE_EXTERN = YES;
				GCC_THREADSAFE_STATICS = NO;
				GCC_TREAT_WARNINGS_AS_ERRORS = YES;
				GCC_VERSION = com.apple.compilers.llvm.clang.1_0;
				GCC_WARN_ABOUT_MISSING_NEWLINE = YES;
				HEADER_SEARCH_PATHS = (
					"$(SHARED_INTERMEDIATE_DIR)",
					../../../..,
					../../../system_wrappers/interface,
				);
				IPHONEOS_DEPLOYMENT_TARGET = 7.0;
				OTHER_CFLAGS = "-Wno-shorten-64-to-32";
				PRODUCT_NAME = video_coding_utility;
				USE_HEADERMAP = NO;
				WARNING_CFLAGS = (
					"-Wall",
					"-Wendif-labels",
					"-Wextra",
					"-Wno-unused-parameter",
					"-Wno-missing-field-initializers",
					"-Wno-selector-type-mismatch",
					"-Wno-unknown-warning-option",
					"-Wheader-hygiene",
					"-Wno-char-subscripts",
					"-Wno-unneeded-internal-declaration",
					"-Wno-covered-switch-default",
					"-Wstring-conversion",
					"-Wno-c++11-narrowing",
					"-Wno-deprecated-register",
				);
			};
			name = Profile;
		};
		EF8C251A11309778C12A19F0 /* Debug */ = {
			isa = XCBuildConfiguration;
			buildSettings = {
				INTERMEDIATE_DIR = "$(PROJECT_DERIVED_FILE_DIR)/$(CONFIGURATION)";
				SDKROOT = iphoneos;
				SHARED_INTERMEDIATE_DIR = "$(SYMROOT)/DerivedSources/$(CONFIGURATION)";
				SKIP_INSTALL = YES;
				SYMROOT = ../../../../xcodebuild;
				TARGETED_DEVICE_FAMILY = "1,2";
			};
			name = Debug;
		};
/* End XCBuildConfiguration section */

/* Begin XCConfigurationList section */
		16E5F530D748663FBEE3D7EE /* Build configuration list for PBXProject "video_coding_utility_ios" */ = {
			isa = XCConfigurationList;
			buildConfigurations = (
				EF8C251A11309778C12A19F0 /* Debug */,
				3A12637F3377EF332587AB78 /* Profile */,
				8716591FE216FDF787D10CAE /* Release */,
			);
			defaultConfigurationIsVisible = 1;
			defaultConfigurationName = Debug;
		};
		3ED3CF94D05106BCF0A1BB5A /* Build configuration list for PBXNativeTarget "video_coding_utility" */ = {
			isa = XCConfigurationList;
			buildConfigurations = (
				4DA38C90510291E8DE48D3D3 /* Debug */,
				E1E794FBD70180DDA3C0E8F5 /* Profile */,
				33B27C18E68E9FA6BEACE077 /* Release */,
			);
			defaultConfigurationIsVisible = 1;
			defaultConfigurationName = Debug;
		};
/* End XCConfigurationList section */
	};
	rootObject = 7293F4698F6120A9ED2BC812 /* Project object */;
}
