<?xml version="1.0" encoding="utf-8"?>
<Project ToolsVersion="4.0" xmlns="http://schemas.microsoft.com/developer/msbuild/2003">
  <ItemGroup>
    <Filter Include="Generated Manifest">
      <UniqueIdentifier>{D690BC85-776E-C6AF-212C-B1526DF94B9A}</UniqueIdentifier>
    </Filter>
  </ItemGroup>
  <ItemGroup>
    <ClCompile Include="App.cpp"/>
    <AppxManifest Include="Package.appxmanifest"/>
    <None Include="audio_device_test_winrt_TemporaryKey.pfx"/>
    <Image Include="Logo.png"/>
    <Image Include="SmallLogo.png"/>
    <Image Include="SplashScreen.png"/>
    <Image Include="StoreLogo.png"/>
    <None Include="audio_device_test_winrt.gyp"/>
    <None Include="audio_device_test_winrt_mapping.ini"/>
    <None Include="Generated Manifest\AppxManifest.xml">
      <Filter>Generated Manifest</Filter>
    </None>
  </ItemGroup>
</Project>
