// !$*UTF8*$!
{
	archiveVersion = 1;
	classes = {
	};
	objectVersion = 46;
	objects = {

/* Begin PBXAggregateTarget section */
		307C243DFDDBFD9EF8440480 /* All */ = {
			isa = PBXAggregateTarget;
			buildConfigurationList = 411FC81281F7D567A723B581 /* Build configuration list for PBXAggregateTarget "All" */;
			buildPhases = (
			);
			dependencies = (
				D1F412F0200340CEB46EDF22 /* PBXTargetDependency */,
			);
			name = All;
			productName = All;
		};
		E7D076A489DB88E65EA89828 /* webrtc_all */ = {
			isa = PBXAggregateTarget;
			buildConfigurationList = F0AC3C8A74C5FBE90858C427 /* Build configuration list for PBXAggregateTarget "webrtc_all" */;
			buildPhases = (
			);
			dependencies = (
				E2F6774118FFFAE90028F02B /* PBXTargetDependency */,
				E2F6774318FFFAE90028F02B /* PBXTargetDependency */,
				E2F6774518FFFAE90028F02B /* PBXTargetDependency */,
				E2F6774718FFFAE90028F02B /* PBXTargetDependency */,
				E2F6774918FFFAE90028F02B /* PBXTargetDependency */,
				E2F6774B18FFFAE90028F02B /* PBXTargetDependency */,
				E2F6774D18FFFAE90028F02B /* PBXTargetDependency */,
				E2F6774F18FFFAE90028F02B /* PBXTargetDependency */,
				E2F6775118FFFAE90028F02B /* PBXTargetDependency */,
				E2F6775318FFFAE90028F02B /* PBXTargetDependency */,
				E2E460BC192C004A005BAED9 /* PBXTargetDependency */,
				E2E460BE192C004A005BAED9 /* PBXTargetDependency */,
				E2E460C0192C004A005BAED9 /* PBXTargetDependency */,
				A935E142D0217088CABE8A19 /* PBXTargetDependency */,
			);
			name = webrtc_all;
			productName = webrtc_all;
		};
/* End PBXAggregateTarget section */

/* Begin PBXBuildFile section */
		0D8F09EFD3A76F469B1A490A /* receive_statistics_proxy.cc in Sources */ = {isa = PBXBuildFile; fileRef = 6396B5DD42F46B781B14CA70 /* receive_statistics_proxy.cc */; };
		130AAE187815DFE9E0B53A33 /* encoded_frame_callback_adapter.cc in Sources */ = {isa = PBXBuildFile; fileRef = 24C948DE8EA0F35728C2CC8B /* encoded_frame_callback_adapter.cc */; };
		1DC916C03BABCAE245FDCE18 /* call.cc in Sources */ = {isa = PBXBuildFile; fileRef = 4316A4DE6F48C37445ECE39A /* call.cc */; };
		79BC51F403025860BDF844B1 /* transport_adapter.cc in Sources */ = {isa = PBXBuildFile; fileRef = 2DF7CBC1E55E3F08A6FC89FE /* transport_adapter.cc */; };
		930A441762FCC44D979F9814 /* send_statistics_proxy.cc in Sources */ = {isa = PBXBuildFile; fileRef = 3E433F5331AF3D81EFEE2778 /* send_statistics_proxy.cc */; };
		D48E293FF4F9CB48C3900ABC /* video_send_stream.cc in Sources */ = {isa = PBXBuildFile; fileRef = 0B184842D1F40D04412A801C /* video_send_stream.cc */; };
		E6CE19B8F7ADEDC76A2846BC /* video_receive_stream.cc in Sources */ = {isa = PBXBuildFile; fileRef = 52FADAC17C3DE928F9FAAAD3 /* video_receive_stream.cc */; };
/* End PBXBuildFile section */

/* Begin PBXContainerItemProxy section */
		54F7CDB319B73B1613128107 /* PBXContainerItemProxy */ = {
			isa = PBXContainerItemProxy;
			containerPortal = 0C53B5B135FB7C49914A56B4 /* Project object */;
			proxyType = 1;
			remoteGlobalIDString = E7D076A489DB88E65EA89828;
			remoteInfo = webrtc_all;
		};
		E294EC9F18FEA46900319F19 /* PBXContainerItemProxy */ = {
			isa = PBXContainerItemProxy;
			containerPortal = 89D53D4FAA8C44D1B15586F2 /* modules_ios.xcodeproj */;
			proxyType = 2;
			remoteGlobalIDString = 446D4089ECE4E681730F2E90;
			remoteInfo = CNG;
		};
		E294ECA118FEA46900319F19 /* PBXContainerItemProxy */ = {
			isa = PBXContainerItemProxy;
			containerPortal = 89D53D4FAA8C44D1B15586F2 /* modules_ios.xcodeproj */;
			proxyType = 2;
			remoteGlobalIDString = F40E44A7ECC94405BE1FE16A;
			remoteInfo = G711;
		};
		E294ECA318FEA46900319F19 /* PBXContainerItemProxy */ = {
			isa = PBXContainerItemProxy;
			containerPortal = 89D53D4FAA8C44D1B15586F2 /* modules_ios.xcodeproj */;
			proxyType = 2;
			remoteGlobalIDString = D9D99D842F7FB769DDD6174C;
			remoteInfo = G722;
		};
		E294ECA518FEA46900319F19 /* PBXContainerItemProxy */ = {
			isa = PBXContainerItemProxy;
			containerPortal = 89D53D4FAA8C44D1B15586F2 /* modules_ios.xcodeproj */;
			proxyType = 2;
			remoteGlobalIDString = BC56A53163A6AF3E0E6FC439;
			remoteInfo = iLBC;
		};
		E294ECA718FEA46900319F19 /* PBXContainerItemProxy */ = {
			isa = PBXContainerItemProxy;
			containerPortal = 89D53D4FAA8C44D1B15586F2 /* modules_ios.xcodeproj */;
			proxyType = 2;
			remoteGlobalIDString = 573A8264AE8F4A4AAD45A24A;
			remoteInfo = iSAC;
		};
		E294ECA918FEA46900319F19 /* PBXContainerItemProxy */ = {
			isa = PBXContainerItemProxy;
			containerPortal = 89D53D4FAA8C44D1B15586F2 /* modules_ios.xcodeproj */;
			proxyType = 2;
			remoteGlobalIDString = A0D2296A0D1D5DA854DAEEDB;
			remoteInfo = iSACFix;
		};
		E294ECAB18FEA46900319F19 /* PBXContainerItemProxy */ = {
			isa = PBXContainerItemProxy;
			containerPortal = 89D53D4FAA8C44D1B15586F2 /* modules_ios.xcodeproj */;
			proxyType = 2;
			remoteGlobalIDString = 45A3FBE9C64A8237A03DF703;
			remoteInfo = PCM16B;
		};
		E294ECAD18FEA46900319F19 /* PBXContainerItemProxy */ = {
			isa = PBXContainerItemProxy;
			containerPortal = 89D53D4FAA8C44D1B15586F2 /* modules_ios.xcodeproj */;
			proxyType = 2;
			remoteGlobalIDString = 2EAA1CACD10DE8A53C1C3C49;
			remoteInfo = audio_coding_module;
		};
		E294ECAF18FEA46900319F19 /* PBXContainerItemProxy */ = {
			isa = PBXContainerItemProxy;
			containerPortal = 89D53D4FAA8C44D1B15586F2 /* modules_ios.xcodeproj */;
			proxyType = 2;
			remoteGlobalIDString = 77AEA170DC508F07DBBD7E5B;
			remoteInfo = acm2;
		};
		E294ECB118FEA46900319F19 /* PBXContainerItemProxy */ = {
			isa = PBXContainerItemProxy;
			containerPortal = 89D53D4FAA8C44D1B15586F2 /* modules_ios.xcodeproj */;
			proxyType = 2;
			remoteGlobalIDString = C3F3F6F717E6A97562750F76;
			remoteInfo = NetEq;
		};
		E294ECB318FEA46900319F19 /* PBXContainerItemProxy */ = {
			isa = PBXContainerItemProxy;
			containerPortal = 89D53D4FAA8C44D1B15586F2 /* modules_ios.xcodeproj */;
			proxyType = 2;
			remoteGlobalIDString = 47E7A1E345BD069D45BBFE04;
			remoteInfo = NetEq4;
		};
		E294ECB518FEA46900319F19 /* PBXContainerItemProxy */ = {
			isa = PBXContainerItemProxy;
			containerPortal = 89D53D4FAA8C44D1B15586F2 /* modules_ios.xcodeproj */;
			proxyType = 2;
			remoteGlobalIDString = F2FEE27975C2154230DA960B;
			remoteInfo = audio_conference_mixer;
		};
		E294ECB718FEA46900319F19 /* PBXContainerItemProxy */ = {
			isa = PBXContainerItemProxy;
			containerPortal = 89D53D4FAA8C44D1B15586F2 /* modules_ios.xcodeproj */;
			proxyType = 2;
			remoteGlobalIDString = 8C34BBDBF38AA4551E7D0F8E;
			remoteInfo = audio_device;
		};
		E294ECB918FEA46900319F19 /* PBXContainerItemProxy */ = {
			isa = PBXContainerItemProxy;
			containerPortal = 89D53D4FAA8C44D1B15586F2 /* modules_ios.xcodeproj */;
			proxyType = 2;
			remoteGlobalIDString = 50FA166E52AFA6D3EACA5D5E;
			remoteInfo = audio_processing;
		};
		E294ECBB18FEA46900319F19 /* PBXContainerItemProxy */ = {
			isa = PBXContainerItemProxy;
			containerPortal = 89D53D4FAA8C44D1B15586F2 /* modules_ios.xcodeproj */;
			proxyType = 2;
			remoteGlobalIDString = 16697E80415D1329E399DE24;
			remoteInfo = bitrate_controller;
		};
		E294ECBD18FEA46900319F19 /* PBXContainerItemProxy */ = {
			isa = PBXContainerItemProxy;
			containerPortal = 89D53D4FAA8C44D1B15586F2 /* modules_ios.xcodeproj */;
			proxyType = 2;
			remoteGlobalIDString = 17CB9CB5D5EDF4ABC75144A1;
			remoteInfo = desktop_capture;
		};
		E294ECBF18FEA46900319F19 /* PBXContainerItemProxy */ = {
			isa = PBXContainerItemProxy;
			containerPortal = 89D53D4FAA8C44D1B15586F2 /* modules_ios.xcodeproj */;
			proxyType = 2;
			remoteGlobalIDString = 9FC0F861FCF3ACAC90725286;
			remoteInfo = media_file;
		};
		E294ECC118FEA46900319F19 /* PBXContainerItemProxy */ = {
			isa = PBXContainerItemProxy;
			containerPortal = 89D53D4FAA8C44D1B15586F2 /* modules_ios.xcodeproj */;
			proxyType = 2;
			remoteGlobalIDString = 6FAE20AEC3454EC74EA3CCD1;
			remoteInfo = paced_sender;
		};
		E294ECC318FEA46900319F19 /* PBXContainerItemProxy */ = {
			isa = PBXContainerItemProxy;
			containerPortal = 89D53D4FAA8C44D1B15586F2 /* modules_ios.xcodeproj */;
			proxyType = 2;
			remoteGlobalIDString = DA21714B451B32D9B212B273;
			remoteInfo = remote_bitrate_estimator;
		};
		E294ECC718FEA46900319F19 /* PBXContainerItemProxy */ = {
			isa = PBXContainerItemProxy;
			containerPortal = 89D53D4FAA8C44D1B15586F2 /* modules_ios.xcodeproj */;
			proxyType = 2;
			remoteGlobalIDString = 1BC8E08AECE6DF6122DEEEFA;
			remoteInfo = rtp_rtcp;
		};
		E294ECC918FEA46900319F19 /* PBXContainerItemProxy */ = {
			isa = PBXContainerItemProxy;
			containerPortal = 89D53D4FAA8C44D1B15586F2 /* modules_ios.xcodeproj */;
			proxyType = 2;
			remoteGlobalIDString = 6F8D7F2A08F00320E314D630;
			remoteInfo = webrtc_utility;
		};
		E294ECCB18FEA46900319F19 /* PBXContainerItemProxy */ = {
			isa = PBXContainerItemProxy;
			containerPortal = 89D53D4FAA8C44D1B15586F2 /* modules_ios.xcodeproj */;
			proxyType = 2;
			remoteGlobalIDString = A6DDAF6B13B48AA44178EDCA;
			remoteInfo = webrtc_i420;
		};
		E294ECCD18FEA46900319F19 /* PBXContainerItemProxy */ = {
			isa = PBXContainerItemProxy;
			containerPortal = 89D53D4FAA8C44D1B15586F2 /* modules_ios.xcodeproj */;
			proxyType = 2;
			remoteGlobalIDString = C375C311639D1F1ECF386777;
			remoteInfo = webrtc_video_coding;
		};
		E294ECCF18FEA46900319F19 /* PBXContainerItemProxy */ = {
			isa = PBXContainerItemProxy;
			containerPortal = 89D53D4FAA8C44D1B15586F2 /* modules_ios.xcodeproj */;
			proxyType = 2;
			remoteGlobalIDString = A2A809AE5647A4389CAD2516;
			remoteInfo = video_capture_module;
		};
		E294ECD118FEA46900319F19 /* PBXContainerItemProxy */ = {
			isa = PBXContainerItemProxy;
			containerPortal = 89D53D4FAA8C44D1B15586F2 /* modules_ios.xcodeproj */;
			proxyType = 2;
			remoteGlobalIDString = 63AB530C853438E5C69C02A0;
			remoteInfo = video_processing;
		};
		E294ECD318FEA46900319F19 /* PBXContainerItemProxy */ = {
			isa = PBXContainerItemProxy;
			containerPortal = 89D53D4FAA8C44D1B15586F2 /* modules_ios.xcodeproj */;
			proxyType = 2;
			remoteGlobalIDString = BFD2DD359D58D162F3A716A1;
			remoteInfo = video_render_module;
		};
		E294ECD518FEA46900319F19 /* PBXContainerItemProxy */ = {
			isa = PBXContainerItemProxy;
			containerPortal = 89D53D4FAA8C44D1B15586F2 /* modules_ios.xcodeproj */;
			proxyType = 2;
			remoteGlobalIDString = 0284D26BA1E6147C96ACF32F;
			remoteInfo = webrtc_opus;
		};
		E294ECD718FEA46900319F19 /* PBXContainerItemProxy */ = {
			isa = PBXContainerItemProxy;
			containerPortal = 89D53D4FAA8C44D1B15586F2 /* modules_ios.xcodeproj */;
			proxyType = 2;
			remoteGlobalIDString = 3FEB03BCB30FDC710EEBDD4C;
			remoteInfo = isac_neon;
		};
		E294ECD918FEA46900319F19 /* PBXContainerItemProxy */ = {
			isa = PBXContainerItemProxy;
			containerPortal = 89D53D4FAA8C44D1B15586F2 /* modules_ios.xcodeproj */;
			proxyType = 2;
			remoteGlobalIDString = 5A36CAFAAF7B90124B7949B4;
			remoteInfo = audio_processing_neon;
		};
		E294ECDD18FEA46900319F19 /* PBXContainerItemProxy */ = {
			isa = PBXContainerItemProxy;
			containerPortal = AFAB47490817770D883BA4E1 /* video_engine_ios.xcodeproj */;
			proxyType = 2;
			remoteGlobalIDString = 872997A5CEFA5F897C043DCA;
			remoteInfo = video_engine_core;
		};
		E294ECE418FEA46B00319F19 /* PBXContainerItemProxy */ = {
			isa = PBXContainerItemProxy;
			containerPortal = E2E684A118FDBD210026DF7B /* remote_bitrate_estimator_components_ios.xcodeproj */;
			proxyType = 2;
			remoteGlobalIDString = 61DD25121769ED88899CEBA5;
			remoteInfo = rbe_components;
		};
		E294ECE718FEA46B00319F19 /* PBXContainerItemProxy */ = {
			isa = PBXContainerItemProxy;
			containerPortal = EC37690DA3989CEBC4AF6D40 /* system_wrappers_ios.xcodeproj */;
			proxyType = 2;
			remoteGlobalIDString = 7B55B6203F5C2B47E025B9F4;
			remoteInfo = system_wrappers;
		};
		E294ECED18FEA46C00319F19 /* PBXContainerItemProxy */ = {
			isa = PBXContainerItemProxy;
			containerPortal = 8F1A03E15C2D22DF51870BC0 /* voice_engine_ios.xcodeproj */;
			proxyType = 2;
			remoteGlobalIDString = D31471893030701B2D77CEE8;
			remoteInfo = voice_engine;
		};
		E294ECFE18FEA46E00319F19 /* PBXContainerItemProxy */ = {
			isa = PBXContainerItemProxy;
			containerPortal = 99963446FBD30CBC0A8A1015 /* test_ios.xcodeproj */;
			proxyType = 2;
			remoteGlobalIDString = 2F624AC3E901D8FEEA7F843C;
			remoteInfo = channel_transport;
		};
		E294ED0418FEA46E00319F19 /* PBXContainerItemProxy */ = {
			isa = PBXContainerItemProxy;
			containerPortal = E20F2EA718F83854007DB4D5 /* vp8_ios.xcodeproj */;
			proxyType = 2;
			remoteGlobalIDString = 9B2AFE48B3D5505B23FD2CA5;
			remoteInfo = webrtc_vp8;
		};
		E294ED0918FEA46E00319F19 /* PBXContainerItemProxy */ = {
			isa = PBXContainerItemProxy;
			containerPortal = B5E346C8E76EC21E2CFCAC61 /* common_video_ios.xcodeproj */;
			proxyType = 2;
			remoteGlobalIDString = BBD772A9F8616A58D1D34145;
			remoteInfo = common_video;
		};
		E294ED0E18FEA46E00319F19 /* PBXContainerItemProxy */ = {
			isa = PBXContainerItemProxy;
			containerPortal = E2E6849118FDBB6C0026DF7B /* video_coding_utility_ios.xcodeproj */;
			proxyType = 2;
			remoteGlobalIDString = 187AC5D2E1791D7913C8F00D;
			remoteInfo = video_coding_utility;
		};
		E294ED2018FEA47500319F19 /* PBXContainerItemProxy */ = {
			isa = PBXContainerItemProxy;
			containerPortal = 86168C8227755F7703AAD32B /* common_audio_ios.xcodeproj */;
			proxyType = 2;
			remoteGlobalIDString = C64322DB3186365D162B655B;
			remoteInfo = common_audio;
		};
		E294ED2218FEA47500319F19 /* PBXContainerItemProxy */ = {
			isa = PBXContainerItemProxy;
			containerPortal = 86168C8227755F7703AAD32B /* common_audio_ios.xcodeproj */;
			proxyType = 2;
			remoteGlobalIDString = C4AE7B44035281F971C20881;
			remoteInfo = common_audio_neon;
		};
		E2E46081192BFFC7005BAED9 /* PBXContainerItemProxy */ = {
			isa = PBXContainerItemProxy;
			containerPortal = E2E46074192BFFC7005BAED9 /* libvpx_ios.xcodeproj */;
			proxyType = 2;
			remoteGlobalIDString = A270F55489D4E3801CFE5F4C;
			remoteInfo = libvpx_obj_int_extract;
		};
		E2E46083192BFFC7005BAED9 /* PBXContainerItemProxy */ = {
			isa = PBXContainerItemProxy;
			containerPortal = E2E46074192BFFC7005BAED9 /* libvpx_ios.xcodeproj */;
			proxyType = 2;
			remoteGlobalIDString = 6682003ED0888DD9295361CD;
			remoteInfo = libvpx_asm_offsets_vp8;
		};
		E2E46085192BFFC7005BAED9 /* PBXContainerItemProxy */ = {
			isa = PBXContainerItemProxy;
			containerPortal = E2E46074192BFFC7005BAED9 /* libvpx_ios.xcodeproj */;
			proxyType = 2;
			remoteGlobalIDString = 6502D155EC33DD3FF7912AB1;
			remoteInfo = libvpx_asm_offsets_vpx_scale;
		};
		E2E46087192BFFC7005BAED9 /* PBXContainerItemProxy */ = {
			isa = PBXContainerItemProxy;
			containerPortal = E2E46074192BFFC7005BAED9 /* libvpx_ios.xcodeproj */;
			proxyType = 2;
			remoteGlobalIDString = 98E87CAEFCF9A906003B5768;
			remoteInfo = libvpx;
		};
		E2E460B0192BFFDE005BAED9 /* PBXContainerItemProxy */ = {
			isa = PBXContainerItemProxy;
			containerPortal = E2E460AA192BFFDE005BAED9 /* libyuv_ios.xcodeproj */;
			proxyType = 2;
			remoteGlobalIDString = 568E3016DD2F308A82671925;
			remoteInfo = libyuv;
		};
		E2E460B2192BFFDE005BAED9 /* PBXContainerItemProxy */ = {
			isa = PBXContainerItemProxy;
			containerPortal = E2E460AA192BFFDE005BAED9 /* libyuv_ios.xcodeproj */;
			proxyType = 2;
			remoteGlobalIDString = 94274D863A645939B9ED45B7;
			remoteInfo = libyuv_neon;
		};
		E2E460B9192BFFFC005BAED9 /* PBXContainerItemProxy */ = {
			isa = PBXContainerItemProxy;
			containerPortal = E2E460B4192BFFFC005BAED9 /* opus_ios.xcodeproj */;
			proxyType = 2;
			remoteGlobalIDString = 60561485D25DA098AD994844;
			remoteInfo = opus;
		};
		E2E460BB192C004A005BAED9 /* PBXContainerItemProxy */ = {
			isa = PBXContainerItemProxy;
			containerPortal = E2E460B4192BFFFC005BAED9 /* opus_ios.xcodeproj */;
			proxyType = 1;
			remoteGlobalIDString = 343C989E9B7FEAC47C6AF974;
			remoteInfo = All;
		};
		E2E460BD192C004A005BAED9 /* PBXContainerItemProxy */ = {
			isa = PBXContainerItemProxy;
			containerPortal = E2E460AA192BFFDE005BAED9 /* libyuv_ios.xcodeproj */;
			proxyType = 1;
			remoteGlobalIDString = E9C6D9B46956383542EC65F6;
			remoteInfo = All;
		};
		E2E460BF192C004A005BAED9 /* PBXContainerItemProxy */ = {
			isa = PBXContainerItemProxy;
			containerPortal = E2E46074192BFFC7005BAED9 /* libvpx_ios.xcodeproj */;
			proxyType = 1;
			remoteGlobalIDString = 9A1090C66B6349F31686A64B;
			remoteInfo = All;
		};
		E2F6774018FFFAE90028F02B /* PBXContainerItemProxy */ = {
			isa = PBXContainerItemProxy;
			containerPortal = 86168C8227755F7703AAD32B /* common_audio_ios.xcodeproj */;
			proxyType = 1;
			remoteGlobalIDString = B637BE212C1291BF53D2B334;
			remoteInfo = All;
		};
		E2F6774218FFFAE90028F02B /* PBXContainerItemProxy */ = {
			isa = PBXContainerItemProxy;
			containerPortal = B5E346C8E76EC21E2CFCAC61 /* common_video_ios.xcodeproj */;
			proxyType = 1;
			remoteGlobalIDString = 7C7BFBE130B42EB6D24D4F1C;
			remoteInfo = common_video;
		};
		E2F6774418FFFAE90028F02B /* PBXContainerItemProxy */ = {
			isa = PBXContainerItemProxy;
			containerPortal = 89D53D4FAA8C44D1B15586F2 /* modules_ios.xcodeproj */;
			proxyType = 1;
			remoteGlobalIDString = B6A0643AFA262FC6A3CE8661;
			remoteInfo = All;
		};
		E2F6774618FFFAE90028F02B /* PBXContainerItemProxy */ = {
			isa = PBXContainerItemProxy;
			containerPortal = EC37690DA3989CEBC4AF6D40 /* system_wrappers_ios.xcodeproj */;
			proxyType = 1;
			remoteGlobalIDString = 455BC70E81E4CAFA527F91CD;
			remoteInfo = system_wrappers;
		};
		E2F6774818FFFAE90028F02B /* PBXContainerItemProxy */ = {
			isa = PBXContainerItemProxy;
			containerPortal = 99963446FBD30CBC0A8A1015 /* test_ios.xcodeproj */;
			proxyType = 1;
			remoteGlobalIDString = 80CF217C4825D6A4A5527B3C;
			remoteInfo = All;
		};
		E2F6774A18FFFAE90028F02B /* PBXContainerItemProxy */ = {
			isa = PBXContainerItemProxy;
			containerPortal = AFAB47490817770D883BA4E1 /* video_engine_ios.xcodeproj */;
			proxyType = 1;
			remoteGlobalIDString = 0A409F3BCD2C0DFC55FF154E;
			remoteInfo = All;
		};
		E2F6774C18FFFAE90028F02B /* PBXContainerItemProxy */ = {
			isa = PBXContainerItemProxy;
			containerPortal = 8F1A03E15C2D22DF51870BC0 /* voice_engine_ios.xcodeproj */;
			proxyType = 1;
			remoteGlobalIDString = B72769664B0BB4FBC3DADCF5;
			remoteInfo = All;
		};
		E2F6774E18FFFAE90028F02B /* PBXContainerItemProxy */ = {
			isa = PBXContainerItemProxy;
			containerPortal = E20F2EA718F83854007DB4D5 /* vp8_ios.xcodeproj */;
			proxyType = 1;
			remoteGlobalIDString = 8F5C1330FDA6327FC786125D;
			remoteInfo = All;
		};
		E2F6775018FFFAE90028F02B /* PBXContainerItemProxy */ = {
			isa = PBXContainerItemProxy;
			containerPortal = E2E6849118FDBB6C0026DF7B /* video_coding_utility_ios.xcodeproj */;
			proxyType = 1;
			remoteGlobalIDString = D91A4F6F28D55902144D60E1;
			remoteInfo = video_coding_utility;
		};
		E2F6775218FFFAE90028F02B /* PBXContainerItemProxy */ = {
			isa = PBXContainerItemProxy;
			containerPortal = E2E684A118FDBD210026DF7B /* remote_bitrate_estimator_components_ios.xcodeproj */;
			proxyType = 1;
			remoteGlobalIDString = 2BA81E870F086FBC199E2414;
			remoteInfo = rbe_components;
		};
		ED08DAB6AB2EB53D89C4CB03 /* PBXContainerItemProxy */ = {
			isa = PBXContainerItemProxy;
			containerPortal = 0C53B5B135FB7C49914A56B4 /* Project object */;
			proxyType = 1;
			remoteGlobalIDString = F49F64DE0324C1C581A660A5;
			remoteInfo = webrtc;
		};
/* End PBXContainerItemProxy section */

/* Begin PBXFileReference section */
		02DC579466A7FC86A9048F72 /* webrtc_perf_tests.isolate */ = {isa = PBXFileReference; lastKnownFileType = text; path = webrtc_perf_tests.isolate; sourceTree = "<group>"; };
		065BB04D4CC4F7ECC5CEFADC /* rampup_tests.cc */ = {isa = PBXFileReference; lastKnownFileType = sourcecode.cpp.cpp; path = rampup_tests.cc; sourceTree = "<group>"; };
		07C0013A0647CC943C76DCCC /* full_stack.cc */ = {isa = PBXFileReference; lastKnownFileType = sourcecode.cpp.cpp; path = full_stack.cc; sourceTree = "<group>"; };
		0B184842D1F40D04412A801C /* video_send_stream.cc */ = {isa = PBXFileReference; lastKnownFileType = sourcecode.cpp.cpp; path = video_send_stream.cc; sourceTree = "<group>"; };
		0FB05EEEB453E9A4AA26240B /* bitrate_estimator_tests.cc */ = {isa = PBXFileReference; lastKnownFileType = sourcecode.cpp.cpp; path = bitrate_estimator_tests.cc; sourceTree = "<group>"; };
		0FC0F698EFFC52F174F004B4 /* video_engine_tests.isolate */ = {isa = PBXFileReference; lastKnownFileType = text; path = video_engine_tests.isolate; sourceTree = "<group>"; };
		1C472FDD9228E3E1799B840E /* frame_callback.h */ = {isa = PBXFileReference; lastKnownFileType = sourcecode.c.h; path = frame_callback.h; sourceTree = "<group>"; };
		214E3910902E5B50B6F3C73D /* receive_statistics_proxy.h */ = {isa = PBXFileReference; lastKnownFileType = sourcecode.c.h; path = receive_statistics_proxy.h; sourceTree = "<group>"; };
		24C948DE8EA0F35728C2CC8B /* encoded_frame_callback_adapter.cc */ = {isa = PBXFileReference; lastKnownFileType = sourcecode.cpp.cpp; path = encoded_frame_callback_adapter.cc; sourceTree = "<group>"; };
		29D32AE1277CE8FC6CAFD52E /* call_tests.cc */ = {isa = PBXFileReference; lastKnownFileType = sourcecode.cpp.cpp; path = call_tests.cc; sourceTree = "<group>"; };
		2DF7CBC1E55E3F08A6FC89FE /* transport_adapter.cc */ = {isa = PBXFileReference; lastKnownFileType = sourcecode.cpp.cpp; path = transport_adapter.cc; sourceTree = "<group>"; };
		374A314764B1C7063BF99C2F /* release_defaults.gypi */ = {isa = PBXFileReference; explicitFileType = sourcecode; name = release_defaults.gypi; path = ../build/internal/release_defaults.gypi; sourceTree = "<group>"; };
		3C7E6DC4012E4DAF3F7F0934 /* video_metrics_unittest.cc */ = {isa = PBXFileReference; lastKnownFileType = sourcecode.cpp.cpp; path = video_metrics_unittest.cc; sourceTree = "<group>"; };
		3E433F5331AF3D81EFEE2778 /* send_statistics_proxy.cc */ = {isa = PBXFileReference; lastKnownFileType = sourcecode.cpp.cpp; path = send_statistics_proxy.cc; sourceTree = "<group>"; };
		3E76C269CE6B357A4B87E4FB /* supplement.gypi */ = {isa = PBXFileReference; explicitFileType = sourcecode; path = supplement.gypi; sourceTree = "<group>"; };
		41AD25E99A6F1D3BCD8FBD3B /* video_send_stream_tests.cc */ = {isa = PBXFileReference; lastKnownFileType = sourcecode.cpp.cpp; path = video_send_stream_tests.cc; sourceTree = "<group>"; };
		4316A4DE6F48C37445ECE39A /* call.cc */ = {isa = PBXFileReference; lastKnownFileType = sourcecode.cpp.cpp; path = call.cc; sourceTree = "<group>"; };
		44424E56FA1FDF85265CAA5B /* common.gypi */ = {isa = PBXFileReference; explicitFileType = sourcecode; name = common.gypi; path = ../build/common.gypi; sourceTree = "<group>"; };
		52FADAC17C3DE928F9FAAAD3 /* video_receive_stream.cc */ = {isa = PBXFileReference; lastKnownFileType = sourcecode.cpp.cpp; path = video_receive_stream.cc; sourceTree = "<group>"; };
		563C4D4F9ABF0AF410B83F20 /* send_statistics_proxy.h */ = {isa = PBXFileReference; lastKnownFileType = sourcecode.c.h; path = send_statistics_proxy.h; sourceTree = "<group>"; };
		5FF51F285E7745772B0385D3 /* send_statistics_proxy_unittest.cc */ = {isa = PBXFileReference; lastKnownFileType = sourcecode.cpp.cpp; path = send_statistics_proxy_unittest.cc; sourceTree = "<group>"; };
		6396B5DD42F46B781B14CA70 /* receive_statistics_proxy.cc */ = {isa = PBXFileReference; lastKnownFileType = sourcecode.cpp.cpp; path = receive_statistics_proxy.cc; sourceTree = "<group>"; };
		655828A30A03113DF441A5D9 /* unittest-Info.plist */ = {isa = PBXFileReference; lastKnownFileType = text.plist.xml; path = "unittest-Info.plist"; sourceTree = "<group>"; };
		7362BAC16270AD58B80AC43F /* test_main.cc */ = {isa = PBXFileReference; lastKnownFileType = sourcecode.cpp.cpp; path = test_main.cc; sourceTree = "<group>"; };
		75D7D19B28ABAFFA819AF964 /* encoded_frame_callback_adapter.h */ = {isa = PBXFileReference; lastKnownFileType = sourcecode.c.h; path = encoded_frame_callback_adapter.h; sourceTree = "<group>"; };
		7E287799A5BADA58C3746891 /* transport.h */ = {isa = PBXFileReference; lastKnownFileType = sourcecode.c.h; path = transport.h; sourceTree = "<group>"; };
		7E54C4BB477943F99CE4DA45 /* call_perf_tests.cc */ = {isa = PBXFileReference; lastKnownFileType = sourcecode.cpp.cpp; path = call_perf_tests.cc; sourceTree = "<group>"; };
		86168C8227755F7703AAD32B /* common_audio_ios.xcodeproj */ = {isa = PBXFileReference; lastKnownFileType = "wrapper.pb-project"; name = common_audio_ios.xcodeproj; path = common_audio/common_audio_ios.xcodeproj; sourceTree = SOURCE_ROOT; };
		86663C5C50D66318A5695656 /* video_receive_stream.h */ = {isa = PBXFileReference; lastKnownFileType = sourcecode.c.h; path = video_receive_stream.h; sourceTree = "<group>"; };
		8705DCE95F42917227B1FECC /* video_receive_stream.h */ = {isa = PBXFileReference; lastKnownFileType = sourcecode.c.h; path = video_receive_stream.h; sourceTree = "<group>"; };
		887676025FDC00FA0231942E /* neteq_performance_unittest.cc */ = {isa = PBXFileReference; lastKnownFileType = sourcecode.cpp.cpp; path = neteq_performance_unittest.cc; sourceTree = "<group>"; };
		89D53D4FAA8C44D1B15586F2 /* modules_ios.xcodeproj */ = {isa = PBXFileReference; lastKnownFileType = "wrapper.pb-project"; name = modules_ios.xcodeproj; path = modules/modules_ios.xcodeproj; sourceTree = SOURCE_ROOT; };
		8EB9AEBE6AC6BA0F59A7082F /* experiments.h */ = {isa = PBXFileReference; lastKnownFileType = sourcecode.c.h; path = experiments.h; sourceTree = "<group>"; };
		8F1A03E15C2D22DF51870BC0 /* voice_engine_ios.xcodeproj */ = {isa = PBXFileReference; lastKnownFileType = "wrapper.pb-project"; name = voice_engine_ios.xcodeproj; path = voice_engine/voice_engine_ios.xcodeproj; sourceTree = SOURCE_ROOT; };
		93C8769C38E50814BD1E0181 /* video_renderer.h */ = {isa = PBXFileReference; lastKnownFileType = sourcecode.c.h; path = video_renderer.h; sourceTree = "<group>"; };
		99963446FBD30CBC0A8A1015 /* test_ios.xcodeproj */ = {isa = PBXFileReference; lastKnownFileType = "wrapper.pb-project"; name = test_ios.xcodeproj; path = test/test_ios.xcodeproj; sourceTree = SOURCE_ROOT; };
		9FB2AB21EE15FB884504D950 /* Default-568h@2x.png */ = {isa = PBXFileReference; lastKnownFileType = image.png; path = "Default-568h@2x.png"; sourceTree = "<group>"; };
		A172962030A2857F6FEE5F95 /* common_unittest.cc */ = {isa = PBXFileReference; lastKnownFileType = sourcecode.cpp.cpp; path = common_unittest.cc; sourceTree = "<group>"; };
		A71B21AAF7A2F10C56AB3425 /* isolate.gypi */ = {isa = PBXFileReference; explicitFileType = sourcecode; name = isolate.gypi; path = build/isolate.gypi; sourceTree = "<group>"; };
		AA009B7505FF6D9F876B28C0 /* config.h */ = {isa = PBXFileReference; lastKnownFileType = sourcecode.c.h; path = config.h; sourceTree = "<group>"; };
		AFAB47490817770D883BA4E1 /* video_engine_ios.xcodeproj */ = {isa = PBXFileReference; lastKnownFileType = "wrapper.pb-project"; name = video_engine_ios.xcodeproj; path = video_engine/video_engine_ios.xcodeproj; sourceTree = SOURCE_ROOT; };
		B18F519147199BFE3944243D /* release_impl.gypi */ = {isa = PBXFileReference; explicitFileType = sourcecode; name = release_impl.gypi; path = ../build/internal/release_impl.gypi; sourceTree = "<group>"; };
		B5E346C8E76EC21E2CFCAC61 /* common_video_ios.xcodeproj */ = {isa = PBXFileReference; lastKnownFileType = "wrapper.pb-project"; name = common_video_ios.xcodeproj; path = common_video/common_video_ios.xcodeproj; sourceTree = SOURCE_ROOT; };
		B9D21B227924B676EB3AB322 /* call.h */ = {isa = PBXFileReference; lastKnownFileType = sourcecode.c.h; path = call.h; sourceTree = "<group>"; };
		BC5D68BBCD37697ED24A5F5B /* webrtc.gyp */ = {isa = PBXFileReference; explicitFileType = sourcecode; path = webrtc.gyp; sourceTree = "<group>"; };
		C0965AD962A42101F415B966 /* filename_rules.gypi */ = {isa = PBXFileReference; explicitFileType = sourcecode; name = filename_rules.gypi; path = ../build/filename_rules.gypi; sourceTree = "<group>"; };
		CFA1F0286228CE2F083EE81C /* video_send_stream.h */ = {isa = PBXFileReference; lastKnownFileType = sourcecode.c.h; path = video_send_stream.h; sourceTree = "<group>"; };
		D6B241EEAA297189666BBF4E /* video_send_stream.h */ = {isa = PBXFileReference; lastKnownFileType = sourcecode.c.h; path = video_send_stream.h; sourceTree = "<group>"; };
		D9C9E305A35BB6ABAF37BE8E /* loopback.cc */ = {isa = PBXFileReference; lastKnownFileType = sourcecode.cpp.cpp; path = loopback.cc; sourceTree = "<group>"; };
		D9F32959024A3DE38441E273 /* libwebrtc.a */ = {isa = PBXFileReference; explicitFileType = archive.ar; includeInIndex = 0; path = libwebrtc.a; sourceTree = BUILT_PRODUCTS_DIR; };
		E20F2EA718F83854007DB4D5 /* vp8_ios.xcodeproj */ = {isa = PBXFileReference; lastKnownFileType = "wrapper.pb-project"; name = vp8_ios.xcodeproj; path = modules/video_coding/codecs/vp8/vp8_ios.xcodeproj; sourceTree = "<group>"; };
		E2E46074192BFFC7005BAED9 /* libvpx_ios.xcodeproj */ = {isa = PBXFileReference; lastKnownFileType = "wrapper.pb-project"; name = libvpx_ios.xcodeproj; path = ../third_party/libvpx/libvpx_ios.xcodeproj; sourceTree = "<group>"; };
		E2E460AA192BFFDE005BAED9 /* libyuv_ios.xcodeproj */ = {isa = PBXFileReference; lastKnownFileType = "wrapper.pb-project"; name = libyuv_ios.xcodeproj; path = ../third_party/libyuv/libyuv_ios.xcodeproj; sourceTree = "<group>"; };
		E2E460B4192BFFFC005BAED9 /* opus_ios.xcodeproj */ = {isa = PBXFileReference; lastKnownFileType = "wrapper.pb-project"; name = opus_ios.xcodeproj; path = ../third_party/opus/opus_ios.xcodeproj; sourceTree = "<group>"; };
		E2E6849118FDBB6C0026DF7B /* video_coding_utility_ios.xcodeproj */ = {isa = PBXFileReference; lastKnownFileType = "wrapper.pb-project"; name = video_coding_utility_ios.xcodeproj; path = modules/video_coding/utility/video_coding_utility_ios.xcodeproj; sourceTree = "<group>"; };
		E2E684A118FDBD210026DF7B /* remote_bitrate_estimator_components_ios.xcodeproj */ = {isa = PBXFileReference; lastKnownFileType = "wrapper.pb-project"; name = remote_bitrate_estimator_components_ios.xcodeproj; path = modules/remote_bitrate_estimator/remote_bitrate_estimator_components_ios.xcodeproj; sourceTree = "<group>"; };
		E8C30A0E099D4216454E7743 /* webrtc_video.gypi */ = {isa = PBXFileReference; explicitFileType = sourcecode; name = webrtc_video.gypi; path = video/webrtc_video.gypi; sourceTree = "<group>"; };
		EB69AD7E82E64BDD0E1A580A /* webrtc_tests.gypi */ = {isa = PBXFileReference; explicitFileType = sourcecode; path = webrtc_tests.gypi; sourceTree = "<group>"; };
		EC37690DA3989CEBC4AF6D40 /* system_wrappers_ios.xcodeproj */ = {isa = PBXFileReference; lastKnownFileType = "wrapper.pb-project"; name = system_wrappers_ios.xcodeproj; path = system_wrappers/source/system_wrappers_ios.xcodeproj; sourceTree = SOURCE_ROOT; };
		EE07DCE595C32C9C759C89AE /* common.gypi */ = {isa = PBXFileReference; explicitFileType = sourcecode; name = common.gypi; path = build/common.gypi; sourceTree = "<group>"; };
		EE7042144EA4591428A1F64F /* transport_adapter.h */ = {isa = PBXFileReference; lastKnownFileType = sourcecode.c.h; path = transport_adapter.h; sourceTree = "<group>"; };
		FCBEC595BB8BCA5884D9C2FE /* release.gypi */ = {isa = PBXFileReference; explicitFileType = sourcecode; name = release.gypi; path = ../build/release.gypi; sourceTree = "<group>"; };
		FE52432B0206061ECDF9F3DB /* release_impl_official.gypi */ = {isa = PBXFileReference; explicitFileType = sourcecode; name = release_impl_official.gypi; path = ../build/internal/release_impl_official.gypi; sourceTree = "<group>"; };
/* End PBXFileReference section */

/* Begin PBXFrameworksBuildPhase section */
		A40DAE8224694638AF43C5F5 /* Frameworks */ = {
			isa = PBXFrameworksBuildPhase;
			buildActionMask = 2147483647;
			files = (
			);
			runOnlyForDeploymentPostprocessing = 0;
		};
/* End PBXFrameworksBuildPhase section */

/* Begin PBXGroup section */
		117295FC00378D68BD27E4F1 /* Projects */ = {
			isa = PBXGroup;
			children = (
				86168C8227755F7703AAD32B /* common_audio_ios.xcodeproj */,
				B5E346C8E76EC21E2CFCAC61 /* common_video_ios.xcodeproj */,
				89D53D4FAA8C44D1B15586F2 /* modules_ios.xcodeproj */,
				EC37690DA3989CEBC4AF6D40 /* system_wrappers_ios.xcodeproj */,
				99963446FBD30CBC0A8A1015 /* test_ios.xcodeproj */,
				AFAB47490817770D883BA4E1 /* video_engine_ios.xcodeproj */,
				8F1A03E15C2D22DF51870BC0 /* voice_engine_ios.xcodeproj */,
				E20F2EA718F83854007DB4D5 /* vp8_ios.xcodeproj */,
				E2E6849118FDBB6C0026DF7B /* video_coding_utility_ios.xcodeproj */,
				E2E684A118FDBD210026DF7B /* remote_bitrate_estimator_components_ios.xcodeproj */,
				E2E460B4192BFFFC005BAED9 /* opus_ios.xcodeproj */,
				E2E460AA192BFFDE005BAED9 /* libyuv_ios.xcodeproj */,
				E2E46074192BFFC7005BAED9 /* libvpx_ios.xcodeproj */,
			);
			name = Projects;
			sourceTree = "<group>";
		};
		1744E90775C5416E59FF17C5 /* ../testing/gtest_ios */ = {
			isa = PBXGroup;
			children = (
				9FB2AB21EE15FB884504D950 /* Default-568h@2x.png */,
				655828A30A03113DF441A5D9 /* unittest-Info.plist */,
			);
			path = ../testing/gtest_ios;
			sourceTree = "<group>";
		};
		1D7A85E427252E9A8146AF34 /* video */ = {
			isa = PBXGroup;
			children = (
				0FB05EEEB453E9A4AA26240B /* bitrate_estimator_tests.cc */,
				4316A4DE6F48C37445ECE39A /* call.cc */,
				7E54C4BB477943F99CE4DA45 /* call_perf_tests.cc */,
				29D32AE1277CE8FC6CAFD52E /* call_tests.cc */,
				24C948DE8EA0F35728C2CC8B /* encoded_frame_callback_adapter.cc */,
				75D7D19B28ABAFFA819AF964 /* encoded_frame_callback_adapter.h */,
				07C0013A0647CC943C76DCCC /* full_stack.cc */,
				D9C9E305A35BB6ABAF37BE8E /* loopback.cc */,
				065BB04D4CC4F7ECC5CEFADC /* rampup_tests.cc */,
				6396B5DD42F46B781B14CA70 /* receive_statistics_proxy.cc */,
				214E3910902E5B50B6F3C73D /* receive_statistics_proxy.h */,
				3E433F5331AF3D81EFEE2778 /* send_statistics_proxy.cc */,
				563C4D4F9ABF0AF410B83F20 /* send_statistics_proxy.h */,
				5FF51F285E7745772B0385D3 /* send_statistics_proxy_unittest.cc */,
				2DF7CBC1E55E3F08A6FC89FE /* transport_adapter.cc */,
				EE7042144EA4591428A1F64F /* transport_adapter.h */,
				52FADAC17C3DE928F9FAAAD3 /* video_receive_stream.cc */,
				8705DCE95F42917227B1FECC /* video_receive_stream.h */,
				0B184842D1F40D04412A801C /* video_send_stream.cc */,
				CFA1F0286228CE2F083EE81C /* video_send_stream.h */,
				41AD25E99A6F1D3BCD8FBD3B /* video_send_stream_tests.cc */,
			);
			path = video;
			sourceTree = "<group>";
		};
		2FCC896F7049F29BC2A2AABA /* testsupport/metrics */ = {
			isa = PBXGroup;
			children = (
				3C7E6DC4012E4DAF3F7F0934 /* video_metrics_unittest.cc */,
			);
			path = testsupport/metrics;
			sourceTree = "<group>";
		};
		57F5008B06EF9013E2955EE1 /* Build */ = {
			isa = PBXGroup;
			children = (
				44424E56FA1FDF85265CAA5B /* common.gypi */,
				EE07DCE595C32C9C759C89AE /* common.gypi */,
				C0965AD962A42101F415B966 /* filename_rules.gypi */,
				A71B21AAF7A2F10C56AB3425 /* isolate.gypi */,
				FCBEC595BB8BCA5884D9C2FE /* release.gypi */,
				374A314764B1C7063BF99C2F /* release_defaults.gypi */,
				B18F519147199BFE3944243D /* release_impl.gypi */,
				FE52432B0206061ECDF9F3DB /* release_impl_official.gypi */,
				3E76C269CE6B357A4B87E4FB /* supplement.gypi */,
				0FC0F698EFFC52F174F004B4 /* video_engine_tests.isolate */,
				BC5D68BBCD37697ED24A5F5B /* webrtc.gyp */,
				02DC579466A7FC86A9048F72 /* webrtc_perf_tests.isolate */,
				EB69AD7E82E64BDD0E1A580A /* webrtc_tests.gypi */,
				E8C30A0E099D4216454E7743 /* webrtc_video.gypi */,
			);
			name = Build;
			sourceTree = "<group>";
		};
		5F481384E3E79D7DCC7BAE96 /* Products */ = {
			isa = PBXGroup;
			children = (
				D9F32959024A3DE38441E273 /* libwebrtc.a */,
			);
			name = Products;
			sourceTree = "<group>";
		};
		99A4786F2DEEDBBFD3FC9B51 /* modules/audio_coding/neteq4/test */ = {
			isa = PBXGroup;
			children = (
				887676025FDC00FA0231942E /* neteq_performance_unittest.cc */,
			);
			path = modules/audio_coding/neteq4/test;
			sourceTree = "<group>";
		};
		DD3E7740DF7A835CA94542AF /* Source */ = {
			isa = PBXGroup;
			children = (
				1744E90775C5416E59FF17C5 /* ../testing/gtest_ios */,
				99A4786F2DEEDBBFD3FC9B51 /* modules/audio_coding/neteq4/test */,
				F3D0FA0B1321A9B975F6103A /* test */,
				1D7A85E427252E9A8146AF34 /* video */,
				B9D21B227924B676EB3AB322 /* call.h */,
				AA009B7505FF6D9F876B28C0 /* config.h */,
				8EB9AEBE6AC6BA0F59A7082F /* experiments.h */,
				1C472FDD9228E3E1799B840E /* frame_callback.h */,
				7E287799A5BADA58C3746891 /* transport.h */,
				86663C5C50D66318A5695656 /* video_receive_stream.h */,
				93C8769C38E50814BD1E0181 /* video_renderer.h */,
				D6B241EEAA297189666BBF4E /* video_send_stream.h */,
			);
			name = Source;
			sourceTree = "<group>";
		};
		E294EC7818FEA46900319F19 /* Products */ = {
			isa = PBXGroup;
			children = (
				E294ECDE18FEA46900319F19 /* libvideo_engine_core.a */,
			);
			name = Products;
			sourceTree = "<group>";
		};
		E294EC7E18FEA46900319F19 /* Products */ = {
			isa = PBXGroup;
			children = (
				E294ECA018FEA46900319F19 /* libCNG.a */,
				E294ECA218FEA46900319F19 /* libG711.a */,
				E294ECA418FEA46900319F19 /* libG722.a */,
				E294ECA618FEA46900319F19 /* libiLBC.a */,
				E294ECA818FEA46900319F19 /* libiSAC.a */,
				E294ECAA18FEA46900319F19 /* libiSACFix.a */,
				E294ECAC18FEA46900319F19 /* libPCM16B.a */,
				E294ECAE18FEA46900319F19 /* libaudio_coding_module.a */,
				E294ECB018FEA46900319F19 /* libacm2.a */,
				E294ECB218FEA46900319F19 /* libNetEq.a */,
				E294ECB418FEA46900319F19 /* libNetEq4.a */,
				E294ECB618FEA46900319F19 /* libaudio_conference_mixer.a */,
				E294ECB818FEA46900319F19 /* libaudio_device.a */,
				E294ECBA18FEA46900319F19 /* libaudio_processing.a */,
				E294ECBC18FEA46900319F19 /* libbitrate_controller.a */,
				E294ECBE18FEA46900319F19 /* libdesktop_capture.a */,
				E294ECC018FEA46900319F19 /* libmedia_file.a */,
				E294ECC218FEA46900319F19 /* libpaced_sender.a */,
				E294ECC418FEA46900319F19 /* libremote_bitrate_estimator.a */,
				E294ECC818FEA46900319F19 /* librtp_rtcp.a */,
				E294ECCA18FEA46900319F19 /* libwebrtc_utility.a */,
				E294ECCC18FEA46900319F19 /* libwebrtc_i420.a */,
				E294ECCE18FEA46900319F19 /* libwebrtc_video_coding.a */,
				E294ECD018FEA46900319F19 /* libvideo_capture_module.a */,
				E294ECD218FEA46900319F19 /* libvideo_processing.a */,
				E294ECD418FEA46900319F19 /* libvideo_render_module.a */,
				E294ECD618FEA46900319F19 /* libwebrtc_opus.a */,
				E294ECD818FEA46900319F19 /* libisac_neon.a */,
				E294ECDA18FEA46900319F19 /* libaudio_processing_neon.a */,
			);
			name = Products;
			sourceTree = "<group>";
		};
		E294ECDF18FEA46900319F19 /* Products */ = {
			isa = PBXGroup;
			children = (
				E294ECE818FEA46B00319F19 /* libsystem_wrappers.a */,
			);
			name = Products;
			sourceTree = "<group>";
		};
		E294ECE118FEA46B00319F19 /* Products */ = {
			isa = PBXGroup;
			children = (
				E294ECE518FEA46B00319F19 /* librbe_components.a */,
			);
			name = Products;
			sourceTree = "<group>";
		};
		E294ECE918FEA46B00319F19 /* Products */ = {
			isa = PBXGroup;
			children = (
				E294ECEE18FEA46C00319F19 /* libvoice_engine.a */,
			);
			name = Products;
			sourceTree = "<group>";
		};
		E294ECFA18FEA46E00319F19 /* Products */ = {
			isa = PBXGroup;
			children = (
				E294ECFF18FEA46E00319F19 /* libchannel_transport.a */,
			);
			name = Products;
			sourceTree = "<group>";
		};
		E294ED0018FEA46E00319F19 /* Products */ = {
			isa = PBXGroup;
			children = (
				E294ED0518FEA46E00319F19 /* libwebrtc_vp8.a */,
			);
			name = Products;
			sourceTree = "<group>";
		};
		E294ED0618FEA46E00319F19 /* Products */ = {
			isa = PBXGroup;
			children = (
				E294ED0A18FEA46E00319F19 /* libcommon_video.a */,
			);
			name = Products;
			sourceTree = "<group>";
		};
		E294ED0B18FEA46E00319F19 /* Products */ = {
			isa = PBXGroup;
			children = (
				E294ED0F18FEA46E00319F19 /* libvideo_coding_utility.a */,
			);
			name = Products;
			sourceTree = "<group>";
		};
		E294ED1918FEA47500319F19 /* Products */ = {
			isa = PBXGroup;
			children = (
				E294ED2118FEA47500319F19 /* libcommon_audio.a */,
				E294ED2318FEA47500319F19 /* libcommon_audio_neon.a */,
			);
			name = Products;
			sourceTree = "<group>";
		};
		E2E46075192BFFC7005BAED9 /* Products */ = {
			isa = PBXGroup;
			children = (
				E2E46082192BFFC7005BAED9 /* libvpx_obj_int_extract */,
				E2E46084192BFFC7005BAED9 /* libvpx_asm_offsets_vp8.a */,
				E2E46086192BFFC7005BAED9 /* libvpx_asm_offsets_vpx_scale.a */,
				E2E46088192BFFC7005BAED9 /* libvpx.a */,
			);
			name = Products;
			sourceTree = "<group>";
		};
		E2E460AB192BFFDE005BAED9 /* Products */ = {
			isa = PBXGroup;
			children = (
				E2E460B1192BFFDE005BAED9 /* libyuv.a */,
				E2E460B3192BFFDE005BAED9 /* libyuv_neon.a */,
			);
			name = Products;
			sourceTree = "<group>";
		};
		E2E460B5192BFFFC005BAED9 /* Products */ = {
			isa = PBXGroup;
			children = (
				E2E460BA192BFFFC005BAED9 /* libopus.a */,
			);
			name = Products;
			sourceTree = "<group>";
		};
		F2179B1DC4A238EA62024FB0 = {
			isa = PBXGroup;
			children = (
				DD3E7740DF7A835CA94542AF /* Source */,
				117295FC00378D68BD27E4F1 /* Projects */,
				5F481384E3E79D7DCC7BAE96 /* Products */,
				57F5008B06EF9013E2955EE1 /* Build */,
			);
			sourceTree = "<group>";
		};
		F3D0FA0B1321A9B975F6103A /* test */ = {
			isa = PBXGroup;
			children = (
				2FCC896F7049F29BC2A2AABA /* testsupport/metrics */,
				A172962030A2857F6FEE5F95 /* common_unittest.cc */,
				7362BAC16270AD58B80AC43F /* test_main.cc */,
			);
			path = test;
			sourceTree = "<group>";
		};
/* End PBXGroup section */

/* Begin PBXNativeTarget section */
		F49F64DE0324C1C581A660A5 /* webrtc */ = {
			isa = PBXNativeTarget;
			buildConfigurationList = 3E97DB56982ECE1F2E03575A /* Build configuration list for PBXNativeTarget "webrtc" */;
			buildPhases = (
				A4947C6C492858E771157BD7 /* Sources */,
				A40DAE8224694638AF43C5F5 /* Frameworks */,
			);
			buildRules = (
			);
			dependencies = (
			);
			name = webrtc;
			productName = webrtc;
			productReference = D9F32959024A3DE38441E273 /* libwebrtc.a */;
			productType = "com.apple.product-type.library.static";
		};
/* End PBXNativeTarget section */

/* Begin PBXProject section */
		0C53B5B135FB7C49914A56B4 /* Project object */ = {
			isa = PBXProject;
			attributes = {
				BuildIndependentTargetsInParallel = YES;
				LastUpgradeCheck = 0510;
			};
			buildConfigurationList = 6753F9FC0B4CE31CFEB50EB9 /* Build configuration list for PBXProject "webrtc_ios" */;
			compatibilityVersion = "Xcode 3.2";
			developmentRegion = English;
			hasScannedForEncodings = 1;
			knownRegions = (
				en,
			);
			mainGroup = F2179B1DC4A238EA62024FB0;
			projectDirPath = "";
			projectReferences = (
				{
					ProductGroup = E294ED1918FEA47500319F19 /* Products */;
					ProjectRef = 86168C8227755F7703AAD32B /* common_audio_ios.xcodeproj */;
				},
				{
					ProductGroup = E294ED0618FEA46E00319F19 /* Products */;
					ProjectRef = B5E346C8E76EC21E2CFCAC61 /* common_video_ios.xcodeproj */;
				},
				{
					ProductGroup = E2E46075192BFFC7005BAED9 /* Products */;
					ProjectRef = E2E46074192BFFC7005BAED9 /* libvpx_ios.xcodeproj */;
				},
				{
					ProductGroup = E2E460AB192BFFDE005BAED9 /* Products */;
					ProjectRef = E2E460AA192BFFDE005BAED9 /* libyuv_ios.xcodeproj */;
				},
				{
					ProductGroup = E294EC7E18FEA46900319F19 /* Products */;
					ProjectRef = 89D53D4FAA8C44D1B15586F2 /* modules_ios.xcodeproj */;
				},
				{
					ProductGroup = E2E460B5192BFFFC005BAED9 /* Products */;
					ProjectRef = E2E460B4192BFFFC005BAED9 /* opus_ios.xcodeproj */;
				},
				{
					ProductGroup = E294ECE118FEA46B00319F19 /* Products */;
					ProjectRef = E2E684A118FDBD210026DF7B /* remote_bitrate_estimator_components_ios.xcodeproj */;
				},
				{
					ProductGroup = E294ECDF18FEA46900319F19 /* Products */;
					ProjectRef = EC37690DA3989CEBC4AF6D40 /* system_wrappers_ios.xcodeproj */;
				},
				{
					ProductGroup = E294ECFA18FEA46E00319F19 /* Products */;
					ProjectRef = 99963446FBD30CBC0A8A1015 /* test_ios.xcodeproj */;
				},
				{
					ProductGroup = E294ED0B18FEA46E00319F19 /* Products */;
					ProjectRef = E2E6849118FDBB6C0026DF7B /* video_coding_utility_ios.xcodeproj */;
				},
				{
					ProductGroup = E294EC7818FEA46900319F19 /* Products */;
					ProjectRef = AFAB47490817770D883BA4E1 /* video_engine_ios.xcodeproj */;
				},
				{
					ProductGroup = E294ECE918FEA46B00319F19 /* Products */;
					ProjectRef = 8F1A03E15C2D22DF51870BC0 /* voice_engine_ios.xcodeproj */;
				},
				{
					ProductGroup = E294ED0018FEA46E00319F19 /* Products */;
					ProjectRef = E20F2EA718F83854007DB4D5 /* vp8_ios.xcodeproj */;
				},
			);
			projectRoot = "";
			targets = (
				307C243DFDDBFD9EF8440480 /* All */,
				E7D076A489DB88E65EA89828 /* webrtc_all */,
				F49F64DE0324C1C581A660A5 /* webrtc */,
			);
		};
/* End PBXProject section */

/* Begin PBXReferenceProxy section */
		E294ECA018FEA46900319F19 /* libCNG.a */ = {
			isa = PBXReferenceProxy;
			fileType = archive.ar;
			path = libCNG.a;
			remoteRef = E294EC9F18FEA46900319F19 /* PBXContainerItemProxy */;
			sourceTree = BUILT_PRODUCTS_DIR;
		};
		E294ECA218FEA46900319F19 /* libG711.a */ = {
			isa = PBXReferenceProxy;
			fileType = archive.ar;
			path = libG711.a;
			remoteRef = E294ECA118FEA46900319F19 /* PBXContainerItemProxy */;
			sourceTree = BUILT_PRODUCTS_DIR;
		};
		E294ECA418FEA46900319F19 /* libG722.a */ = {
			isa = PBXReferenceProxy;
			fileType = archive.ar;
			path = libG722.a;
			remoteRef = E294ECA318FEA46900319F19 /* PBXContainerItemProxy */;
			sourceTree = BUILT_PRODUCTS_DIR;
		};
		E294ECA618FEA46900319F19 /* libiLBC.a */ = {
			isa = PBXReferenceProxy;
			fileType = archive.ar;
			path = libiLBC.a;
			remoteRef = E294ECA518FEA46900319F19 /* PBXContainerItemProxy */;
			sourceTree = BUILT_PRODUCTS_DIR;
		};
		E294ECA818FEA46900319F19 /* libiSAC.a */ = {
			isa = PBXReferenceProxy;
			fileType = archive.ar;
			path = libiSAC.a;
			remoteRef = E294ECA718FEA46900319F19 /* PBXContainerItemProxy */;
			sourceTree = BUILT_PRODUCTS_DIR;
		};
		E294ECAA18FEA46900319F19 /* libiSACFix.a */ = {
			isa = PBXReferenceProxy;
			fileType = archive.ar;
			path = libiSACFix.a;
			remoteRef = E294ECA918FEA46900319F19 /* PBXContainerItemProxy */;
			sourceTree = BUILT_PRODUCTS_DIR;
		};
		E294ECAC18FEA46900319F19 /* libPCM16B.a */ = {
			isa = PBXReferenceProxy;
			fileType = archive.ar;
			path = libPCM16B.a;
			remoteRef = E294ECAB18FEA46900319F19 /* PBXContainerItemProxy */;
			sourceTree = BUILT_PRODUCTS_DIR;
		};
		E294ECAE18FEA46900319F19 /* libaudio_coding_module.a */ = {
			isa = PBXReferenceProxy;
			fileType = archive.ar;
			path = libaudio_coding_module.a;
			remoteRef = E294ECAD18FEA46900319F19 /* PBXContainerItemProxy */;
			sourceTree = BUILT_PRODUCTS_DIR;
		};
		E294ECB018FEA46900319F19 /* libacm2.a */ = {
			isa = PBXReferenceProxy;
			fileType = archive.ar;
			path = libacm2.a;
			remoteRef = E294ECAF18FEA46900319F19 /* PBXContainerItemProxy */;
			sourceTree = BUILT_PRODUCTS_DIR;
		};
		E294ECB218FEA46900319F19 /* libNetEq.a */ = {
			isa = PBXReferenceProxy;
			fileType = archive.ar;
			path = libNetEq.a;
			remoteRef = E294ECB118FEA46900319F19 /* PBXContainerItemProxy */;
			sourceTree = BUILT_PRODUCTS_DIR;
		};
		E294ECB418FEA46900319F19 /* libNetEq4.a */ = {
			isa = PBXReferenceProxy;
			fileType = archive.ar;
			path = libNetEq4.a;
			remoteRef = E294ECB318FEA46900319F19 /* PBXContainerItemProxy */;
			sourceTree = BUILT_PRODUCTS_DIR;
		};
		E294ECB618FEA46900319F19 /* libaudio_conference_mixer.a */ = {
			isa = PBXReferenceProxy;
			fileType = archive.ar;
			path = libaudio_conference_mixer.a;
			remoteRef = E294ECB518FEA46900319F19 /* PBXContainerItemProxy */;
			sourceTree = BUILT_PRODUCTS_DIR;
		};
		E294ECB818FEA46900319F19 /* libaudio_device.a */ = {
			isa = PBXReferenceProxy;
			fileType = archive.ar;
			path = libaudio_device.a;
			remoteRef = E294ECB718FEA46900319F19 /* PBXContainerItemProxy */;
			sourceTree = BUILT_PRODUCTS_DIR;
		};
		E294ECBA18FEA46900319F19 /* libaudio_processing.a */ = {
			isa = PBXReferenceProxy;
			fileType = archive.ar;
			path = libaudio_processing.a;
			remoteRef = E294ECB918FEA46900319F19 /* PBXContainerItemProxy */;
			sourceTree = BUILT_PRODUCTS_DIR;
		};
		E294ECBC18FEA46900319F19 /* libbitrate_controller.a */ = {
			isa = PBXReferenceProxy;
			fileType = archive.ar;
			path = libbitrate_controller.a;
			remoteRef = E294ECBB18FEA46900319F19 /* PBXContainerItemProxy */;
			sourceTree = BUILT_PRODUCTS_DIR;
		};
		E294ECBE18FEA46900319F19 /* libdesktop_capture.a */ = {
			isa = PBXReferenceProxy;
			fileType = archive.ar;
			path = libdesktop_capture.a;
			remoteRef = E294ECBD18FEA46900319F19 /* PBXContainerItemProxy */;
			sourceTree = BUILT_PRODUCTS_DIR;
		};
		E294ECC018FEA46900319F19 /* libmedia_file.a */ = {
			isa = PBXReferenceProxy;
			fileType = archive.ar;
			path = libmedia_file.a;
			remoteRef = E294ECBF18FEA46900319F19 /* PBXContainerItemProxy */;
			sourceTree = BUILT_PRODUCTS_DIR;
		};
		E294ECC218FEA46900319F19 /* libpaced_sender.a */ = {
			isa = PBXReferenceProxy;
			fileType = archive.ar;
			path = libpaced_sender.a;
			remoteRef = E294ECC118FEA46900319F19 /* PBXContainerItemProxy */;
			sourceTree = BUILT_PRODUCTS_DIR;
		};
		E294ECC418FEA46900319F19 /* libremote_bitrate_estimator.a */ = {
			isa = PBXReferenceProxy;
			fileType = archive.ar;
			path = libremote_bitrate_estimator.a;
			remoteRef = E294ECC318FEA46900319F19 /* PBXContainerItemProxy */;
			sourceTree = BUILT_PRODUCTS_DIR;
		};
		E294ECC818FEA46900319F19 /* librtp_rtcp.a */ = {
			isa = PBXReferenceProxy;
			fileType = archive.ar;
			path = librtp_rtcp.a;
			remoteRef = E294ECC718FEA46900319F19 /* PBXContainerItemProxy */;
			sourceTree = BUILT_PRODUCTS_DIR;
		};
		E294ECCA18FEA46900319F19 /* libwebrtc_utility.a */ = {
			isa = PBXReferenceProxy;
			fileType = archive.ar;
			path = libwebrtc_utility.a;
			remoteRef = E294ECC918FEA46900319F19 /* PBXContainerItemProxy */;
			sourceTree = BUILT_PRODUCTS_DIR;
		};
		E294ECCC18FEA46900319F19 /* libwebrtc_i420.a */ = {
			isa = PBXReferenceProxy;
			fileType = archive.ar;
			path = libwebrtc_i420.a;
			remoteRef = E294ECCB18FEA46900319F19 /* PBXContainerItemProxy */;
			sourceTree = BUILT_PRODUCTS_DIR;
		};
		E294ECCE18FEA46900319F19 /* libwebrtc_video_coding.a */ = {
			isa = PBXReferenceProxy;
			fileType = archive.ar;
			path = libwebrtc_video_coding.a;
			remoteRef = E294ECCD18FEA46900319F19 /* PBXContainerItemProxy */;
			sourceTree = BUILT_PRODUCTS_DIR;
		};
		E294ECD018FEA46900319F19 /* libvideo_capture_module.a */ = {
			isa = PBXReferenceProxy;
			fileType = archive.ar;
			path = libvideo_capture_module.a;
			remoteRef = E294ECCF18FEA46900319F19 /* PBXContainerItemProxy */;
			sourceTree = BUILT_PRODUCTS_DIR;
		};
		E294ECD218FEA46900319F19 /* libvideo_processing.a */ = {
			isa = PBXReferenceProxy;
			fileType = archive.ar;
			path = libvideo_processing.a;
			remoteRef = E294ECD118FEA46900319F19 /* PBXContainerItemProxy */;
			sourceTree = BUILT_PRODUCTS_DIR;
		};
		E294ECD418FEA46900319F19 /* libvideo_render_module.a */ = {
			isa = PBXReferenceProxy;
			fileType = archive.ar;
			path = libvideo_render_module.a;
			remoteRef = E294ECD318FEA46900319F19 /* PBXContainerItemProxy */;
			sourceTree = BUILT_PRODUCTS_DIR;
		};
		E294ECD618FEA46900319F19 /* libwebrtc_opus.a */ = {
			isa = PBXReferenceProxy;
			fileType = archive.ar;
			path = libwebrtc_opus.a;
			remoteRef = E294ECD518FEA46900319F19 /* PBXContainerItemProxy */;
			sourceTree = BUILT_PRODUCTS_DIR;
		};
		E294ECD818FEA46900319F19 /* libisac_neon.a */ = {
			isa = PBXReferenceProxy;
			fileType = archive.ar;
			path = libisac_neon.a;
			remoteRef = E294ECD718FEA46900319F19 /* PBXContainerItemProxy */;
			sourceTree = BUILT_PRODUCTS_DIR;
		};
		E294ECDA18FEA46900319F19 /* libaudio_processing_neon.a */ = {
			isa = PBXReferenceProxy;
			fileType = archive.ar;
			path = libaudio_processing_neon.a;
			remoteRef = E294ECD918FEA46900319F19 /* PBXContainerItemProxy */;
			sourceTree = BUILT_PRODUCTS_DIR;
		};
		E294ECDE18FEA46900319F19 /* libvideo_engine_core.a */ = {
			isa = PBXReferenceProxy;
			fileType = archive.ar;
			path = libvideo_engine_core.a;
			remoteRef = E294ECDD18FEA46900319F19 /* PBXContainerItemProxy */;
			sourceTree = BUILT_PRODUCTS_DIR;
		};
		E294ECE518FEA46B00319F19 /* librbe_components.a */ = {
			isa = PBXReferenceProxy;
			fileType = archive.ar;
			path = librbe_components.a;
			remoteRef = E294ECE418FEA46B00319F19 /* PBXContainerItemProxy */;
			sourceTree = BUILT_PRODUCTS_DIR;
		};
		E294ECE818FEA46B00319F19 /* libsystem_wrappers.a */ = {
			isa = PBXReferenceProxy;
			fileType = archive.ar;
			path = libsystem_wrappers.a;
			remoteRef = E294ECE718FEA46B00319F19 /* PBXContainerItemProxy */;
			sourceTree = BUILT_PRODUCTS_DIR;
		};
		E294ECEE18FEA46C00319F19 /* libvoice_engine.a */ = {
			isa = PBXReferenceProxy;
			fileType = archive.ar;
			path = libvoice_engine.a;
			remoteRef = E294ECED18FEA46C00319F19 /* PBXContainerItemProxy */;
			sourceTree = BUILT_PRODUCTS_DIR;
		};
		E294ECFF18FEA46E00319F19 /* libchannel_transport.a */ = {
			isa = PBXReferenceProxy;
			fileType = archive.ar;
			path = libchannel_transport.a;
			remoteRef = E294ECFE18FEA46E00319F19 /* PBXContainerItemProxy */;
			sourceTree = BUILT_PRODUCTS_DIR;
		};
		E294ED0518FEA46E00319F19 /* libwebrtc_vp8.a */ = {
			isa = PBXReferenceProxy;
			fileType = archive.ar;
			path = libwebrtc_vp8.a;
			remoteRef = E294ED0418FEA46E00319F19 /* PBXContainerItemProxy */;
			sourceTree = BUILT_PRODUCTS_DIR;
		};
		E294ED0A18FEA46E00319F19 /* libcommon_video.a */ = {
			isa = PBXReferenceProxy;
			fileType = archive.ar;
			path = libcommon_video.a;
			remoteRef = E294ED0918FEA46E00319F19 /* PBXContainerItemProxy */;
			sourceTree = BUILT_PRODUCTS_DIR;
		};
		E294ED0F18FEA46E00319F19 /* libvideo_coding_utility.a */ = {
			isa = PBXReferenceProxy;
			fileType = archive.ar;
			path = libvideo_coding_utility.a;
			remoteRef = E294ED0E18FEA46E00319F19 /* PBXContainerItemProxy */;
			sourceTree = BUILT_PRODUCTS_DIR;
		};
		E294ED2118FEA47500319F19 /* libcommon_audio.a */ = {
			isa = PBXReferenceProxy;
			fileType = archive.ar;
			path = libcommon_audio.a;
			remoteRef = E294ED2018FEA47500319F19 /* PBXContainerItemProxy */;
			sourceTree = BUILT_PRODUCTS_DIR;
		};
		E294ED2318FEA47500319F19 /* libcommon_audio_neon.a */ = {
			isa = PBXReferenceProxy;
			fileType = archive.ar;
			path = libcommon_audio_neon.a;
			remoteRef = E294ED2218FEA47500319F19 /* PBXContainerItemProxy */;
			sourceTree = BUILT_PRODUCTS_DIR;
		};
		E2E46082192BFFC7005BAED9 /* libvpx_obj_int_extract */ = {
			isa = PBXReferenceProxy;
			fileType = "compiled.mach-o.executable";
			path = libvpx_obj_int_extract;
			remoteRef = E2E46081192BFFC7005BAED9 /* PBXContainerItemProxy */;
			sourceTree = BUILT_PRODUCTS_DIR;
		};
		E2E46084192BFFC7005BAED9 /* libvpx_asm_offsets_vp8.a */ = {
			isa = PBXReferenceProxy;
			fileType = archive.ar;
			path = libvpx_asm_offsets_vp8.a;
			remoteRef = E2E46083192BFFC7005BAED9 /* PBXContainerItemProxy */;
			sourceTree = BUILT_PRODUCTS_DIR;
		};
		E2E46086192BFFC7005BAED9 /* libvpx_asm_offsets_vpx_scale.a */ = {
			isa = PBXReferenceProxy;
			fileType = archive.ar;
			path = libvpx_asm_offsets_vpx_scale.a;
			remoteRef = E2E46085192BFFC7005BAED9 /* PBXContainerItemProxy */;
			sourceTree = BUILT_PRODUCTS_DIR;
		};
		E2E46088192BFFC7005BAED9 /* libvpx.a */ = {
			isa = PBXReferenceProxy;
			fileType = archive.ar;
			path = libvpx.a;
			remoteRef = E2E46087192BFFC7005BAED9 /* PBXContainerItemProxy */;
			sourceTree = BUILT_PRODUCTS_DIR;
		};
		E2E460B1192BFFDE005BAED9 /* libyuv.a */ = {
			isa = PBXReferenceProxy;
			fileType = archive.ar;
			path = libyuv.a;
			remoteRef = E2E460B0192BFFDE005BAED9 /* PBXContainerItemProxy */;
			sourceTree = BUILT_PRODUCTS_DIR;
		};
		E2E460B3192BFFDE005BAED9 /* libyuv_neon.a */ = {
			isa = PBXReferenceProxy;
			fileType = archive.ar;
			path = libyuv_neon.a;
			remoteRef = E2E460B2192BFFDE005BAED9 /* PBXContainerItemProxy */;
			sourceTree = BUILT_PRODUCTS_DIR;
		};
		E2E460BA192BFFFC005BAED9 /* libopus.a */ = {
			isa = PBXReferenceProxy;
			fileType = archive.ar;
			path = libopus.a;
			remoteRef = E2E460B9192BFFFC005BAED9 /* PBXContainerItemProxy */;
			sourceTree = BUILT_PRODUCTS_DIR;
		};
/* End PBXReferenceProxy section */

/* Begin PBXSourcesBuildPhase section */
		A4947C6C492858E771157BD7 /* Sources */ = {
			isa = PBXSourcesBuildPhase;
			buildActionMask = 2147483647;
			files = (
				1DC916C03BABCAE245FDCE18 /* call.cc in Sources */,
				130AAE187815DFE9E0B53A33 /* encoded_frame_callback_adapter.cc in Sources */,
				930A441762FCC44D979F9814 /* send_statistics_proxy.cc in Sources */,
				0D8F09EFD3A76F469B1A490A /* receive_statistics_proxy.cc in Sources */,
				79BC51F403025860BDF844B1 /* transport_adapter.cc in Sources */,
				E6CE19B8F7ADEDC76A2846BC /* video_receive_stream.cc in Sources */,
				D48E293FF4F9CB48C3900ABC /* video_send_stream.cc in Sources */,
			);
			runOnlyForDeploymentPostprocessing = 0;
		};
/* End PBXSourcesBuildPhase section */

/* Begin PBXTargetDependency section */
		A935E142D0217088CABE8A19 /* PBXTargetDependency */ = {
			isa = PBXTargetDependency;
			target = F49F64DE0324C1C581A660A5 /* webrtc */;
			targetProxy = ED08DAB6AB2EB53D89C4CB03 /* PBXContainerItemProxy */;
		};
		D1F412F0200340CEB46EDF22 /* PBXTargetDependency */ = {
			isa = PBXTargetDependency;
			target = E7D076A489DB88E65EA89828 /* webrtc_all */;
			targetProxy = 54F7CDB319B73B1613128107 /* PBXContainerItemProxy */;
		};
		E2E460BC192C004A005BAED9 /* PBXTargetDependency */ = {
			isa = PBXTargetDependency;
			name = All;
			targetProxy = E2E460BB192C004A005BAED9 /* PBXContainerItemProxy */;
		};
		E2E460BE192C004A005BAED9 /* PBXTargetDependency */ = {
			isa = PBXTargetDependency;
			name = All;
			targetProxy = E2E460BD192C004A005BAED9 /* PBXContainerItemProxy */;
		};
		E2E460C0192C004A005BAED9 /* PBXTargetDependency */ = {
			isa = PBXTargetDependency;
			name = All;
			targetProxy = E2E460BF192C004A005BAED9 /* PBXContainerItemProxy */;
		};
		E2F6774118FFFAE90028F02B /* PBXTargetDependency */ = {
			isa = PBXTargetDependency;
			name = All;
			targetProxy = E2F6774018FFFAE90028F02B /* PBXContainerItemProxy */;
		};
		E2F6774318FFFAE90028F02B /* PBXTargetDependency */ = {
			isa = PBXTargetDependency;
			name = common_video;
			targetProxy = E2F6774218FFFAE90028F02B /* PBXContainerItemProxy */;
		};
		E2F6774518FFFAE90028F02B /* PBXTargetDependency */ = {
			isa = PBXTargetDependency;
			name = All;
			targetProxy = E2F6774418FFFAE90028F02B /* PBXContainerItemProxy */;
		};
		E2F6774718FFFAE90028F02B /* PBXTargetDependency */ = {
			isa = PBXTargetDependency;
			name = system_wrappers;
			targetProxy = E2F6774618FFFAE90028F02B /* PBXContainerItemProxy */;
		};
		E2F6774918FFFAE90028F02B /* PBXTargetDependency */ = {
			isa = PBXTargetDependency;
			name = All;
			targetProxy = E2F6774818FFFAE90028F02B /* PBXContainerItemProxy */;
		};
		E2F6774B18FFFAE90028F02B /* PBXTargetDependency */ = {
			isa = PBXTargetDependency;
			name = All;
			targetProxy = E2F6774A18FFFAE90028F02B /* PBXContainerItemProxy */;
		};
		E2F6774D18FFFAE90028F02B /* PBXTargetDependency */ = {
			isa = PBXTargetDependency;
			name = All;
			targetProxy = E2F6774C18FFFAE90028F02B /* PBXContainerItemProxy */;
		};
		E2F6774F18FFFAE90028F02B /* PBXTargetDependency */ = {
			isa = PBXTargetDependency;
			name = All;
			targetProxy = E2F6774E18FFFAE90028F02B /* PBXContainerItemProxy */;
		};
		E2F6775118FFFAE90028F02B /* PBXTargetDependency */ = {
			isa = PBXTargetDependency;
			name = video_coding_utility;
			targetProxy = E2F6775018FFFAE90028F02B /* PBXContainerItemProxy */;
		};
		E2F6775318FFFAE90028F02B /* PBXTargetDependency */ = {
			isa = PBXTargetDependency;
			name = rbe_components;
			targetProxy = E2F6775218FFFAE90028F02B /* PBXContainerItemProxy */;
		};
/* End PBXTargetDependency section */

/* Begin XCBuildConfiguration section */
		0D102760AECC20E4E8465716 /* Release */ = {
			isa = XCBuildConfiguration;
			buildSettings = {
				ALWAYS_SEARCH_USER_PATHS = NO;
				CLANG_CXX_LANGUAGE_STANDARD = "gnu++0x";
				CLANG_LINK_OBJC_RUNTIME = NO;
				CLANG_WARN_OBJC_MISSING_PROPERTY_SYNTHESIS = YES;
				COPY_PHASE_STRIP = NO;
				DEAD_CODE_STRIPPING = YES;
				EXECUTABLE_PREFIX = lib;
				GCC_CW_ASM_SYNTAX = NO;
				GCC_C_LANGUAGE_STANDARD = c99;
				GCC_ENABLE_CPP_EXCEPTIONS = NO;
				GCC_ENABLE_CPP_RTTI = NO;
				GCC_ENABLE_PASCAL_STRINGS = NO;
				GCC_INLINES_ARE_PRIVATE_EXTERN = YES;
				GCC_OBJC_CALL_CXX_CDTORS = YES;
				GCC_OPTIMIZATION_LEVEL = s;
				GCC_PRECOMPILE_PREFIX_HEADER = YES;
				GCC_PREPROCESSOR_DEFINITIONS = (
					V8_DEPRECATION_WARNINGS,
					BLINK_SCALE_FILTERS_AT_RECORD_TIME,
					DISABLE_NACL,
					CHROMIUM_BUILD,
					"USE_LIBJPEG_TURBO=1",
					ENABLE_CONFIGURATION_POLICY,
					DISCARDABLE_MEMORY_ALWAYS_SUPPORTED_NATIVELY,
					SYSTEM_NATIVELY_SIGNALS_MEMORY_PRESSURE,
					"ENABLE_EGLIMAGE=1",
					"CLD_VERSION=1",
					"ENABLE_SPELLCHECK=1",
					"DISABLE_FTP_SUPPORT=1",
					WEBRTC_MODULE_UTILITY_VIDEO,
					WEBRTC_ARCH_ARM,
					WEBRTC_ARCH_ARM_V7,
					WEBRTC_ARCH_ARM_NEON,
					WEBRTC_POSIX,
					WEBRTC_MAC,
					WEBRTC_IOS,
					__STDC_CONSTANT_MACROS,
					__STDC_FORMAT_MACROS,
					NDEBUG,
					NVALGRIND,
					"DYNAMIC_ANNOTATIONS_ENABLED=0",
					"NS_BLOCK_ASSERTIONS=1",
					"_FORTIFY_SOURCE=2",
				);
				GCC_SYMBOLS_PRIVATE_EXTERN = YES;
				GCC_THREADSAFE_STATICS = NO;
				GCC_TREAT_WARNINGS_AS_ERRORS = YES;
				GCC_VERSION = com.apple.compilers.llvm.clang.1_0;
				GCC_WARN_ABOUT_MISSING_NEWLINE = YES;
				HEADER_SEARCH_PATHS = (
					..,
					..,
				);
				IPHONEOS_DEPLOYMENT_TARGET = 6.0;
				OTHER_CFLAGS = "";
				OTHER_LDFLAGS = (
					"-framework",
					AVFoundation,
					"-framework",
					CoreMedia,
					"-framework",
					CoreVideo,
					"-framework",
					UIKit,
					"-framework",
					OpenGLES,
					"-framework",
					QuartzCore,
					"-framework",
					UIKit,
				);
				PRODUCT_NAME = webrtc;
				USE_HEADERMAP = NO;
				VALID_ARCHS = "armv7 armv7s";
				WARNING_CFLAGS = (
					"-Wall",
					"-Wendif-labels",
					"-Wextra",
					"-Wno-unused-parameter",
					"-Wno-missing-field-initializers",
					"-Wheader-hygiene",
					"-Wno-c++11-narrowing",
					"-Wno-char-subscripts",
					"-Wno-unneeded-internal-declaration",
					"-Wno-covered-switch-default",
					"-Wstring-conversion",
					"-Wno-deprecated-register",
					"-Wno-absolute-value",
					"-Wno-unknown-warning-option",
				);
			};
			name = Release;
		};
		1039F089ED2DAF5123FF5B18 /* Release */ = {
			isa = XCBuildConfiguration;
			buildSettings = {
				INTERMEDIATE_DIR = "$(PROJECT_DERIVED_FILE_DIR)/$(CONFIGURATION)";
				SDKROOT = iphoneos;
				SHARED_INTERMEDIATE_DIR = "$(SYMROOT)/DerivedSources/$(CONFIGURATION)";
				SKIP_INSTALL = YES;
				SYMROOT = ../xcodebuild;
				TARGETED_DEVICE_FAMILY = "1,2";
			};
			name = Release;
		};
		121BAC2D65535B6715800D78 /* Debug */ = {
			isa = XCBuildConfiguration;
			buildSettings = {
				INTERMEDIATE_DIR = "$(PROJECT_DERIVED_FILE_DIR)/$(CONFIGURATION)";
				SDKROOT = iphoneos;
				SHARED_INTERMEDIATE_DIR = "$(SYMROOT)/DerivedSources/$(CONFIGURATION)";
				SKIP_INSTALL = YES;
				SYMROOT = ../xcodebuild;
				TARGETED_DEVICE_FAMILY = "1,2";
			};
			name = Debug;
		};
		18D60EB35148473F38E30CDA /* Profile */ = {
			isa = XCBuildConfiguration;
			buildSettings = {
				ALWAYS_SEARCH_USER_PATHS = NO;
				CLANG_CXX_LANGUAGE_STANDARD = "gnu++0x";
				CLANG_LINK_OBJC_RUNTIME = NO;
				CLANG_WARN_OBJC_MISSING_PROPERTY_SYNTHESIS = YES;
				COPY_PHASE_STRIP = NO;
				DEAD_CODE_STRIPPING = YES;
				EXECUTABLE_PREFIX = lib;
				GCC_CW_ASM_SYNTAX = NO;
				GCC_C_LANGUAGE_STANDARD = c99;
				GCC_ENABLE_CPP_EXCEPTIONS = NO;
				GCC_ENABLE_CPP_RTTI = NO;
				GCC_ENABLE_PASCAL_STRINGS = NO;
				GCC_INLINES_ARE_PRIVATE_EXTERN = YES;
				GCC_OBJC_CALL_CXX_CDTORS = YES;
				GCC_OPTIMIZATION_LEVEL = s;
				GCC_PRECOMPILE_PREFIX_HEADER = YES;
				GCC_PREPROCESSOR_DEFINITIONS = (
					V8_DEPRECATION_WARNINGS,
					BLINK_SCALE_FILTERS_AT_RECORD_TIME,
					DISABLE_NACL,
					CHROMIUM_BUILD,
					"USE_LIBJPEG_TURBO=1",
					ENABLE_CONFIGURATION_POLICY,
					DISCARDABLE_MEMORY_ALWAYS_SUPPORTED_NATIVELY,
					SYSTEM_NATIVELY_SIGNALS_MEMORY_PRESSURE,
					"ENABLE_EGLIMAGE=1",
					"CLD_VERSION=1",
					"ENABLE_SPELLCHECK=1",
					"DISABLE_FTP_SUPPORT=1",
					WEBRTC_MODULE_UTILITY_VIDEO,
					WEBRTC_ARCH_ARM,
					WEBRTC_ARCH_ARM_V7,
					WEBRTC_ARCH_ARM_NEON,
					WEBRTC_POSIX,
					WEBRTC_MAC,
					WEBRTC_IOS,
					__STDC_CONSTANT_MACROS,
					__STDC_FORMAT_MACROS,
					NDEBUG,
					NVALGRIND,
					"DYNAMIC_ANNOTATIONS_ENABLED=0",
					"NS_BLOCK_ASSERTIONS=1",
					"_FORTIFY_SOURCE=2",
				);
				GCC_SYMBOLS_PRIVATE_EXTERN = YES;
				GCC_THREADSAFE_STATICS = NO;
				GCC_TREAT_WARNINGS_AS_ERRORS = YES;
				GCC_VERSION = com.apple.compilers.llvm.clang.1_0;
				GCC_WARN_ABOUT_MISSING_NEWLINE = YES;
				HEADER_SEARCH_PATHS = (
					..,
					..,
				);
				IPHONEOS_DEPLOYMENT_TARGET = 6.0;
				OTHER_CFLAGS = "";
				OTHER_LDFLAGS = (
					"-framework",
					AVFoundation,
					"-framework",
					CoreMedia,
					"-framework",
					CoreVideo,
					"-framework",
					UIKit,
					"-framework",
					OpenGLES,
					"-framework",
					QuartzCore,
					"-framework",
					UIKit,
				);
				PRODUCT_NAME = webrtc;
				USE_HEADERMAP = NO;
				VALID_ARCHS = "armv7 armv7s";
				WARNING_CFLAGS = (
					"-Wall",
					"-Wendif-labels",
					"-Wextra",
					"-Wno-unused-parameter",
					"-Wno-missing-field-initializers",
					"-Wheader-hygiene",
					"-Wno-c++11-narrowing",
					"-Wno-char-subscripts",
					"-Wno-unneeded-internal-declaration",
					"-Wno-covered-switch-default",
					"-Wstring-conversion",
					"-Wno-deprecated-register",
					"-Wno-absolute-value",
					"-Wno-unknown-warning-option",
				);
			};
			name = Profile;
		};
		38579FE056D52B5E781C35FA /* Profile */ = {
			isa = XCBuildConfiguration;
			buildSettings = {
				ALWAYS_SEARCH_USER_PATHS = NO;
				CLANG_CXX_LANGUAGE_STANDARD = "gnu++0x";
				CLANG_LINK_OBJC_RUNTIME = NO;
				CLANG_WARN_OBJC_MISSING_PROPERTY_SYNTHESIS = YES;
				COPY_PHASE_STRIP = NO;
				DEAD_CODE_STRIPPING = YES;
				GCC_CW_ASM_SYNTAX = NO;
				GCC_C_LANGUAGE_STANDARD = c99;
				GCC_ENABLE_CPP_EXCEPTIONS = NO;
				GCC_ENABLE_CPP_RTTI = NO;
				GCC_ENABLE_PASCAL_STRINGS = NO;
				GCC_INLINES_ARE_PRIVATE_EXTERN = YES;
				GCC_OBJC_CALL_CXX_CDTORS = YES;
				GCC_OPTIMIZATION_LEVEL = s;
				GCC_PRECOMPILE_PREFIX_HEADER = YES;
				GCC_PREPROCESSOR_DEFINITIONS = (
					V8_DEPRECATION_WARNINGS,
					BLINK_SCALE_FILTERS_AT_RECORD_TIME,
					DISABLE_NACL,
					CHROMIUM_BUILD,
					"USE_LIBJPEG_TURBO=1",
					ENABLE_CONFIGURATION_POLICY,
					DISCARDABLE_MEMORY_ALWAYS_SUPPORTED_NATIVELY,
					SYSTEM_NATIVELY_SIGNALS_MEMORY_PRESSURE,
					"ENABLE_EGLIMAGE=1",
					"CLD_VERSION=1",
					"ENABLE_SPELLCHECK=1",
					"DISABLE_FTP_SUPPORT=1",
					WEBRTC_MODULE_UTILITY_VIDEO,
					WEBRTC_ARCH_ARM,
					WEBRTC_ARCH_ARM_V7,
					WEBRTC_ARCH_ARM_NEON,
					WEBRTC_POSIX,
					WEBRTC_MAC,
					WEBRTC_IOS,
					"GTEST_HAS_POSIX_RE=0",
					__STDC_CONSTANT_MACROS,
					__STDC_FORMAT_MACROS,
					NDEBUG,
					NVALGRIND,
					"DYNAMIC_ANNOTATIONS_ENABLED=0",
					"NS_BLOCK_ASSERTIONS=1",
					"_FORTIFY_SOURCE=2",
				);
				GCC_SYMBOLS_PRIVATE_EXTERN = YES;
				GCC_THREADSAFE_STATICS = NO;
				GCC_TREAT_WARNINGS_AS_ERRORS = YES;
				GCC_VERSION = com.apple.compilers.llvm.clang.1_0;
				GCC_WARN_ABOUT_MISSING_NEWLINE = YES;
				HEADER_SEARCH_PATHS = (
					..,
					..,
					common_audio/resampler/include,
					common_audio/signal_processing/include,
					common_audio/vad/include,
					common_video/interface,
					common_video/libyuv/include,
					modules/audio_coding/codecs/cng/include,
					../webrtc,
					modules/audio_coding/codecs/g711/include,
					modules/audio_coding/codecs/g722/include,
					modules/audio_coding/codecs/ilbc/interface,
					modules/audio_coding/codecs/isac/main/interface,
					modules/audio_coding/codecs/isac/fix/interface,
					modules/audio_coding/codecs/pcm16b/include,
					modules/audio_coding/main/interface,
					modules/interface,
					modules/audio_coding/neteq/interface,
					../third_party/opus/src/celt,
					../third_party/opus/src/src,
					../third_party/opus/src/include,
					modules/audio_conference_mixer/interface,
					modules/audio_device/include,
					modules/media_file/interface,
					modules/remote_bitrate_estimator/include,
					modules/audio_coding/neteq/test,
					modules/audio_coding/neteq4/tools,
					modules/audio_coding/neteq4/interface,
					modules/audio_coding/neteq4/test,
					system_wrappers/interface,
					../third_party/libyuv/include,
					../third_party/libyuv,
				);
				IPHONEOS_DEPLOYMENT_TARGET = 6.0;
				OTHER_CFLAGS = "";
				OTHER_LDFLAGS = (
					"-framework",
					AVFoundation,
					"-framework",
					CoreMedia,
					"-framework",
					CoreVideo,
					"-framework",
					UIKit,
					"-framework",
					OpenGLES,
					"-framework",
					QuartzCore,
					"-framework",
					UIKit,
					"-Wl,-search_paths_first",
				);
				PRODUCT_NAME = webrtc_all;
				USE_HEADERMAP = NO;
				WARNING_CFLAGS = (
					"-Wall",
					"-Wendif-labels",
					"-Wextra",
					"-Wno-unused-parameter",
					"-Wno-missing-field-initializers",
					"-Wheader-hygiene",
					"-Wno-c++11-narrowing",
					"-Wno-char-subscripts",
					"-Wno-unneeded-internal-declaration",
					"-Wno-covered-switch-default",
					"-Wstring-conversion",
					"-Wno-deprecated-register",
					"-Wno-absolute-value",
					"-Wno-unknown-warning-option",
				);
			};
			name = Profile;
		};
		44871755ABB219AC4DF34704 /* Release */ = {
			isa = XCBuildConfiguration;
			buildSettings = {
				ALWAYS_SEARCH_USER_PATHS = NO;
				CLANG_CXX_LANGUAGE_STANDARD = "gnu++0x";
				CLANG_LINK_OBJC_RUNTIME = NO;
				CLANG_WARN_OBJC_MISSING_PROPERTY_SYNTHESIS = YES;
				COPY_PHASE_STRIP = NO;
				DEAD_CODE_STRIPPING = YES;
				GCC_CW_ASM_SYNTAX = NO;
				GCC_C_LANGUAGE_STANDARD = c99;
				GCC_ENABLE_CPP_EXCEPTIONS = NO;
				GCC_ENABLE_CPP_RTTI = NO;
				GCC_ENABLE_PASCAL_STRINGS = NO;
				GCC_INLINES_ARE_PRIVATE_EXTERN = YES;
				GCC_OBJC_CALL_CXX_CDTORS = YES;
				GCC_OPTIMIZATION_LEVEL = s;
				GCC_PRECOMPILE_PREFIX_HEADER = YES;
				GCC_PREPROCESSOR_DEFINITIONS = (
					V8_DEPRECATION_WARNINGS,
					BLINK_SCALE_FILTERS_AT_RECORD_TIME,
					DISABLE_NACL,
					CHROMIUM_BUILD,
					"USE_LIBJPEG_TURBO=1",
					ENABLE_CONFIGURATION_POLICY,
					DISCARDABLE_MEMORY_ALWAYS_SUPPORTED_NATIVELY,
					SYSTEM_NATIVELY_SIGNALS_MEMORY_PRESSURE,
					"ENABLE_EGLIMAGE=1",
					"CLD_VERSION=1",
					"ENABLE_SPELLCHECK=1",
					"DISABLE_FTP_SUPPORT=1",
					WEBRTC_MODULE_UTILITY_VIDEO,
					WEBRTC_ARCH_ARM,
					WEBRTC_ARCH_ARM_V7,
					WEBRTC_ARCH_ARM_NEON,
					WEBRTC_POSIX,
					WEBRTC_MAC,
					WEBRTC_IOS,
					"GTEST_HAS_POSIX_RE=0",
					__STDC_CONSTANT_MACROS,
					__STDC_FORMAT_MACROS,
					NDEBUG,
					NVALGRIND,
					"DYNAMIC_ANNOTATIONS_ENABLED=0",
					"NS_BLOCK_ASSERTIONS=1",
					"_FORTIFY_SOURCE=2",
				);
				GCC_SYMBOLS_PRIVATE_EXTERN = YES;
				GCC_THREADSAFE_STATICS = NO;
				GCC_TREAT_WARNINGS_AS_ERRORS = YES;
				GCC_VERSION = com.apple.compilers.llvm.clang.1_0;
				GCC_WARN_ABOUT_MISSING_NEWLINE = YES;
				HEADER_SEARCH_PATHS = (
					..,
					..,
					common_audio/resampler/include,
					common_audio/signal_processing/include,
					common_audio/vad/include,
					common_video/interface,
					common_video/libyuv/include,
					modules/audio_coding/codecs/cng/include,
					../webrtc,
					modules/audio_coding/codecs/g711/include,
					modules/audio_coding/codecs/g722/include,
					modules/audio_coding/codecs/ilbc/interface,
					modules/audio_coding/codecs/isac/main/interface,
					modules/audio_coding/codecs/isac/fix/interface,
					modules/audio_coding/codecs/pcm16b/include,
					modules/audio_coding/main/interface,
					modules/interface,
					modules/audio_coding/neteq/interface,
					../third_party/opus/src/celt,
					../third_party/opus/src/src,
					../third_party/opus/src/include,
					modules/audio_conference_mixer/interface,
					modules/audio_device/include,
					modules/media_file/interface,
					modules/remote_bitrate_estimator/include,
					modules/audio_coding/neteq/test,
					modules/audio_coding/neteq4/tools,
					modules/audio_coding/neteq4/interface,
					modules/audio_coding/neteq4/test,
					system_wrappers/interface,
					../third_party/libyuv/include,
					../third_party/libyuv,
				);
				IPHONEOS_DEPLOYMENT_TARGET = 6.0;
				OTHER_CFLAGS = "";
				OTHER_LDFLAGS = (
					"-framework",
					AVFoundation,
					"-framework",
					CoreMedia,
					"-framework",
					CoreVideo,
					"-framework",
					UIKit,
					"-framework",
					OpenGLES,
					"-framework",
					QuartzCore,
					"-framework",
					UIKit,
					"-Wl,-search_paths_first",
				);
				PRODUCT_NAME = webrtc_all;
				USE_HEADERMAP = NO;
				WARNING_CFLAGS = (
					"-Wall",
					"-Wendif-labels",
					"-Wextra",
					"-Wno-unused-parameter",
					"-Wno-missing-field-initializers",
					"-Wheader-hygiene",
					"-Wno-c++11-narrowing",
					"-Wno-char-subscripts",
					"-Wno-unneeded-internal-declaration",
					"-Wno-covered-switch-default",
					"-Wstring-conversion",
					"-Wno-deprecated-register",
					"-Wno-absolute-value",
					"-Wno-unknown-warning-option",
				);
			};
			name = Release;
		};
		54C78411BE3B25FAFCAE89D6 /* Profile */ = {
			isa = XCBuildConfiguration;
			buildSettings = {
				INTERMEDIATE_DIR = "$(PROJECT_DERIVED_FILE_DIR)/$(CONFIGURATION)";
				SDKROOT = iphoneos;
				SHARED_INTERMEDIATE_DIR = "$(SYMROOT)/DerivedSources/$(CONFIGURATION)";
				SKIP_INSTALL = YES;
				SYMROOT = ../xcodebuild;
				TARGETED_DEVICE_FAMILY = "1,2";
			};
			name = Profile;
		};
		890AC7B0B4F647A8A39DF4C4 /* Release */ = {
			isa = XCBuildConfiguration;
			buildSettings = {
				COPY_PHASE_STRIP = NO;
				PRODUCT_NAME = All;
				STRIP_INSTALLED_PRODUCT = NO;
			};
			name = Release;
		};
		DB63C54827F77132F8E4A5DB /* Debug */ = {
			isa = XCBuildConfiguration;
			buildSettings = {
				ALWAYS_SEARCH_USER_PATHS = NO;
				CLANG_CXX_LANGUAGE_STANDARD = "gnu++0x";
				CLANG_LINK_OBJC_RUNTIME = NO;
				CLANG_WARN_OBJC_MISSING_PROPERTY_SYNTHESIS = YES;
				COPY_PHASE_STRIP = NO;
				GCC_CW_ASM_SYNTAX = NO;
				GCC_C_LANGUAGE_STANDARD = c99;
				GCC_ENABLE_CPP_EXCEPTIONS = NO;
				GCC_ENABLE_CPP_RTTI = NO;
				GCC_ENABLE_PASCAL_STRINGS = NO;
				GCC_INLINES_ARE_PRIVATE_EXTERN = YES;
				GCC_OBJC_CALL_CXX_CDTORS = YES;
				GCC_OPTIMIZATION_LEVEL = 0;
				GCC_PRECOMPILE_PREFIX_HEADER = YES;
				GCC_PREPROCESSOR_DEFINITIONS = (
					V8_DEPRECATION_WARNINGS,
					BLINK_SCALE_FILTERS_AT_RECORD_TIME,
					DISABLE_NACL,
					CHROMIUM_BUILD,
					"USE_LIBJPEG_TURBO=1",
					ENABLE_CONFIGURATION_POLICY,
					DISCARDABLE_MEMORY_ALWAYS_SUPPORTED_NATIVELY,
					SYSTEM_NATIVELY_SIGNALS_MEMORY_PRESSURE,
					"ENABLE_EGLIMAGE=1",
					"CLD_VERSION=1",
					"ENABLE_SPELLCHECK=1",
					"DISABLE_FTP_SUPPORT=1",
					WEBRTC_MODULE_UTILITY_VIDEO,
					WEBRTC_ARCH_ARM,
					WEBRTC_ARCH_ARM_V7,
					WEBRTC_ARCH_ARM_NEON,
					WEBRTC_POSIX,
					WEBRTC_MAC,
					WEBRTC_IOS,
					"GTEST_HAS_POSIX_RE=0",
					__STDC_CONSTANT_MACROS,
					__STDC_FORMAT_MACROS,
					"DYNAMIC_ANNOTATIONS_ENABLED=1",
					"WTF_USE_DYNAMIC_ANNOTATIONS=1",
				);
				GCC_SYMBOLS_PRIVATE_EXTERN = YES;
				GCC_THREADSAFE_STATICS = NO;
				GCC_TREAT_WARNINGS_AS_ERRORS = YES;
				GCC_VERSION = com.apple.compilers.llvm.clang.1_0;
				GCC_WARN_ABOUT_MISSING_NEWLINE = YES;
				HEADER_SEARCH_PATHS = (
					..,
					..,
					common_audio/resampler/include,
					common_audio/signal_processing/include,
					common_audio/vad/include,
					common_video/interface,
					common_video/libyuv/include,
					modules/audio_coding/codecs/cng/include,
					../webrtc,
					modules/audio_coding/codecs/g711/include,
					modules/audio_coding/codecs/g722/include,
					modules/audio_coding/codecs/ilbc/interface,
					modules/audio_coding/codecs/isac/main/interface,
					modules/audio_coding/codecs/isac/fix/interface,
					modules/audio_coding/codecs/pcm16b/include,
					modules/audio_coding/main/interface,
					modules/interface,
					modules/audio_coding/neteq/interface,
					../third_party/opus/src/celt,
					../third_party/opus/src/src,
					../third_party/opus/src/include,
					modules/audio_conference_mixer/interface,
					modules/audio_device/include,
					modules/media_file/interface,
					modules/remote_bitrate_estimator/include,
					modules/audio_coding/neteq/test,
					modules/audio_coding/neteq4/tools,
					modules/audio_coding/neteq4/interface,
					modules/audio_coding/neteq4/test,
					system_wrappers/interface,
					../third_party/libyuv/include,
					../third_party/libyuv,
				);
				IPHONEOS_DEPLOYMENT_TARGET = 6.0;
				OTHER_CFLAGS = "-fstack-protector-all";
				OTHER_LDFLAGS = (
					"-framework",
					AVFoundation,
					"-framework",
					CoreMedia,
					"-framework",
					CoreVideo,
					"-framework",
					UIKit,
					"-framework",
					OpenGLES,
					"-framework",
					QuartzCore,
					"-framework",
					UIKit,
					"-Wl,-search_paths_first",
				);
				PRODUCT_NAME = webrtc_all;
				USE_HEADERMAP = NO;
				WARNING_CFLAGS = (
					"-Wall",
					"-Wendif-labels",
					"-Wextra",
					"-Wno-unused-parameter",
					"-Wno-missing-field-initializers",
					"-Wheader-hygiene",
					"-Wno-c++11-narrowing",
					"-Wno-char-subscripts",
					"-Wno-unneeded-internal-declaration",
					"-Wno-covered-switch-default",
					"-Wstring-conversion",
					"-Wno-deprecated-register",
					"-Wno-absolute-value",
					"-Wno-unknown-warning-option",
				);
			};
			name = Debug;
		};
		EC75BB9D51A32CA72656968D /* Profile */ = {
			isa = XCBuildConfiguration;
			buildSettings = {
				COPY_PHASE_STRIP = NO;
				PRODUCT_NAME = All;
				STRIP_INSTALLED_PRODUCT = NO;
			};
			name = Profile;
		};
		EEA5C95D1C52086391A03168 /* Debug */ = {
			isa = XCBuildConfiguration;
			buildSettings = {
				ALWAYS_SEARCH_USER_PATHS = NO;
				CLANG_CXX_LANGUAGE_STANDARD = "gnu++0x";
				CLANG_LINK_OBJC_RUNTIME = NO;
				CLANG_WARN_OBJC_MISSING_PROPERTY_SYNTHESIS = YES;
				COPY_PHASE_STRIP = NO;
				EXECUTABLE_PREFIX = lib;
				GCC_CW_ASM_SYNTAX = NO;
				GCC_C_LANGUAGE_STANDARD = c99;
				GCC_ENABLE_CPP_EXCEPTIONS = NO;
				GCC_ENABLE_CPP_RTTI = NO;
				GCC_ENABLE_PASCAL_STRINGS = NO;
				GCC_INLINES_ARE_PRIVATE_EXTERN = YES;
				GCC_OBJC_CALL_CXX_CDTORS = YES;
				GCC_OPTIMIZATION_LEVEL = 0;
				GCC_PRECOMPILE_PREFIX_HEADER = YES;
				GCC_PREPROCESSOR_DEFINITIONS = (
					V8_DEPRECATION_WARNINGS,
					BLINK_SCALE_FILTERS_AT_RECORD_TIME,
					DISABLE_NACL,
					CHROMIUM_BUILD,
					"USE_LIBJPEG_TURBO=1",
					ENABLE_CONFIGURATION_POLICY,
					DISCARDABLE_MEMORY_ALWAYS_SUPPORTED_NATIVELY,
					SYSTEM_NATIVELY_SIGNALS_MEMORY_PRESSURE,
					"ENABLE_EGLIMAGE=1",
					"CLD_VERSION=1",
					"ENABLE_SPELLCHECK=1",
					"DISABLE_FTP_SUPPORT=1",
					WEBRTC_MODULE_UTILITY_VIDEO,
					WEBRTC_ARCH_ARM,
					WEBRTC_ARCH_ARM_V7,
					WEBRTC_ARCH_ARM_NEON,
					WEBRTC_POSIX,
					WEBRTC_MAC,
					WEBRTC_IOS,
					__STDC_CONSTANT_MACROS,
					__STDC_FORMAT_MACROS,
					"DYNAMIC_ANNOTATIONS_ENABLED=1",
					"WTF_USE_DYNAMIC_ANNOTATIONS=1",
				);
				GCC_SYMBOLS_PRIVATE_EXTERN = YES;
				GCC_THREADSAFE_STATICS = NO;
				GCC_TREAT_WARNINGS_AS_ERRORS = YES;
				GCC_VERSION = com.apple.compilers.llvm.clang.1_0;
				GCC_WARN_ABOUT_MISSING_NEWLINE = YES;
				HEADER_SEARCH_PATHS = (
					..,
					..,
				);
				IPHONEOS_DEPLOYMENT_TARGET = 6.0;
				OTHER_CFLAGS = "-fstack-protector-all";
				OTHER_LDFLAGS = (
					"-framework",
					AVFoundation,
					"-framework",
					CoreMedia,
					"-framework",
					CoreVideo,
					"-framework",
					UIKit,
					"-framework",
					OpenGLES,
					"-framework",
					QuartzCore,
					"-framework",
					UIKit,
				);
				PRODUCT_NAME = webrtc;
				USE_HEADERMAP = NO;
				VALID_ARCHS = "armv7 armv7s";
				WARNING_CFLAGS = (
					"-Wall",
					"-Wendif-labels",
					"-Wextra",
					"-Wno-unused-parameter",
					"-Wno-missing-field-initializers",
					"-Wheader-hygiene",
					"-Wno-c++11-narrowing",
					"-Wno-char-subscripts",
					"-Wno-unneeded-internal-declaration",
					"-Wno-covered-switch-default",
					"-Wstring-conversion",
					"-Wno-deprecated-register",
					"-Wno-absolute-value",
					"-Wno-unknown-warning-option",
				);
			};
			name = Debug;
		};
		FE3E226FA5F298F2DDA9F0D4 /* Debug */ = {
			isa = XCBuildConfiguration;
			buildSettings = {
				COPY_PHASE_STRIP = NO;
				PRODUCT_NAME = All;
				STRIP_INSTALLED_PRODUCT = NO;
			};
			name = Debug;
		};
/* End XCBuildConfiguration section */

/* Begin XCConfigurationList section */
		3E97DB56982ECE1F2E03575A /* Build configuration list for PBXNativeTarget "webrtc" */ = {
			isa = XCConfigurationList;
			buildConfigurations = (
				EEA5C95D1C52086391A03168 /* Debug */,
				18D60EB35148473F38E30CDA /* Profile */,
				0D102760AECC20E4E8465716 /* Release */,
			);
			defaultConfigurationIsVisible = 1;
			defaultConfigurationName = Debug;
		};
		411FC81281F7D567A723B581 /* Build configuration list for PBXAggregateTarget "All" */ = {
			isa = XCConfigurationList;
			buildConfigurations = (
				FE3E226FA5F298F2DDA9F0D4 /* Debug */,
				EC75BB9D51A32CA72656968D /* Profile */,
				890AC7B0B4F647A8A39DF4C4 /* Release */,
			);
			defaultConfigurationIsVisible = 1;
			defaultConfigurationName = Debug;
		};
		6753F9FC0B4CE31CFEB50EB9 /* Build configuration list for PBXProject "webrtc_ios" */ = {
			isa = XCConfigurationList;
			buildConfigurations = (
				121BAC2D65535B6715800D78 /* Debug */,
				54C78411BE3B25FAFCAE89D6 /* Profile */,
				1039F089ED2DAF5123FF5B18 /* Release */,
			);
			defaultConfigurationIsVisible = 1;
			defaultConfigurationName = Debug;
		};
		F0AC3C8A74C5FBE90858C427 /* Build configuration list for PBXAggregateTarget "webrtc_all" */ = {
			isa = XCConfigurationList;
			buildConfigurations = (
				DB63C54827F77132F8E4A5DB /* Debug */,
				38579FE056D52B5E781C35FA /* Profile */,
				44871755ABB219AC4DF34704 /* Release */,
			);
			defaultConfigurationIsVisible = 1;
			defaultConfigurationName = Debug;
		};
/* End XCConfigurationList section */
	};
	rootObject = 0C53B5B135FB7C49914A56B4 /* Project object */;
}
