// !$*UTF8*$!
{
	archiveVersion = 1;
	classes = {
	};
	objectVersion = 46;
	objects = {

/* Begin PBXAggregateTarget section */
		8F5C1330FDA6327FC786125D /* All */ = {
			isa = PBXAggregateTarget;
			buildConfigurationList = 8EC9C5B4F8FA0266A56AE0A0 /* Build configuration list for PBXAggregateTarget "All" */;
			buildPhases = (
			);
			dependencies = (
				90E7F879D41EC41EE6B5DF23 /* PBXTargetDependency */,
			);
			name = All;
			productName = All;
		};
/* End PBXAggregateTarget section */

/* Begin PBXBuildFile section */
		0E880903208FF7537288ED5E /* default_temporal_layers.cc in Sources */ = {isa = PBXBuildFile; fileRef = 7CA7CF9E9B9D7571FF1F7A39 /* default_temporal_layers.cc */; };
		0F71B13243B3D1AE4E9F942E /* vp8_impl.cc in Sources */ = {isa = PBXBuildFile; fileRef = 6078975F6C4D84CE7DA8BA0F /* vp8_impl.cc */; };
		526542C4EEF957EAE283B771 /* vp8_factory.cc in Sources */ = {isa = PBXBuildFile; fileRef = 79DA84C703602C4DD23FBB3B /* vp8_factory.cc */; };
		ACD0A27BA62CA6F36C649E93 /* realtime_temporal_layers.cc in Sources */ = {isa = PBXBuildFile; fileRef = 4825C675BF13B716BDD12073 /* realtime_temporal_layers.cc */; };
		B17F722394D46E36853CF9C0 /* reference_picture_selection.cc in Sources */ = {isa = PBXBuildFile; fileRef = 0E66B7C91BD01B0FDD9CECAA /* reference_picture_selection.cc */; };
/* End PBXBuildFile section */

/* Begin PBXContainerItemProxy section */
		C8E918753C2DDC26A9523589 /* PBXContainerItemProxy */ = {
			isa = PBXContainerItemProxy;
			containerPortal = 92E42C4138D79CA125D36ECA /* Project object */;
			proxyType = 1;
			remoteGlobalIDString = 8574C931F99AA24A5EFF48C0;
			remoteInfo = webrtc_vp8;
		};
/* End PBXContainerItemProxy section */

/* Begin PBXFileReference section */
		0E66B7C91BD01B0FDD9CECAA /* reference_picture_selection.cc */ = {isa = PBXFileReference; lastKnownFileType = sourcecode.cpp.cpp; path = reference_picture_selection.cc; sourceTree = "<group>"; };
		155C7F6E63A87F2D8561BF55 /* release.gypi */ = {isa = PBXFileReference; explicitFileType = sourcecode; name = release.gypi; path = ../../../../../build/release.gypi; sourceTree = "<group>"; };
		1D9E31B13A6D77E8965C093B /* common.gypi */ = {isa = PBXFileReference; explicitFileType = sourcecode; name = common.gypi; path = ../../../../build/common.gypi; sourceTree = "<group>"; };
		2B9995F509E322693C3E9BC8 /* default_temporal_layers.h */ = {isa = PBXFileReference; lastKnownFileType = sourcecode.c.h; path = default_temporal_layers.h; sourceTree = "<group>"; };
		419653351388736FA0930EFD /* vp8.h */ = {isa = PBXFileReference; lastKnownFileType = sourcecode.c.h; path = vp8.h; sourceTree = "<group>"; };
		4244D6BBDEAD70BD5289807F /* vp8_common_types.h */ = {isa = PBXFileReference; lastKnownFileType = sourcecode.c.h; path = vp8_common_types.h; sourceTree = "<group>"; };
		4697BC22A8B4059EE957505A /* release_impl.gypi */ = {isa = PBXFileReference; explicitFileType = sourcecode; name = release_impl.gypi; path = ../../../../../build/internal/release_impl.gypi; sourceTree = "<group>"; };
		4825C675BF13B716BDD12073 /* realtime_temporal_layers.cc */ = {isa = PBXFileReference; lastKnownFileType = sourcecode.cpp.cpp; path = realtime_temporal_layers.cc; sourceTree = "<group>"; };
		4A048341DAF5F5EBC89F3FAA /* release_defaults.gypi */ = {isa = PBXFileReference; explicitFileType = sourcecode; name = release_defaults.gypi; path = ../../../../../build/internal/release_defaults.gypi; sourceTree = "<group>"; };
		543433A01956E16E5F0C3A02 /* filename_rules.gypi */ = {isa = PBXFileReference; explicitFileType = sourcecode; name = filename_rules.gypi; path = ../../../../../build/filename_rules.gypi; sourceTree = "<group>"; };
		6078975F6C4D84CE7DA8BA0F /* vp8_impl.cc */ = {isa = PBXFileReference; lastKnownFileType = sourcecode.cpp.cpp; path = vp8_impl.cc; sourceTree = "<group>"; };
		79DA84C703602C4DD23FBB3B /* vp8_factory.cc */ = {isa = PBXFileReference; lastKnownFileType = sourcecode.cpp.cpp; path = vp8_factory.cc; sourceTree = "<group>"; };
		7A5474FD45EBA59AE1D8C6B5 /* reference_picture_selection.h */ = {isa = PBXFileReference; lastKnownFileType = sourcecode.c.h; path = reference_picture_selection.h; sourceTree = "<group>"; };
		7CA7CF9E9B9D7571FF1F7A39 /* default_temporal_layers.cc */ = {isa = PBXFileReference; lastKnownFileType = sourcecode.cpp.cpp; path = default_temporal_layers.cc; sourceTree = "<group>"; };
		9B2AFE48B3D5505B23FD2CA5 /* libwebrtc_vp8.a */ = {isa = PBXFileReference; explicitFileType = archive.ar; includeInIndex = 0; path = libwebrtc_vp8.a; sourceTree = BUILT_PRODUCTS_DIR; };
		9DF51A0548E43D9750F71AC1 /* vp8.gyp */ = {isa = PBXFileReference; explicitFileType = sourcecode; path = vp8.gyp; sourceTree = "<group>"; };
		AB63AD522E1B320A598151E7 /* supplement.gypi */ = {isa = PBXFileReference; explicitFileType = sourcecode; name = supplement.gypi; path = ../../../../supplement.gypi; sourceTree = "<group>"; };
		BBBCA2435C98038960036761 /* temporal_layers.h */ = {isa = PBXFileReference; lastKnownFileType = sourcecode.c.h; path = temporal_layers.h; sourceTree = "<group>"; };
		BD5B02BA7CD80BC480A45C13 /* Default-568h@2x.png */ = {isa = PBXFileReference; lastKnownFileType = image.png; path = "Default-568h@2x.png"; sourceTree = "<group>"; };
		C368CEC1C671BF3A20F318E4 /* unittest-Info.plist */ = {isa = PBXFileReference; lastKnownFileType = text.plist.xml; path = "unittest-Info.plist"; sourceTree = "<group>"; };
		D478B9295B87BF9D62B302CF /* release_impl_official.gypi */ = {isa = PBXFileReference; explicitFileType = sourcecode; name = release_impl_official.gypi; path = ../../../../../build/internal/release_impl_official.gypi; sourceTree = "<group>"; };
		E055EAEE80439F5B6E91347B /* vp8_sequence_coder.cc */ = {isa = PBXFileReference; lastKnownFileType = sourcecode.cpp.cpp; path = vp8_sequence_coder.cc; sourceTree = "<group>"; };
		FCD18EEDA0151BFDCAA55EB6 /* common.gypi */ = {isa = PBXFileReference; explicitFileType = sourcecode; name = common.gypi; path = ../../../../../build/common.gypi; sourceTree = "<group>"; };
/* End PBXFileReference section */

/* Begin PBXFrameworksBuildPhase section */
		3F41CCEF2F94816A9588DFC2 /* Frameworks */ = {
			isa = PBXFrameworksBuildPhase;
			buildActionMask = 2147483647;
			files = (
			);
			runOnlyForDeploymentPostprocessing = 0;
		};
/* End PBXFrameworksBuildPhase section */

/* Begin PBXGroup section */
		2F4BD053172A1F217FF809BD /* Build */ = {
			isa = PBXGroup;
			children = (
				FCD18EEDA0151BFDCAA55EB6 /* common.gypi */,
				1D9E31B13A6D77E8965C093B /* common.gypi */,
				543433A01956E16E5F0C3A02 /* filename_rules.gypi */,
				155C7F6E63A87F2D8561BF55 /* release.gypi */,
				4A048341DAF5F5EBC89F3FAA /* release_defaults.gypi */,
				4697BC22A8B4059EE957505A /* release_impl.gypi */,
				D478B9295B87BF9D62B302CF /* release_impl_official.gypi */,
				AB63AD522E1B320A598151E7 /* supplement.gypi */,
				9DF51A0548E43D9750F71AC1 /* vp8.gyp */,
			);
			name = Build;
			sourceTree = "<group>";
		};
		3CE30E89299BD98C4A74A85E /* Source */ = {
			isa = PBXGroup;
			children = (
				7FBB6B5A9564ED65EF46A4C9 /* ../../../../../testing/gtest_ios */,
				611FFEE594CFE11C1E3D599D /* include */,
				7CA7CF9E9B9D7571FF1F7A39 /* default_temporal_layers.cc */,
				2B9995F509E322693C3E9BC8 /* default_temporal_layers.h */,
				4825C675BF13B716BDD12073 /* realtime_temporal_layers.cc */,
				0E66B7C91BD01B0FDD9CECAA /* reference_picture_selection.cc */,
				7A5474FD45EBA59AE1D8C6B5 /* reference_picture_selection.h */,
				BBBCA2435C98038960036761 /* temporal_layers.h */,
				79DA84C703602C4DD23FBB3B /* vp8_factory.cc */,
				6078975F6C4D84CE7DA8BA0F /* vp8_impl.cc */,
				E055EAEE80439F5B6E91347B /* vp8_sequence_coder.cc */,
			);
			name = Source;
			sourceTree = "<group>";
		};
		611FFEE594CFE11C1E3D599D /* include */ = {
			isa = PBXGroup;
			children = (
				419653351388736FA0930EFD /* vp8.h */,
				4244D6BBDEAD70BD5289807F /* vp8_common_types.h */,
			);
			path = include;
			sourceTree = "<group>";
		};
		72762C7AAF9556B5522D16C5 /* Products */ = {
			isa = PBXGroup;
			children = (
				9B2AFE48B3D5505B23FD2CA5 /* libwebrtc_vp8.a */,
			);
			name = Products;
			sourceTree = "<group>";
		};
		7FBB6B5A9564ED65EF46A4C9 /* ../../../../../testing/gtest_ios */ = {
			isa = PBXGroup;
			children = (
				BD5B02BA7CD80BC480A45C13 /* Default-568h@2x.png */,
				C368CEC1C671BF3A20F318E4 /* unittest-Info.plist */,
			);
			path = ../../../../../testing/gtest_ios;
			sourceTree = "<group>";
		};
		958975CFC39F17A3B98EEF1E = {
			isa = PBXGroup;
			children = (
				3CE30E89299BD98C4A74A85E /* Source */,
				72762C7AAF9556B5522D16C5 /* Products */,
				2F4BD053172A1F217FF809BD /* Build */,
			);
			sourceTree = "<group>";
		};
/* End PBXGroup section */

/* Begin PBXNativeTarget section */
		8574C931F99AA24A5EFF48C0 /* webrtc_vp8 */ = {
			isa = PBXNativeTarget;
			buildConfigurationList = 4DDA8A2874A2E604EC1A7645 /* Build configuration list for PBXNativeTarget "webrtc_vp8" */;
			buildPhases = (
				B4730002DF0E02DA82CE892E /* Sources */,
				3F41CCEF2F94816A9588DFC2 /* Frameworks */,
			);
			buildRules = (
			);
			dependencies = (
			);
			name = webrtc_vp8;
			productName = webrtc_vp8;
			productReference = 9B2AFE48B3D5505B23FD2CA5 /* libwebrtc_vp8.a */;
			productType = "com.apple.product-type.library.static";
		};
/* End PBXNativeTarget section */

/* Begin PBXProject section */
		92E42C4138D79CA125D36ECA /* Project object */ = {
			isa = PBXProject;
			attributes = {
				BuildIndependentTargetsInParallel = YES;
				LastUpgradeCheck = 0510;
			};
			buildConfigurationList = B1DB23C410D9D4D350402762 /* Build configuration list for PBXProject "vp8_ios" */;
			compatibilityVersion = "Xcode 3.2";
			developmentRegion = English;
			hasScannedForEncodings = 1;
			knownRegions = (
				en,
			);
			mainGroup = 958975CFC39F17A3B98EEF1E;
			projectDirPath = "";
			projectRoot = "";
			targets = (
				8F5C1330FDA6327FC786125D /* All */,
				8574C931F99AA24A5EFF48C0 /* webrtc_vp8 */,
			);
		};
/* End PBXProject section */

/* Begin PBXSourcesBuildPhase section */
		B4730002DF0E02DA82CE892E /* Sources */ = {
			isa = PBXSourcesBuildPhase;
			buildActionMask = 2147483647;
			files = (
				B17F722394D46E36853CF9C0 /* reference_picture_selection.cc in Sources */,
				526542C4EEF957EAE283B771 /* vp8_factory.cc in Sources */,
				0F71B13243B3D1AE4E9F942E /* vp8_impl.cc in Sources */,
				0E880903208FF7537288ED5E /* default_temporal_layers.cc in Sources */,
				ACD0A27BA62CA6F36C649E93 /* realtime_temporal_layers.cc in Sources */,
			);
			runOnlyForDeploymentPostprocessing = 0;
		};
/* End PBXSourcesBuildPhase section */

/* Begin PBXTargetDependency section */
		90E7F879D41EC41EE6B5DF23 /* PBXTargetDependency */ = {
			isa = PBXTargetDependency;
			target = 8574C931F99AA24A5EFF48C0 /* webrtc_vp8 */;
			targetProxy = C8E918753C2DDC26A9523589 /* PBXContainerItemProxy */;
		};
/* End PBXTargetDependency section */

/* Begin XCBuildConfiguration section */
		6DBE9FCBA06C6AA00DC4AA96 /* Profile */ = {
			isa = XCBuildConfiguration;
			buildSettings = {
				INTERMEDIATE_DIR = "$(PROJECT_DERIVED_FILE_DIR)/$(CONFIGURATION)";
				SDKROOT = iphoneos;
				SHARED_INTERMEDIATE_DIR = "$(SYMROOT)/DerivedSources/$(CONFIGURATION)";
				SKIP_INSTALL = YES;
				SYMROOT = ../../../../../xcodebuild;
				TARGETED_DEVICE_FAMILY = "1,2";
			};
			name = Profile;
		};
		836B8C14EB873BF743E5DB9F /* Debug */ = {
			isa = XCBuildConfiguration;
			buildSettings = {
				PRODUCT_NAME = All;
			};
			name = Debug;
		};
		921C1B1E0EA0BC3F78E21A95 /* Profile */ = {
			isa = XCBuildConfiguration;
			buildSettings = {
				PRODUCT_NAME = All;
			};
			name = Profile;
		};
		96D98EE3DF2A3462493B6F41 /* Release */ = {
			isa = XCBuildConfiguration;
			buildSettings = {
				INTERMEDIATE_DIR = "$(PROJECT_DERIVED_FILE_DIR)/$(CONFIGURATION)";
				SDKROOT = iphoneos;
				SHARED_INTERMEDIATE_DIR = "$(SYMROOT)/DerivedSources/$(CONFIGURATION)";
				SKIP_INSTALL = YES;
				SYMROOT = ../../../../../xcodebuild;
				TARGETED_DEVICE_FAMILY = "1,2";
			};
			name = Release;
		};
		A0A22E52DE3C5943E297D40A /* Profile */ = {
			isa = XCBuildConfiguration;
			buildSettings = {
				ALWAYS_SEARCH_USER_PATHS = NO;
				CLANG_CXX_LANGUAGE_STANDARD = "gnu++0x";
				CLANG_LINK_OBJC_RUNTIME = NO;
				CLANG_WARN_OBJC_MISSING_PROPERTY_SYNTHESIS = YES;
				COPY_PHASE_STRIP = NO;
				DEAD_CODE_STRIPPING = YES;
				EXECUTABLE_PREFIX = lib;
				GCC_CW_ASM_SYNTAX = NO;
				GCC_C_LANGUAGE_STANDARD = c99;
				GCC_ENABLE_CPP_EXCEPTIONS = NO;
				GCC_ENABLE_CPP_RTTI = NO;
				GCC_ENABLE_PASCAL_STRINGS = NO;
				GCC_INLINES_ARE_PRIVATE_EXTERN = YES;
				GCC_OBJC_CALL_CXX_CDTORS = YES;
				GCC_OPTIMIZATION_LEVEL = s;
				GCC_PRECOMPILE_PREFIX_HEADER = YES;
				GCC_PREPROCESSOR_DEFINITIONS = (
					V8_DEPRECATION_WARNINGS,
					BLINK_SCALE_FILTERS_AT_RECORD_TIME,
					DISABLE_NACL,
					CHROMIUM_BUILD,
					"USE_LIBJPEG_TURBO=1",
					ENABLE_CONFIGURATION_POLICY,
					DISCARDABLE_MEMORY_ALWAYS_SUPPORTED_NATIVELY,
					SYSTEM_NATIVELY_SIGNALS_MEMORY_PRESSURE,
					"ENABLE_EGLIMAGE=1",
					"CLD_VERSION=1",
					"ENABLE_SPELLCHECK=1",
					"DISABLE_FTP_SUPPORT=1",
					WEBRTC_RESTRICT_LOGGING,
					WEBRTC_MODULE_UTILITY_VIDEO,
					WEBRTC_ARCH_ARM,
					WEBRTC_ARCH_ARM_V7,
					WEBRTC_ARCH_ARM_NEON,
					WEBRTC_POSIX,
					WEBRTC_MAC,
					WEBRTC_IOS,
					__STDC_CONSTANT_MACROS,
					__STDC_FORMAT_MACROS,
					NDEBUG,
					NVALGRIND,
					"DYNAMIC_ANNOTATIONS_ENABLED=0",
					"NS_BLOCK_ASSERTIONS=1",
					"_FORTIFY_SOURCE=2",
				);
				GCC_SYMBOLS_PRIVATE_EXTERN = YES;
				GCC_THREADSAFE_STATICS = NO;
				GCC_TREAT_WARNINGS_AS_ERRORS = YES;
				GCC_VERSION = com.apple.compilers.llvm.clang.1_0;
				GCC_WARN_ABOUT_MISSING_NEWLINE = YES;
				HEADER_SEARCH_PATHS = (
					../../../../..,
					../../../../..,
					../../../../common_video/interface,
					../../../../common_video/libyuv/include,
					../../../../system_wrappers/interface,
					../../../../../third_party/libvpx/source/libvpx,
				);
				IPHONEOS_DEPLOYMENT_TARGET = 6.0;
				OTHER_CFLAGS = "";
				PRODUCT_NAME = webrtc_vp8;
				USE_HEADERMAP = NO;
				VALID_ARCHS = "armv7 armv7s";
				WARNING_CFLAGS = (
					"-Wall",
					"-Wendif-labels",
					"-Wextra",
					"-Wno-unused-parameter",
					"-Wno-missing-field-initializers",
					"-Wheader-hygiene",
					"-Wno-c++11-narrowing",
					"-Wno-char-subscripts",
					"-Wno-unneeded-internal-declaration",
					"-Wno-covered-switch-default",
					"-Wstring-conversion",
					"-Wno-deprecated-register",
					"-Wno-absolute-value",
					"-Wno-unknown-warning-option",
				);
			};
			name = Profile;
		};
		AA6619EE1766AD343469EEA0 /* Debug */ = {
			isa = XCBuildConfiguration;
			buildSettings = {
				ALWAYS_SEARCH_USER_PATHS = NO;
				CLANG_CXX_LANGUAGE_STANDARD = "gnu++0x";
				CLANG_LINK_OBJC_RUNTIME = NO;
				CLANG_WARN_OBJC_MISSING_PROPERTY_SYNTHESIS = YES;
				COPY_PHASE_STRIP = NO;
				EXECUTABLE_PREFIX = lib;
				GCC_CW_ASM_SYNTAX = NO;
				GCC_C_LANGUAGE_STANDARD = c99;
				GCC_ENABLE_CPP_EXCEPTIONS = NO;
				GCC_ENABLE_CPP_RTTI = NO;
				GCC_ENABLE_PASCAL_STRINGS = NO;
				GCC_INLINES_ARE_PRIVATE_EXTERN = YES;
				GCC_OBJC_CALL_CXX_CDTORS = YES;
				GCC_OPTIMIZATION_LEVEL = 0;
				GCC_PRECOMPILE_PREFIX_HEADER = YES;
				GCC_PREPROCESSOR_DEFINITIONS = (
					V8_DEPRECATION_WARNINGS,
					BLINK_SCALE_FILTERS_AT_RECORD_TIME,
					DISABLE_NACL,
					CHROMIUM_BUILD,
					"USE_LIBJPEG_TURBO=1",
					ENABLE_CONFIGURATION_POLICY,
					DISCARDABLE_MEMORY_ALWAYS_SUPPORTED_NATIVELY,
					SYSTEM_NATIVELY_SIGNALS_MEMORY_PRESSURE,
					"ENABLE_EGLIMAGE=1",
					"CLD_VERSION=1",
					"ENABLE_SPELLCHECK=1",
					"DISABLE_FTP_SUPPORT=1",
					WEBRTC_RESTRICT_LOGGING,
					WEBRTC_MODULE_UTILITY_VIDEO,
					WEBRTC_ARCH_ARM,
					WEBRTC_ARCH_ARM_V7,
					WEBRTC_ARCH_ARM_NEON,
					WEBRTC_POSIX,
					WEBRTC_MAC,
					WEBRTC_IOS,
					__STDC_CONSTANT_MACROS,
					__STDC_FORMAT_MACROS,
					"DYNAMIC_ANNOTATIONS_ENABLED=1",
					"WTF_USE_DYNAMIC_ANNOTATIONS=1",
				);
				GCC_SYMBOLS_PRIVATE_EXTERN = YES;
				GCC_THREADSAFE_STATICS = NO;
				GCC_TREAT_WARNINGS_AS_ERRORS = YES;
				GCC_VERSION = com.apple.compilers.llvm.clang.1_0;
				GCC_WARN_ABOUT_MISSING_NEWLINE = YES;
				HEADER_SEARCH_PATHS = (
					../../../../..,
					../../../../..,
					../../../../common_video/interface,
					../../../../common_video/libyuv/include,
					../../../../system_wrappers/interface,
					../../../../../third_party/libvpx/source/libvpx,
				);
				IPHONEOS_DEPLOYMENT_TARGET = 6.0;
				OTHER_CFLAGS = "-fstack-protector-all";
				PRODUCT_NAME = webrtc_vp8;
				USE_HEADERMAP = NO;
				VALID_ARCHS = "armv7 armv7s";
				WARNING_CFLAGS = (
					"-Wall",
					"-Wendif-labels",
					"-Wextra",
					"-Wno-unused-parameter",
					"-Wno-missing-field-initializers",
					"-Wheader-hygiene",
					"-Wno-c++11-narrowing",
					"-Wno-char-subscripts",
					"-Wno-unneeded-internal-declaration",
					"-Wno-covered-switch-default",
					"-Wstring-conversion",
					"-Wno-deprecated-register",
					"-Wno-absolute-value",
					"-Wno-unknown-warning-option",
				);
			};
			name = Debug;
		};
		C0882059EA2E602BB8F799C6 /* Release */ = {
			isa = XCBuildConfiguration;
			buildSettings = {
				PRODUCT_NAME = All;
			};
			name = Release;
		};
		C208CCEFDE480F4EBA7458C3 /* Debug */ = {
			isa = XCBuildConfiguration;
			buildSettings = {
				INTERMEDIATE_DIR = "$(PROJECT_DERIVED_FILE_DIR)/$(CONFIGURATION)";
				SDKROOT = iphoneos;
				SHARED_INTERMEDIATE_DIR = "$(SYMROOT)/DerivedSources/$(CONFIGURATION)";
				SKIP_INSTALL = YES;
				SYMROOT = ../../../../../xcodebuild;
				TARGETED_DEVICE_FAMILY = "1,2";
			};
			name = Debug;
		};
		F6948E875AAE953504AA880B /* Release */ = {
			isa = XCBuildConfiguration;
			buildSettings = {
				ALWAYS_SEARCH_USER_PATHS = NO;
				CLANG_CXX_LANGUAGE_STANDARD = "gnu++0x";
				CLANG_LINK_OBJC_RUNTIME = NO;
				CLANG_WARN_OBJC_MISSING_PROPERTY_SYNTHESIS = YES;
				COPY_PHASE_STRIP = NO;
				DEAD_CODE_STRIPPING = YES;
				EXECUTABLE_PREFIX = lib;
				GCC_CW_ASM_SYNTAX = NO;
				GCC_C_LANGUAGE_STANDARD = c99;
				GCC_ENABLE_CPP_EXCEPTIONS = NO;
				GCC_ENABLE_CPP_RTTI = NO;
				GCC_ENABLE_PASCAL_STRINGS = NO;
				GCC_INLINES_ARE_PRIVATE_EXTERN = YES;
				GCC_OBJC_CALL_CXX_CDTORS = YES;
				GCC_OPTIMIZATION_LEVEL = s;
				GCC_PRECOMPILE_PREFIX_HEADER = YES;
				GCC_PREPROCESSOR_DEFINITIONS = (
					V8_DEPRECATION_WARNINGS,
					BLINK_SCALE_FILTERS_AT_RECORD_TIME,
					DISABLE_NACL,
					CHROMIUM_BUILD,
					"USE_LIBJPEG_TURBO=1",
					ENABLE_CONFIGURATION_POLICY,
					DISCARDABLE_MEMORY_ALWAYS_SUPPORTED_NATIVELY,
					SYSTEM_NATIVELY_SIGNALS_MEMORY_PRESSURE,
					"ENABLE_EGLIMAGE=1",
					"CLD_VERSION=1",
					"ENABLE_SPELLCHECK=1",
					"DISABLE_FTP_SUPPORT=1",
					WEBRTC_RESTRICT_LOGGING,
					WEBRTC_MODULE_UTILITY_VIDEO,
					WEBRTC_ARCH_ARM,
					WEBRTC_ARCH_ARM_V7,
					WEBRTC_ARCH_ARM_NEON,
					WEBRTC_POSIX,
					WEBRTC_MAC,
					WEBRTC_IOS,
					__STDC_CONSTANT_MACROS,
					__STDC_FORMAT_MACROS,
					NDEBUG,
					NVALGRIND,
					"DYNAMIC_ANNOTATIONS_ENABLED=0",
					"NS_BLOCK_ASSERTIONS=1",
					"_FORTIFY_SOURCE=2",
				);
				GCC_SYMBOLS_PRIVATE_EXTERN = YES;
				GCC_THREADSAFE_STATICS = NO;
				GCC_TREAT_WARNINGS_AS_ERRORS = YES;
				GCC_VERSION = com.apple.compilers.llvm.clang.1_0;
				GCC_WARN_ABOUT_MISSING_NEWLINE = YES;
				HEADER_SEARCH_PATHS = (
					../../../../..,
					../../../../..,
					../../../../common_video/interface,
					../../../../common_video/libyuv/include,
					../../../../system_wrappers/interface,
					../../../../../third_party/libvpx/source/libvpx,
				);
				IPHONEOS_DEPLOYMENT_TARGET = 6.0;
				OTHER_CFLAGS = "";
				PRODUCT_NAME = webrtc_vp8;
				USE_HEADERMAP = NO;
				VALID_ARCHS = "armv7 armv7s";
				WARNING_CFLAGS = (
					"-Wall",
					"-Wendif-labels",
					"-Wextra",
					"-Wno-unused-parameter",
					"-Wno-missing-field-initializers",
					"-Wheader-hygiene",
					"-Wno-c++11-narrowing",
					"-Wno-char-subscripts",
					"-Wno-unneeded-internal-declaration",
					"-Wno-covered-switch-default",
					"-Wstring-conversion",
					"-Wno-deprecated-register",
					"-Wno-absolute-value",
					"-Wno-unknown-warning-option",
				);
			};
			name = Release;
		};
/* End XCBuildConfiguration section */

/* Begin XCConfigurationList section */
		4DDA8A2874A2E604EC1A7645 /* Build configuration list for PBXNativeTarget "webrtc_vp8" */ = {
			isa = XCConfigurationList;
			buildConfigurations = (
				AA6619EE1766AD343469EEA0 /* Debug */,
				A0A22E52DE3C5943E297D40A /* Profile */,
				F6948E875AAE953504AA880B /* Release */,
			);
			defaultConfigurationIsVisible = 1;
			defaultConfigurationName = Debug;
		};
		8EC9C5B4F8FA0266A56AE0A0 /* Build configuration list for PBXAggregateTarget "All" */ = {
			isa = XCConfigurationList;
			buildConfigurations = (
				836B8C14EB873BF743E5DB9F /* Debug */,
				921C1B1E0EA0BC3F78E21A95 /* Profile */,
				C0882059EA2E602BB8F799C6 /* Release */,
			);
			defaultConfigurationIsVisible = 1;
			defaultConfigurationName = Debug;
		};
		B1DB23C410D9D4D350402762 /* Build configuration list for PBXProject "vp8_ios" */ = {
			isa = XCConfigurationList;
			buildConfigurations = (
				C208CCEFDE480F4EBA7458C3 /* Debug */,
				6DBE9FCBA06C6AA00DC4AA96 /* Profile */,
				96D98EE3DF2A3462493B6F41 /* Release */,
			);
			defaultConfigurationIsVisible = 1;
			defaultConfigurationName = Debug;
		};
/* End XCConfigurationList section */
	};
	rootObject = 92E42C4138D79CA125D36ECA /* Project object */;
}
