// !$*UTF8*$!
{
	archiveVersion = 1;
	classes = {
	};
	objectVersion = 46;
	objects = {

/* Begin PBXAggregateTarget section */
		D95ADB02FE982347C7965145 /* All */ = {
			isa = PBXAggregateTarget;
			buildConfigurationList = F0E02F47130C9ABE67D4044A /* Build configuration list for PBXAggregateTarget "All" */;
			buildPhases = (
			);
			dependencies = (
				E2E6FE4E1A685D72009F0587 /* PBXTargetDependency */,
				E2E6FE501A685D72009F0587 /* PBXTargetDependency */,
				E2E6FE521A685D72009F0587 /* PBXTargetDependency */,
				E25D62221A685BAA00621B72 /* PBXTargetDependency */,
			);
			name = All;
			productName = All;
		};
/* End PBXAggregateTarget section */

/* Begin PBXContainerItemProxy section */
		E25D61F61A685A3800621B72 /* PBXContainerItemProxy */ = {
			isa = PBXContainerItemProxy;
			containerPortal = C551A430E660D107410A99D7 /* webrtc_ios.xcodeproj */;
			proxyType = 2;
			remoteGlobalIDString = D9F32959024A3DE38441E273;
			remoteInfo = webrtc;
		};
		E25D62211A685BAA00621B72 /* PBXContainerItemProxy */ = {
			isa = PBXContainerItemProxy;
			containerPortal = C551A430E660D107410A99D7 /* webrtc_ios.xcodeproj */;
			proxyType = 1;
			remoteGlobalIDString = 307C243DFDDBFD9EF8440480;
			remoteInfo = All;
		};
		E2E6FD5E1A685D5E009F0587 /* PBXContainerItemProxy */ = {
			isa = PBXContainerItemProxy;
			containerPortal = E2C119391A681B4C00E00B1D /* libvpx_ios.xcodeproj */;
			proxyType = 2;
			remoteGlobalIDString = 98E87CAEFCF9A906003B5768;
			remoteInfo = libvpx;
		};
		E2E6FD631A685D5E009F0587 /* PBXContainerItemProxy */ = {
			isa = PBXContainerItemProxy;
			containerPortal = E2C1194B1A681B7400E00B1D /* opus_ios.xcodeproj */;
			proxyType = 2;
			remoteGlobalIDString = 60561485D25DA098AD994844;
			remoteInfo = opus;
		};
		E2E6FD651A685D5E009F0587 /* PBXContainerItemProxy */ = {
			isa = PBXContainerItemProxy;
			containerPortal = E2C1194B1A681B7400E00B1D /* opus_ios.xcodeproj */;
			proxyType = 2;
			remoteGlobalIDString = 9DFE75782EC17D9FEBE674B8;
			remoteInfo = opus_demo;
		};
		E2E6FDF31A685D5E009F0587 /* PBXContainerItemProxy */ = {
			isa = PBXContainerItemProxy;
			containerPortal = E2C119411A681B6100E00B1D /* libyuv_ios.xcodeproj */;
			proxyType = 2;
			remoteGlobalIDString = 568E3016DD2F308A82671925;
			remoteInfo = libyuv;
		};
		E2E6FDF51A685D5E009F0587 /* PBXContainerItemProxy */ = {
			isa = PBXContainerItemProxy;
			containerPortal = E2C119411A681B6100E00B1D /* libyuv_ios.xcodeproj */;
			proxyType = 2;
			remoteGlobalIDString = 94274D863A645939B9ED45B7;
			remoteInfo = libyuv_neon;
		};
		E2E6FE4D1A685D72009F0587 /* PBXContainerItemProxy */ = {
			isa = PBXContainerItemProxy;
			containerPortal = E2C119391A681B4C00E00B1D /* libvpx_ios.xcodeproj */;
			proxyType = 1;
			remoteGlobalIDString = 4C4087667062357B0DBB9779;
			remoteInfo = libvpx;
		};
		E2E6FE4F1A685D72009F0587 /* PBXContainerItemProxy */ = {
			isa = PBXContainerItemProxy;
			containerPortal = E2C119411A681B6100E00B1D /* libyuv_ios.xcodeproj */;
			proxyType = 1;
			remoteGlobalIDString = E9C6D9B46956383542EC65F6;
			remoteInfo = All;
		};
		E2E6FE511A685D72009F0587 /* PBXContainerItemProxy */ = {
			isa = PBXContainerItemProxy;
			containerPortal = E2C1194B1A681B7400E00B1D /* opus_ios.xcodeproj */;
			proxyType = 1;
			remoteGlobalIDString = 87FEE7BA56569457CC835153;
			remoteInfo = opus;
		};
/* End PBXContainerItemProxy section */

/* Begin PBXFileReference section */
		12097FD4013457C1F00DE74E /* release_defaults.gypi */ = {isa = PBXFileReference; explicitFileType = sourcecode; name = release_defaults.gypi; path = build/internal/release_defaults.gypi; sourceTree = "<group>"; };
		2727A6C55A8DFD018037554A /* supplement.gypi */ = {isa = PBXFileReference; explicitFileType = sourcecode; name = supplement.gypi; path = webrtc/supplement.gypi; sourceTree = "<group>"; };
		2AE07737C85E702D08C522B3 /* all.gyp */ = {isa = PBXFileReference; explicitFileType = sourcecode; path = all.gyp; sourceTree = "<group>"; };
		3B850B1FC84B381DE28921FE /* release.gypi */ = {isa = PBXFileReference; explicitFileType = sourcecode; name = release.gypi; path = build/release.gypi; sourceTree = "<group>"; };
		7FCBB7170AD5206714B882D0 /* release_impl_official.gypi */ = {isa = PBXFileReference; explicitFileType = sourcecode; name = release_impl_official.gypi; path = build/internal/release_impl_official.gypi; sourceTree = "<group>"; };
		8CAC934BC054C13325FF43AD /* filename_rules.gypi */ = {isa = PBXFileReference; explicitFileType = sourcecode; name = filename_rules.gypi; path = build/filename_rules.gypi; sourceTree = "<group>"; };
		9625D5160309C0FA01B40D1E /* common.gypi */ = {isa = PBXFileReference; explicitFileType = sourcecode; name = common.gypi; path = build/common.gypi; sourceTree = "<group>"; };
		A61AEB7049C01D3244AE0921 /* release_impl.gypi */ = {isa = PBXFileReference; explicitFileType = sourcecode; name = release_impl.gypi; path = build/internal/release_impl.gypi; sourceTree = "<group>"; };
		C551A430E660D107410A99D7 /* webrtc_ios.xcodeproj */ = {isa = PBXFileReference; lastKnownFileType = "wrapper.pb-project"; name = webrtc_ios.xcodeproj; path = webrtc/webrtc_ios.xcodeproj; sourceTree = SOURCE_ROOT; };
		CAFAC3949D94574FF60A38E4 /* set_clang_warning_flags.gypi */ = {isa = PBXFileReference; explicitFileType = sourcecode; name = set_clang_warning_flags.gypi; path = build/set_clang_warning_flags.gypi; sourceTree = "<group>"; };
		E2C119391A681B4C00E00B1D /* libvpx_ios.xcodeproj */ = {isa = PBXFileReference; lastKnownFileType = "wrapper.pb-project"; name = libvpx_ios.xcodeproj; path = third_party/libvpx/libvpx_ios.xcodeproj; sourceTree = "<group>"; };
		E2C119411A681B6100E00B1D /* libyuv_ios.xcodeproj */ = {isa = PBXFileReference; lastKnownFileType = "wrapper.pb-project"; name = libyuv_ios.xcodeproj; path = third_party/libyuv/libyuv_ios.xcodeproj; sourceTree = "<group>"; };
		E2C1194B1A681B7400E00B1D /* opus_ios.xcodeproj */ = {isa = PBXFileReference; lastKnownFileType = "wrapper.pb-project"; name = opus_ios.xcodeproj; path = third_party/opus/opus_ios.xcodeproj; sourceTree = "<group>"; };
/* End PBXFileReference section */

/* Begin PBXGroup section */
		47C28DFC24EFC898C83D7D7B /* Projects */ = {
			isa = PBXGroup;
			children = (
				C551A430E660D107410A99D7 /* webrtc_ios.xcodeproj */,
				E2C119391A681B4C00E00B1D /* libvpx_ios.xcodeproj */,
				E2C119411A681B6100E00B1D /* libyuv_ios.xcodeproj */,
				E2C1194B1A681B7400E00B1D /* opus_ios.xcodeproj */,
			);
			name = Projects;
			sourceTree = "<group>";
		};
		88ACB7EAB46F9029FA9BEFDD = {
			isa = PBXGroup;
			children = (
				47C28DFC24EFC898C83D7D7B /* Projects */,
				EC3E32D55633E6E401CA4253 /* Build */,
			);
			sourceTree = "<group>";
		};
		E25D61EC1A685A3800621B72 /* Products */ = {
			isa = PBXGroup;
			children = (
				E25D61F71A685A3800621B72 /* libwebrtc.a */,
			);
			name = Products;
			sourceTree = "<group>";
		};
		E2E6FD581A685D5E009F0587 /* Products */ = {
			isa = PBXGroup;
			children = (
				E2E6FD641A685D5E009F0587 /* libopus.a */,
				E2E6FD661A685D5E009F0587 /* opus_demo */,
			);
			name = Products;
			sourceTree = "<group>";
		};
		E2E6FD5A1A685D5E009F0587 /* Products */ = {
			isa = PBXGroup;
			children = (
				E2E6FD5F1A685D5E009F0587 /* libvpx.a */,
			);
			name = Products;
			sourceTree = "<group>";
		};
		E2E6FD6B1A685D5E009F0587 /* Products */ = {
			isa = PBXGroup;
			children = (
				E2E6FDF41A685D5E009F0587 /* libyuv.a */,
				E2E6FDF61A685D5E009F0587 /* libyuv_neon.a */,
			);
			name = Products;
			sourceTree = "<group>";
		};
		EC3E32D55633E6E401CA4253 /* Build */ = {
			isa = PBXGroup;
			children = (
				2AE07737C85E702D08C522B3 /* all.gyp */,
				9625D5160309C0FA01B40D1E /* common.gypi */,
				8CAC934BC054C13325FF43AD /* filename_rules.gypi */,
				3B850B1FC84B381DE28921FE /* release.gypi */,
				12097FD4013457C1F00DE74E /* release_defaults.gypi */,
				A61AEB7049C01D3244AE0921 /* release_impl.gypi */,
				7FCBB7170AD5206714B882D0 /* release_impl_official.gypi */,
				CAFAC3949D94574FF60A38E4 /* set_clang_warning_flags.gypi */,
				2727A6C55A8DFD018037554A /* supplement.gypi */,
			);
			name = Build;
			sourceTree = "<group>";
		};
/* End PBXGroup section */

/* Begin PBXProject section */
		07F667ABBAC8347BCE0D653A /* Project object */ = {
			isa = PBXProject;
			attributes = {
				BuildIndependentTargetsInParallel = YES;
			};
			buildConfigurationList = 5953671EE5E9D932BEFB7B03 /* Build configuration list for PBXProject "all_ios" */;
			compatibilityVersion = "Xcode 3.2";
			developmentRegion = English;
			hasScannedForEncodings = 1;
			knownRegions = (
				en,
			);
			mainGroup = 88ACB7EAB46F9029FA9BEFDD;
			projectDirPath = "";
			projectReferences = (
				{
					ProductGroup = E2E6FD5A1A685D5E009F0587 /* Products */;
					ProjectRef = E2C119391A681B4C00E00B1D /* libvpx_ios.xcodeproj */;
				},
				{
					ProductGroup = E2E6FD6B1A685D5E009F0587 /* Products */;
					ProjectRef = E2C119411A681B6100E00B1D /* libyuv_ios.xcodeproj */;
				},
				{
					ProductGroup = E2E6FD581A685D5E009F0587 /* Products */;
					ProjectRef = E2C1194B1A681B7400E00B1D /* opus_ios.xcodeproj */;
				},
				{
					ProductGroup = E25D61EC1A685A3800621B72 /* Products */;
					ProjectRef = C551A430E660D107410A99D7 /* webrtc_ios.xcodeproj */;
				},
			);
			projectRoot = "";
			targets = (
				D95ADB02FE982347C7965145 /* All */,
			);
		};
/* End PBXProject section */

/* Begin PBXReferenceProxy section */
		E25D61F71A685A3800621B72 /* libwebrtc.a */ = {
			isa = PBXReferenceProxy;
			fileType = archive.ar;
			path = libwebrtc.a;
			remoteRef = E25D61F61A685A3800621B72 /* PBXContainerItemProxy */;
			sourceTree = BUILT_PRODUCTS_DIR;
		};
		E2E6FD5F1A685D5E009F0587 /* libvpx.a */ = {
			isa = PBXReferenceProxy;
			fileType = archive.ar;
			path = libvpx.a;
			remoteRef = E2E6FD5E1A685D5E009F0587 /* PBXContainerItemProxy */;
			sourceTree = BUILT_PRODUCTS_DIR;
		};
		E2E6FD641A685D5E009F0587 /* libopus.a */ = {
			isa = PBXReferenceProxy;
			fileType = archive.ar;
			path = libopus.a;
			remoteRef = E2E6FD631A685D5E009F0587 /* PBXContainerItemProxy */;
			sourceTree = BUILT_PRODUCTS_DIR;
		};
		E2E6FD661A685D5E009F0587 /* opus_demo */ = {
			isa = PBXReferenceProxy;
			fileType = "compiled.mach-o.executable";
			path = opus_demo;
			remoteRef = E2E6FD651A685D5E009F0587 /* PBXContainerItemProxy */;
			sourceTree = BUILT_PRODUCTS_DIR;
		};
		E2E6FDF41A685D5E009F0587 /* libyuv.a */ = {
			isa = PBXReferenceProxy;
			fileType = archive.ar;
			path = libyuv.a;
			remoteRef = E2E6FDF31A685D5E009F0587 /* PBXContainerItemProxy */;
			sourceTree = BUILT_PRODUCTS_DIR;
		};
		E2E6FDF61A685D5E009F0587 /* libyuv_neon.a */ = {
			isa = PBXReferenceProxy;
			fileType = archive.ar;
			path = libyuv_neon.a;
			remoteRef = E2E6FDF51A685D5E009F0587 /* PBXContainerItemProxy */;
			sourceTree = BUILT_PRODUCTS_DIR;
		};
/* End PBXReferenceProxy section */

/* Begin PBXTargetDependency section */
		E25D62221A685BAA00621B72 /* PBXTargetDependency */ = {
			isa = PBXTargetDependency;
			name = All;
			targetProxy = E25D62211A685BAA00621B72 /* PBXContainerItemProxy */;
		};
		E2E6FE4E1A685D72009F0587 /* PBXTargetDependency */ = {
			isa = PBXTargetDependency;
			name = libvpx;
			targetProxy = E2E6FE4D1A685D72009F0587 /* PBXContainerItemProxy */;
		};
		E2E6FE501A685D72009F0587 /* PBXTargetDependency */ = {
			isa = PBXTargetDependency;
			name = All;
			targetProxy = E2E6FE4F1A685D72009F0587 /* PBXContainerItemProxy */;
		};
		E2E6FE521A685D72009F0587 /* PBXTargetDependency */ = {
			isa = PBXTargetDependency;
			name = opus;
			targetProxy = E2E6FE511A685D72009F0587 /* PBXContainerItemProxy */;
		};
/* End PBXTargetDependency section */

/* Begin XCBuildConfiguration section */
		03AB57986CBE917EE524BBF2 /* Profile */ = {
			isa = XCBuildConfiguration;
			buildSettings = {
				ALWAYS_SEARCH_USER_PATHS = NO;
				ARCHS = "$(ARCHS_STANDARD_INCLUDING_64_BIT)";
				CLANG_CXX_LANGUAGE_STANDARD = "c++11";
				CLANG_CXX_LIBRARY = "libc++";
				CLANG_LINK_OBJC_RUNTIME = NO;
				CLANG_WARN_OBJC_MISSING_PROPERTY_SYNTHESIS = NO;
				COPY_PHASE_STRIP = NO;
				DEAD_CODE_STRIPPING = YES;
				GCC_CW_ASM_SYNTAX = NO;
				GCC_C_LANGUAGE_STANDARD = c99;
				GCC_ENABLE_CPP_EXCEPTIONS = NO;
				GCC_ENABLE_CPP_RTTI = NO;
				GCC_ENABLE_PASCAL_STRINGS = NO;
				GCC_INLINES_ARE_PRIVATE_EXTERN = YES;
				GCC_OBJC_CALL_CXX_CDTORS = YES;
				GCC_OPTIMIZATION_LEVEL = s;
				GCC_PRECOMPILE_PREFIX_HEADER = YES;
				GCC_PREPROCESSOR_DEFINITIONS = (
					V8_DEPRECATION_WARNINGS,
					DISABLE_NACL,
					CHROMIUM_BUILD,
					"USE_LIBJPEG_TURBO=1",
					ENABLE_CONFIGURATION_POLICY,
					DISCARDABLE_MEMORY_ALWAYS_SUPPORTED_NATIVELY,
					SYSTEM_NATIVELY_SIGNALS_MEMORY_PRESSURE,
					DONT_EMBED_BUILD_METADATA,
					"CLD_VERSION=2",
					"DISABLE_FTP_SUPPORT=1",
					WEBRTC_MAC,
					WEBRTC_IOS,
					WEBRTC_POSIX,
					"USE_LIBPCI=1",
					NDEBUG,
					NVALGRIND,
					"DYNAMIC_ANNOTATIONS_ENABLED=0",
					"NS_BLOCK_ASSERTIONS=1",
				);
				GCC_SYMBOLS_PRIVATE_EXTERN = YES;
				GCC_THREADSAFE_STATICS = NO;
				GCC_TREAT_WARNINGS_AS_ERRORS = NO;
				GCC_VERSION = com.apple.compilers.llvm.clang.1_0;
				GCC_WARN_ABOUT_MISSING_NEWLINE = YES;
				HEADER_SEARCH_PATHS = (
					"$(SHARED_INTERMEDIATE_DIR)",
					.,
				);
				IPHONEOS_DEPLOYMENT_TARGET = 7.0;
				OTHER_CFLAGS = "-Wno-shorten-64-to-32";
				OTHER_LDFLAGS = (
					"-framework",
					AVFoundation,
					"-framework",
					CoreMedia,
					"-framework",
					CoreVideo,
					"-framework",
					UIKit,
					"-framework",
					OpenGLES,
					"-framework",
					QuartzCore,
					"-framework",
					UIKit,
					"-Wl,-search_paths_first",
				);
				PRODUCT_NAME = All;
				RUN_CLANG_STATIC_ANALYZER = NO;
				USE_HEADERMAP = NO;
				WARNING_CFLAGS = (
					"-Wendif-labels",
					"-Wno-unused-parameter",
					"-Wno-missing-field-initializers",
					"-Wno-selector-type-mismatch",
					"-Wno-unknown-warning-option",
					"-Wheader-hygiene",
					"-Wno-char-subscripts",
					"-Wno-unneeded-internal-declaration",
					"-Wno-covered-switch-default",
					"-Wstring-conversion",
					"-Wno-c++11-narrowing",
					"-Wno-deprecated-register",
					"-Wno-inconsistent-missing-override",
				);
				WARNING_CFLAGS_excluded = "-Wall -Wextra";
			};
			name = Profile;
		};
		229D6A07D2DDAD475989C29A /* Debug */ = {
			isa = XCBuildConfiguration;
			buildSettings = {
				ALWAYS_SEARCH_USER_PATHS = NO;
				ARCHS = "$(ARCHS_STANDARD_INCLUDING_64_BIT)";
				CLANG_CXX_LANGUAGE_STANDARD = "c++11";
				CLANG_CXX_LIBRARY = "libc++";
				CLANG_LINK_OBJC_RUNTIME = NO;
				CLANG_WARN_OBJC_MISSING_PROPERTY_SYNTHESIS = NO;
				COPY_PHASE_STRIP = NO;
				GCC_CW_ASM_SYNTAX = NO;
				GCC_C_LANGUAGE_STANDARD = c99;
				GCC_ENABLE_CPP_EXCEPTIONS = NO;
				GCC_ENABLE_CPP_RTTI = NO;
				GCC_ENABLE_PASCAL_STRINGS = NO;
				GCC_INLINES_ARE_PRIVATE_EXTERN = YES;
				GCC_OBJC_CALL_CXX_CDTORS = YES;
				GCC_OPTIMIZATION_LEVEL = 0;
				GCC_PRECOMPILE_PREFIX_HEADER = YES;
				GCC_PREPROCESSOR_DEFINITIONS = (
					V8_DEPRECATION_WARNINGS,
					DISABLE_NACL,
					CHROMIUM_BUILD,
					"USE_LIBJPEG_TURBO=1",
					ENABLE_CONFIGURATION_POLICY,
					DISCARDABLE_MEMORY_ALWAYS_SUPPORTED_NATIVELY,
					SYSTEM_NATIVELY_SIGNALS_MEMORY_PRESSURE,
					DONT_EMBED_BUILD_METADATA,
					"CLD_VERSION=2",
					"DISABLE_FTP_SUPPORT=1",
					WEBRTC_MAC,
					WEBRTC_IOS,
					WEBRTC_POSIX,
					"USE_LIBPCI=1",
					"DYNAMIC_ANNOTATIONS_ENABLED=1",
					"WTF_USE_DYNAMIC_ANNOTATIONS=1",
				);
				GCC_SYMBOLS_PRIVATE_EXTERN = YES;
				GCC_THREADSAFE_STATICS = NO;
				GCC_TREAT_WARNINGS_AS_ERRORS = NO;
				GCC_VERSION = com.apple.compilers.llvm.clang.1_0;
				GCC_WARN_ABOUT_MISSING_NEWLINE = YES;
				HEADER_SEARCH_PATHS = (
					"$(SHARED_INTERMEDIATE_DIR)",
					.,
				);
				IPHONEOS_DEPLOYMENT_TARGET = 7.0;
				OTHER_CFLAGS = (
					"-Wno-shorten-64-to-32",
					"-fstack-protector-all",
					"-Wno-undefined-bool-conversion",
					"-Wno-tautological-undefined-compare",
				);
				OTHER_LDFLAGS = (
					"-framework",
					AVFoundation,
					"-framework",
					CoreMedia,
					"-framework",
					CoreVideo,
					"-framework",
					UIKit,
					"-framework",
					OpenGLES,
					"-framework",
					QuartzCore,
					"-framework",
					UIKit,
					"-Wl,-search_paths_first",
				);
				PRODUCT_NAME = All;
				RUN_CLANG_STATIC_ANALYZER = NO;
				USE_HEADERMAP = NO;
				WARNING_CFLAGS = (
					"-Wendif-labels",
					"-Wno-unused-parameter",
					"-Wno-missing-field-initializers",
					"-Wno-selector-type-mismatch",
					"-Wno-unknown-warning-option",
					"-Wheader-hygiene",
					"-Wno-char-subscripts",
					"-Wno-unneeded-internal-declaration",
					"-Wno-covered-switch-default",
					"-Wstring-conversion",
					"-Wno-c++11-narrowing",
					"-Wno-deprecated-register",
					"-Wno-inconsistent-missing-override",
				);
				WARNING_CFLAGS_excluded = "-Wall -Wextra";
			};
			name = Debug;
		};
		47305E3C9C5C93CCA81183D5 /* Release */ = {
			isa = XCBuildConfiguration;
			buildSettings = {
				ALWAYS_SEARCH_USER_PATHS = NO;
				ARCHS = "$(ARCHS_STANDARD_INCLUDING_64_BIT)";
				CLANG_CXX_LANGUAGE_STANDARD = "c++11";
				CLANG_CXX_LIBRARY = "libc++";
				CLANG_LINK_OBJC_RUNTIME = NO;
				CLANG_WARN_OBJC_MISSING_PROPERTY_SYNTHESIS = NO;
				COPY_PHASE_STRIP = NO;
				DEAD_CODE_STRIPPING = YES;
				GCC_CW_ASM_SYNTAX = NO;
				GCC_C_LANGUAGE_STANDARD = c99;
				GCC_ENABLE_CPP_EXCEPTIONS = NO;
				GCC_ENABLE_CPP_RTTI = NO;
				GCC_ENABLE_PASCAL_STRINGS = NO;
				GCC_INLINES_ARE_PRIVATE_EXTERN = YES;
				GCC_OBJC_CALL_CXX_CDTORS = YES;
				GCC_OPTIMIZATION_LEVEL = s;
				GCC_PRECOMPILE_PREFIX_HEADER = YES;
				GCC_PREPROCESSOR_DEFINITIONS = (
					V8_DEPRECATION_WARNINGS,
					DISABLE_NACL,
					CHROMIUM_BUILD,
					"USE_LIBJPEG_TURBO=1",
					ENABLE_CONFIGURATION_POLICY,
					DISCARDABLE_MEMORY_ALWAYS_SUPPORTED_NATIVELY,
					SYSTEM_NATIVELY_SIGNALS_MEMORY_PRESSURE,
					DONT_EMBED_BUILD_METADATA,
					"CLD_VERSION=2",
					"DISABLE_FTP_SUPPORT=1",
					WEBRTC_MAC,
					WEBRTC_IOS,
					WEBRTC_POSIX,
					"USE_LIBPCI=1",
					NDEBUG,
					NVALGRIND,
					"DYNAMIC_ANNOTATIONS_ENABLED=0",
					"NS_BLOCK_ASSERTIONS=1",
				);
				GCC_SYMBOLS_PRIVATE_EXTERN = YES;
				GCC_THREADSAFE_STATICS = NO;
				GCC_TREAT_WARNINGS_AS_ERRORS = NO;
				GCC_VERSION = com.apple.compilers.llvm.clang.1_0;
				GCC_WARN_ABOUT_MISSING_NEWLINE = YES;
				HEADER_SEARCH_PATHS = (
					"$(SHARED_INTERMEDIATE_DIR)",
					.,
				);
				IPHONEOS_DEPLOYMENT_TARGET = 7.0;
				OTHER_CFLAGS = "-Wno-shorten-64-to-32";
				OTHER_LDFLAGS = (
					"-framework",
					AVFoundation,
					"-framework",
					CoreMedia,
					"-framework",
					CoreVideo,
					"-framework",
					UIKit,
					"-framework",
					OpenGLES,
					"-framework",
					QuartzCore,
					"-framework",
					UIKit,
					"-Wl,-search_paths_first",
				);
				PRODUCT_NAME = All;
				RUN_CLANG_STATIC_ANALYZER = NO;
				USE_HEADERMAP = NO;
				WARNING_CFLAGS = (
					"-Wendif-labels",
					"-Wno-unused-parameter",
					"-Wno-missing-field-initializers",
					"-Wno-selector-type-mismatch",
					"-Wno-unknown-warning-option",
					"-Wheader-hygiene",
					"-Wno-char-subscripts",
					"-Wno-unneeded-internal-declaration",
					"-Wno-covered-switch-default",
					"-Wstring-conversion",
					"-Wno-c++11-narrowing",
					"-Wno-deprecated-register",
					"-Wno-inconsistent-missing-override",
				);
				WARNING_CFLAGS_excluded = "-Wall -Wextra";
			};
			name = Release;
		};
		5CDDAADA84488E8ECB493DA7 /* Debug */ = {
			isa = XCBuildConfiguration;
			buildSettings = {
				INTERMEDIATE_DIR = "$(PROJECT_DERIVED_FILE_DIR)/$(CONFIGURATION)";
				SDKROOT = iphoneos;
				SHARED_INTERMEDIATE_DIR = "$(SYMROOT)/DerivedSources/$(CONFIGURATION)";
				SYMROOT = ./xcodebuild;
				TARGETED_DEVICE_FAMILY = "1,2";
			};
			name = Debug;
		};
		5F82C6F15EDEE594ABF4B496 /* Profile */ = {
			isa = XCBuildConfiguration;
			buildSettings = {
				INTERMEDIATE_DIR = "$(PROJECT_DERIVED_FILE_DIR)/$(CONFIGURATION)";
				SDKROOT = iphoneos;
				SHARED_INTERMEDIATE_DIR = "$(SYMROOT)/DerivedSources/$(CONFIGURATION)";
				SYMROOT = ./xcodebuild;
				TARGETED_DEVICE_FAMILY = "1,2";
			};
			name = Profile;
		};
		AB874CBD5ABF75965F606ED9 /* Release */ = {
			isa = XCBuildConfiguration;
			buildSettings = {
				INTERMEDIATE_DIR = "$(PROJECT_DERIVED_FILE_DIR)/$(CONFIGURATION)";
				SDKROOT = iphoneos;
				SHARED_INTERMEDIATE_DIR = "$(SYMROOT)/DerivedSources/$(CONFIGURATION)";
				SYMROOT = ./xcodebuild;
				TARGETED_DEVICE_FAMILY = "1,2";
			};
			name = Release;
		};
/* End XCBuildConfiguration section */

/* Begin XCConfigurationList section */
		5953671EE5E9D932BEFB7B03 /* Build configuration list for PBXProject "all_ios" */ = {
			isa = XCConfigurationList;
			buildConfigurations = (
				5CDDAADA84488E8ECB493DA7 /* Debug */,
				5F82C6F15EDEE594ABF4B496 /* Profile */,
				AB874CBD5ABF75965F606ED9 /* Release */,
			);
			defaultConfigurationIsVisible = 1;
			defaultConfigurationName = Debug;
		};
		F0E02F47130C9ABE67D4044A /* Build configuration list for PBXAggregateTarget "All" */ = {
			isa = XCConfigurationList;
			buildConfigurations = (
				229D6A07D2DDAD475989C29A /* Debug */,
				03AB57986CBE917EE524BBF2 /* Profile */,
				47305E3C9C5C93CCA81183D5 /* Release */,
			);
			defaultConfigurationIsVisible = 1;
			defaultConfigurationName = Debug;
		};
/* End XCConfigurationList section */
	};
	rootObject = 07F667ABBAC8347BCE0D653A /* Project object */;
}
